
Microsoft Visual Studio Solution File, Format Version 12.00
# Visual Studio 2013
VisualStudioVersion = 12.0.40629.0
MinimumVisualStudioVersion = 10.0.40219.1
Project("{2150E333-8FDC-42A3-9474-1A3956D46DE8}") = "deps", "deps", "{ADD17C28-8ECB-487F-9E75-AD694B5AA1DA}"
EndProject
Project("{8BC9CEB8-8B4A-11D0-8D11-00A0C91BC942}") = "expat", "deps\expat\expat.vcxproj", "{86F3F1B4-9FBE-4BA0-97DC-A92D98C44939}"
EndProject
Project("{2150E333-8FDC-42A3-9474-1A3956D46DE8}") = "libs", "libs", "{B5A4EA5B-903B-4645-8809-8CBC4975288C}"
EndProject
Project("{8BC9CEB8-8B4A-11D0-8D11-00A0C91BC942}") = "Common", "src\cc\Common\Common.vcxproj", "{13B69A20-2423-4D41-B1BF-7187BE9C7FD4}"
EndProject
Project("{8BC9CEB8-8B4A-11D0-8D11-00A0C91BC942}") = "re2", "deps\re2\re2.vcxproj", "{C66E2DB8-17A6-4305-A9F2-0E8B57630076}"
EndProject
Project("{8BC9CEB8-8B4A-11D0-8D11-00A0C91BC942}") = "SystemInfoWin", "src\cc\Common\SystemInfoWin.vcxproj", "{CFFA933A-67C3-47F9-AE08-1CC1AE42CA56}"
EndProject
Project("{8BC9CEB8-8B4A-11D0-8D11-00A0C91BC942}") = "Schema", "src\cc\Hypertable\Lib\Schema.vcxproj", "{D91E70F0-780F-42F0-87A6-E442B007F77A}"
EndProject
Global
	GlobalSection(SolutionConfigurationPlatforms) = preSolution
		Debug|Win32 = Debug|Win32
		Debug|x64 = Debug|x64
		Release|Win32 = Release|Win32
		Release|x64 = Release|x64
	EndGlobalSection
	GlobalSection(ProjectConfigurationPlatforms) = postSolution
		{86F3F1B4-9FBE-4BA0-97DC-A92D98C44939}.Debug|Win32.ActiveCfg = Debug|Win32
		{86F3F1B4-9FBE-4BA0-97DC-A92D98C44939}.Debug|Win32.Build.0 = Debug|Win32
		{86F3F1B4-9FBE-4BA0-97DC-A92D98C44939}.Debug|x64.ActiveCfg = Debug|x64
		{86F3F1B4-9FBE-4BA0-97DC-A92D98C44939}.Debug|x64.Build.0 = Debug|x64
		{86F3F1B4-9FBE-4BA0-97DC-A92D98C44939}.Release|Win32.ActiveCfg = Release|Win32
		{86F3F1B4-9FBE-4BA0-97DC-A92D98C44939}.Release|Win32.Build.0 = Release|Win32
		{86F3F1B4-9FBE-4BA0-97DC-A92D98C44939}.Release|x64.ActiveCfg = Release|x64
		{86F3F1B4-9FBE-4BA0-97DC-A92D98C44939}.Release|x64.Build.0 = Release|x64
		{13B69A20-2423-4D41-B1BF-7187BE9C7FD4}.Debug|Win32.ActiveCfg = Debug|Win32
		{13B69A20-2423-4D41-B1BF-7187BE9C7FD4}.Debug|Win32.Build.0 = Debug|Win32
		{13B69A20-2423-4D41-B1BF-7187BE9C7FD4}.Debug|x64.ActiveCfg = Debug|x64
		{13B69A20-2423-4D41-B1BF-7187BE9C7FD4}.Debug|x64.Build.0 = Debug|x64
		{13B69A20-2423-4D41-B1BF-7187BE9C7FD4}.Release|Win32.ActiveCfg = Release|Win32
		{13B69A20-2423-4D41-B1BF-7187BE9C7FD4}.Release|Win32.Build.0 = Release|Win32
		{13B69A20-2423-4D41-B1BF-7187BE9C7FD4}.Release|x64.ActiveCfg = Release|x64
		{13B69A20-2423-4D41-B1BF-7187BE9C7FD4}.Release|x64.Build.0 = Release|x64
		{C66E2DB8-17A6-4305-A9F2-0E8B57630076}.Debug|Win32.ActiveCfg = Debug|Win32
		{C66E2DB8-17A6-4305-A9F2-0E8B57630076}.Debug|Win32.Build.0 = Debug|Win32
		{C66E2DB8-17A6-4305-A9F2-0E8B57630076}.Debug|x64.ActiveCfg = Debug|x64
		{C66E2DB8-17A6-4305-A9F2-0E8B57630076}.Debug|x64.Build.0 = Debug|x64
		{C66E2DB8-17A6-4305-A9F2-0E8B57630076}.Release|Win32.ActiveCfg = Release|Win32
		{C66E2DB8-17A6-4305-A9F2-0E8B57630076}.Release|Win32.Build.0 = Release|Win32
		{C66E2DB8-17A6-4305-A9F2-0E8B57630076}.Release|x64.ActiveCfg = Release|x64
		{C66E2DB8-17A6-4305-A9F2-0E8B57630076}.Release|x64.Build.0 = Release|x64
		{CFFA933A-67C3-47F9-AE08-1CC1AE42CA56}.Debug|Win32.ActiveCfg = Debug|Win32
		{CFFA933A-67C3-47F9-AE08-1CC1AE42CA56}.Debug|Win32.Build.0 = Debug|Win32
		{CFFA933A-67C3-47F9-AE08-1CC1AE42CA56}.Debug|x64.ActiveCfg = Debug|x64
		{CFFA933A-67C3-47F9-AE08-1CC1AE42CA56}.Debug|x64.Build.0 = Debug|x64
		{CFFA933A-67C3-47F9-AE08-1CC1AE42CA56}.Release|Win32.ActiveCfg = Release|Win32
		{CFFA933A-67C3-47F9-AE08-1CC1AE42CA56}.Release|Win32.Build.0 = Release|Win32
		{CFFA933A-67C3-47F9-AE08-1CC1AE42CA56}.Release|x64.ActiveCfg = Release|x64
		{CFFA933A-67C3-47F9-AE08-1CC1AE42CA56}.Release|x64.Build.0 = Release|x64
		{D91E70F0-780F-42F0-87A6-E442B007F77A}.Debug|Win32.ActiveCfg = Debug|Win32
		{D91E70F0-780F-42F0-87A6-E442B007F77A}.Debug|Win32.Build.0 = Debug|Win32
		{D91E70F0-780F-42F0-87A6-E442B007F77A}.Debug|x64.ActiveCfg = Debug|x64
		{D91E70F0-780F-42F0-87A6-E442B007F77A}.Debug|x64.Build.0 = Debug|x64
		{D91E70F0-780F-42F0-87A6-E442B007F77A}.Release|Win32.ActiveCfg = Release|Win32
		{D91E70F0-780F-42F0-87A6-E442B007F77A}.Release|Win32.Build.0 = Release|Win32
		{D91E70F0-780F-42F0-87A6-E442B007F77A}.Release|x64.ActiveCfg = Release|x64
		{D91E70F0-780F-42F0-87A6-E442B007F77A}.Release|x64.Build.0 = Release|x64
	EndGlobalSection
	GlobalSection(SolutionProperties) = preSolution
		HideSolutionNode = FALSE
	EndGlobalSection
	GlobalSection(NestedProjects) = preSolution
		{86F3F1B4-9FBE-4BA0-97DC-A92D98C44939} = {ADD17C28-8ECB-487F-9E75-AD694B5AA1DA}
		{13B69A20-2423-4D41-B1BF-7187BE9C7FD4} = {B5A4EA5B-903B-4645-8809-8CBC4975288C}
		{C66E2DB8-17A6-4305-A9F2-0E8B57630076} = {ADD17C28-8ECB-487F-9E75-AD694B5AA1DA}
		{CFFA933A-67C3-47F9-AE08-1CC1AE42CA56} = {B5A4EA5B-903B-4645-8809-8CBC4975288C}
		{D91E70F0-780F-42F0-87A6-E442B007F77A} = {B5A4EA5B-903B-4645-8809-8CBC4975288C}
	EndGlobalSection
EndGlobal
