
Microsoft Visual Studio Solution File, Format Version 11.00
# Visual Studio 2010
Project("{2150E333-8FDC-42A3-9474-1A3956D46DE8}") = "deps", "deps", "{ADD17C28-8ECB-487F-9E75-AD694B5AA1DA}"
EndProject
Project("{8BC9CEB8-8B4A-11D0-8D11-00A0C91BC942}") = "bzip2", "deps\bzip2\bzip2.vcxproj", "{25B40B72-7745-44E3-81C5-69A2FE38761A}"
EndProject
Project("{8BC9CEB8-8B4A-11D0-8D11-00A0C91BC942}") = "expat", "deps\expat\expat.vcxproj", "{86F3F1B4-9FBE-4BA0-97DC-A92D98C44939}"
EndProject
Project("{8BC9CEB8-8B4A-11D0-8D11-00A0C91BC942}") = "log4cpp", "deps\log4cpp\log4cpp.vcxproj", "{BDABFB42-D5D1-417B-85B3-0DD2B22E8C32}"
EndProject
Project("{8BC9CEB8-8B4A-11D0-8D11-00A0C91BC942}") = "sigar", "deps\sigar\sigar.vcxproj", "{C2ACC713-E242-45B2-B703-8D3DB3860C44}"
EndProject
Project("{8BC9CEB8-8B4A-11D0-8D11-00A0C91BC942}") = "zlib", "deps\zlib\zlib.vcxproj", "{74697256-54B8-4E0E-874B-4F0CA77F996C}"
EndProject
Project("{2150E333-8FDC-42A3-9474-1A3956D46DE8}") = "libs", "libs", "{B5A4EA5B-903B-4645-8809-8CBC4975288C}"
EndProject
Project("{8BC9CEB8-8B4A-11D0-8D11-00A0C91BC942}") = "Common", "src\cc\Common\Common.vcxproj", "{13B69A20-2423-4D41-B1BF-7187BE9C7FD4}"
EndProject
Project("{8BC9CEB8-8B4A-11D0-8D11-00A0C91BC942}") = "AsyncComm", "src\cc\AsyncComm\AsyncComm.vcxproj", "{F9CDAAFC-CAD2-465C-AD44-F09FC5DE7B92}"
EndProject
Project("{8BC9CEB8-8B4A-11D0-8D11-00A0C91BC942}") = "Hyperspace", "src\cc\Hyperspace\Hyperspace.vcxproj", "{70306A4F-DF09-4B76-8621-6B931A2C360F}"
EndProject
Project("{8BC9CEB8-8B4A-11D0-8D11-00A0C91BC942}") = "Hypertools", "src\cc\Tools\Lib\Hypertools.vcxproj", "{1CCFB8A0-D317-447E-BFAB-E6B42F97365F}"
EndProject
Project("{8BC9CEB8-8B4A-11D0-8D11-00A0C91BC942}") = "RangeServer", "src\cc\Hypertable\RangeServer\RangeServer.vcxproj", "{C0147FE1-7A8D-4BB8-AA22-DEE968B5CD07}"
EndProject
Project("{8BC9CEB8-8B4A-11D0-8D11-00A0C91BC942}") = "FsBroker", "src\cc\FsBroker\Lib\FsBroker.vcxproj", "{570AC1AD-A4F5-4680-839B-F0FF2C8C2796}"
EndProject
Project("{8BC9CEB8-8B4A-11D0-8D11-00A0C91BC942}") = "Hypertable", "src\cc\Hypertable\Lib\Hypertable.vcxproj", "{0FB3EC20-0B6E-4E66-8FE2-D99E8E386BFA}"
EndProject
Project("{8BC9CEB8-8B4A-11D0-8D11-00A0C91BC942}") = "pthread", "deps\pthread\pthread.vcxproj", "{916BD2BB-80DD-40C9-B699-1F62F0A3E1AE}"
EndProject
Project("{8BC9CEB8-8B4A-11D0-8D11-00A0C91BC942}") = "thrift", "deps\thrift\thrift.vcxproj", "{F16032C9-5B45-424E-89B7-54FD704FE13C}"
EndProject
Project("{8BC9CEB8-8B4A-11D0-8D11-00A0C91BC942}") = "ThriftBroker", "src\cc\ThriftBroker\ThriftBroker.vcxproj", "{5D91E49E-11B4-4826-A5A3-8471CB89F97E}"
EndProject
Project("{8BC9CEB8-8B4A-11D0-8D11-00A0C91BC942}") = "re2", "deps\re2\re2.vcxproj", "{C66E2DB8-17A6-4305-A9F2-0E8B57630076}"
EndProject
Project("{8BC9CEB8-8B4A-11D0-8D11-00A0C91BC942}") = "Compression", "src\cc\Hypertable\Lib\Compression.vcxproj", "{A9BF580D-EF90-4E64-94CB-CC57DF1FB223}"
EndProject
Project("{8BC9CEB8-8B4A-11D0-8D11-00A0C91BC942}") = "SystemInfo", "src\cc\Common\SystemInfo.vcxproj", "{6E630C78-A05F-4CAE-9355-9DBD33A1AF5D}"
EndProject
Project("{8BC9CEB8-8B4A-11D0-8D11-00A0C91BC942}") = "SystemInfoWin", "src\cc\Common\SystemInfoWin.vcxproj", "{CFFA933A-67C3-47F9-AE08-1CC1AE42CA56}"
EndProject
Project("{8BC9CEB8-8B4A-11D0-8D11-00A0C91BC942}") = "Master", "src\cc\Hypertable\Master\Master.vcxproj", "{D007FCCD-9775-44D8-A11B-7AA28D747B05}"
EndProject
Project("{8BC9CEB8-8B4A-11D0-8D11-00A0C91BC942}") = "tcmalloc", "deps\tcmalloc\tcmalloc.vcxproj", "{55E2B3AE-3CA1-4DB6-97F7-0A044D6F446F}"
EndProject
Project("{8BC9CEB8-8B4A-11D0-8D11-00A0C91BC942}") = "hoard", "deps\hoard-38\hoard.vcxproj", "{762E7F3C-FB6A-4083-BFAE-D5D06F187645}"
EndProject
Project("{8BC9CEB8-8B4A-11D0-8D11-00A0C91BC942}") = "snappy", "deps\snappy\snappy.vcxproj", "{3C22D400-EBA3-4A1C-9B48-B1340D41595C}"
EndProject
Project("{8BC9CEB8-8B4A-11D0-8D11-00A0C91BC942}") = "jemalloc", "deps\jemalloc\jemalloc.vcxproj", "{B7B0CCB9-7126-48B4-9E67-787D34BA952A}"
EndProject
Project("{8BC9CEB8-8B4A-11D0-8D11-00A0C91BC942}") = "HyperAppHelper", "src\cc\HyperAppHelper\HyperAppHelper.vcxproj", "{AE0B66C1-49BA-4C59-8246-853CDE14C28D}"
EndProject
Project("{8BC9CEB8-8B4A-11D0-8D11-00A0C91BC942}") = "libdb", "deps\db\build_windows\VS10\libdb.vcxproj", "{FD045D60-ABAD-4A6C-9794-9BFB085FC3E7}"
EndProject
Project("{8BC9CEB8-8B4A-11D0-8D11-00A0C91BC942}") = "CommitLog", "src\cc\Hypertable\Lib\CommitLog.vcxproj", "{1D2663B1-C901-49E7-835E-DBBE6182FA39}"
EndProject
Global
	GlobalSection(SolutionConfigurationPlatforms) = preSolution
		Debug|Win32 = Debug|Win32
		Debug|x64 = Debug|x64
		Release|Win32 = Release|Win32
		Release|x64 = Release|x64
	EndGlobalSection
	GlobalSection(ProjectConfigurationPlatforms) = postSolution
		{25B40B72-7745-44E3-81C5-69A2FE38761A}.Debug|Win32.ActiveCfg = Debug|Win32
		{25B40B72-7745-44E3-81C5-69A2FE38761A}.Debug|Win32.Build.0 = Debug|Win32
		{25B40B72-7745-44E3-81C5-69A2FE38761A}.Debug|x64.ActiveCfg = Debug|x64
		{25B40B72-7745-44E3-81C5-69A2FE38761A}.Debug|x64.Build.0 = Debug|x64
		{25B40B72-7745-44E3-81C5-69A2FE38761A}.Release|Win32.ActiveCfg = Release|Win32
		{25B40B72-7745-44E3-81C5-69A2FE38761A}.Release|Win32.Build.0 = Release|Win32
		{25B40B72-7745-44E3-81C5-69A2FE38761A}.Release|x64.ActiveCfg = Release|x64
		{25B40B72-7745-44E3-81C5-69A2FE38761A}.Release|x64.Build.0 = Release|x64
		{86F3F1B4-9FBE-4BA0-97DC-A92D98C44939}.Debug|Win32.ActiveCfg = Debug|Win32
		{86F3F1B4-9FBE-4BA0-97DC-A92D98C44939}.Debug|Win32.Build.0 = Debug|Win32
		{86F3F1B4-9FBE-4BA0-97DC-A92D98C44939}.Debug|x64.ActiveCfg = Debug|x64
		{86F3F1B4-9FBE-4BA0-97DC-A92D98C44939}.Debug|x64.Build.0 = Debug|x64
		{86F3F1B4-9FBE-4BA0-97DC-A92D98C44939}.Release|Win32.ActiveCfg = Release|Win32
		{86F3F1B4-9FBE-4BA0-97DC-A92D98C44939}.Release|Win32.Build.0 = Release|Win32
		{86F3F1B4-9FBE-4BA0-97DC-A92D98C44939}.Release|x64.ActiveCfg = Release|x64
		{86F3F1B4-9FBE-4BA0-97DC-A92D98C44939}.Release|x64.Build.0 = Release|x64
		{BDABFB42-D5D1-417B-85B3-0DD2B22E8C32}.Debug|Win32.ActiveCfg = Debug|Win32
		{BDABFB42-D5D1-417B-85B3-0DD2B22E8C32}.Debug|Win32.Build.0 = Debug|Win32
		{BDABFB42-D5D1-417B-85B3-0DD2B22E8C32}.Debug|x64.ActiveCfg = Debug|x64
		{BDABFB42-D5D1-417B-85B3-0DD2B22E8C32}.Debug|x64.Build.0 = Debug|x64
		{BDABFB42-D5D1-417B-85B3-0DD2B22E8C32}.Release|Win32.ActiveCfg = Release|Win32
		{BDABFB42-D5D1-417B-85B3-0DD2B22E8C32}.Release|Win32.Build.0 = Release|Win32
		{BDABFB42-D5D1-417B-85B3-0DD2B22E8C32}.Release|x64.ActiveCfg = Release|x64
		{BDABFB42-D5D1-417B-85B3-0DD2B22E8C32}.Release|x64.Build.0 = Release|x64
		{C2ACC713-E242-45B2-B703-8D3DB3860C44}.Debug|Win32.ActiveCfg = Debug|Win32
		{C2ACC713-E242-45B2-B703-8D3DB3860C44}.Debug|Win32.Build.0 = Debug|Win32
		{C2ACC713-E242-45B2-B703-8D3DB3860C44}.Debug|x64.ActiveCfg = Debug|x64
		{C2ACC713-E242-45B2-B703-8D3DB3860C44}.Debug|x64.Build.0 = Debug|x64
		{C2ACC713-E242-45B2-B703-8D3DB3860C44}.Release|Win32.ActiveCfg = Release|Win32
		{C2ACC713-E242-45B2-B703-8D3DB3860C44}.Release|Win32.Build.0 = Release|Win32
		{C2ACC713-E242-45B2-B703-8D3DB3860C44}.Release|x64.ActiveCfg = Release|x64
		{C2ACC713-E242-45B2-B703-8D3DB3860C44}.Release|x64.Build.0 = Release|x64
		{74697256-54B8-4E0E-874B-4F0CA77F996C}.Debug|Win32.ActiveCfg = Debug|Win32
		{74697256-54B8-4E0E-874B-4F0CA77F996C}.Debug|Win32.Build.0 = Debug|Win32
		{74697256-54B8-4E0E-874B-4F0CA77F996C}.Debug|x64.ActiveCfg = Debug|x64
		{74697256-54B8-4E0E-874B-4F0CA77F996C}.Debug|x64.Build.0 = Debug|x64
		{74697256-54B8-4E0E-874B-4F0CA77F996C}.Release|Win32.ActiveCfg = Release|Win32
		{74697256-54B8-4E0E-874B-4F0CA77F996C}.Release|Win32.Build.0 = Release|Win32
		{74697256-54B8-4E0E-874B-4F0CA77F996C}.Release|x64.ActiveCfg = Release|x64
		{74697256-54B8-4E0E-874B-4F0CA77F996C}.Release|x64.Build.0 = Release|x64
		{13B69A20-2423-4D41-B1BF-7187BE9C7FD4}.Debug|Win32.ActiveCfg = Debug|Win32
		{13B69A20-2423-4D41-B1BF-7187BE9C7FD4}.Debug|Win32.Build.0 = Debug|Win32
		{13B69A20-2423-4D41-B1BF-7187BE9C7FD4}.Debug|x64.ActiveCfg = Debug|x64
		{13B69A20-2423-4D41-B1BF-7187BE9C7FD4}.Debug|x64.Build.0 = Debug|x64
		{13B69A20-2423-4D41-B1BF-7187BE9C7FD4}.Release|Win32.ActiveCfg = Release|Win32
		{13B69A20-2423-4D41-B1BF-7187BE9C7FD4}.Release|Win32.Build.0 = Release|Win32
		{13B69A20-2423-4D41-B1BF-7187BE9C7FD4}.Release|x64.ActiveCfg = Release|x64
		{13B69A20-2423-4D41-B1BF-7187BE9C7FD4}.Release|x64.Build.0 = Release|x64
		{F9CDAAFC-CAD2-465C-AD44-F09FC5DE7B92}.Debug|Win32.ActiveCfg = Debug|Win32
		{F9CDAAFC-CAD2-465C-AD44-F09FC5DE7B92}.Debug|Win32.Build.0 = Debug|Win32
		{F9CDAAFC-CAD2-465C-AD44-F09FC5DE7B92}.Debug|x64.ActiveCfg = Debug|x64
		{F9CDAAFC-CAD2-465C-AD44-F09FC5DE7B92}.Debug|x64.Build.0 = Debug|x64
		{F9CDAAFC-CAD2-465C-AD44-F09FC5DE7B92}.Release|Win32.ActiveCfg = Release|Win32
		{F9CDAAFC-CAD2-465C-AD44-F09FC5DE7B92}.Release|Win32.Build.0 = Release|Win32
		{F9CDAAFC-CAD2-465C-AD44-F09FC5DE7B92}.Release|x64.ActiveCfg = Release|x64
		{F9CDAAFC-CAD2-465C-AD44-F09FC5DE7B92}.Release|x64.Build.0 = Release|x64
		{70306A4F-DF09-4B76-8621-6B931A2C360F}.Debug|Win32.ActiveCfg = Debug|Win32
		{70306A4F-DF09-4B76-8621-6B931A2C360F}.Debug|Win32.Build.0 = Debug|Win32
		{70306A4F-DF09-4B76-8621-6B931A2C360F}.Debug|x64.ActiveCfg = Debug|x64
		{70306A4F-DF09-4B76-8621-6B931A2C360F}.Debug|x64.Build.0 = Debug|x64
		{70306A4F-DF09-4B76-8621-6B931A2C360F}.Release|Win32.ActiveCfg = Release|Win32
		{70306A4F-DF09-4B76-8621-6B931A2C360F}.Release|Win32.Build.0 = Release|Win32
		{70306A4F-DF09-4B76-8621-6B931A2C360F}.Release|x64.ActiveCfg = Release|x64
		{70306A4F-DF09-4B76-8621-6B931A2C360F}.Release|x64.Build.0 = Release|x64
		{1CCFB8A0-D317-447E-BFAB-E6B42F97365F}.Debug|Win32.ActiveCfg = Debug|Win32
		{1CCFB8A0-D317-447E-BFAB-E6B42F97365F}.Debug|Win32.Build.0 = Debug|Win32
		{1CCFB8A0-D317-447E-BFAB-E6B42F97365F}.Debug|x64.ActiveCfg = Debug|x64
		{1CCFB8A0-D317-447E-BFAB-E6B42F97365F}.Debug|x64.Build.0 = Debug|x64
		{1CCFB8A0-D317-447E-BFAB-E6B42F97365F}.Release|Win32.ActiveCfg = Release|Win32
		{1CCFB8A0-D317-447E-BFAB-E6B42F97365F}.Release|Win32.Build.0 = Release|Win32
		{1CCFB8A0-D317-447E-BFAB-E6B42F97365F}.Release|x64.ActiveCfg = Release|x64
		{1CCFB8A0-D317-447E-BFAB-E6B42F97365F}.Release|x64.Build.0 = Release|x64
		{C0147FE1-7A8D-4BB8-AA22-DEE968B5CD07}.Debug|Win32.ActiveCfg = Debug|Win32
		{C0147FE1-7A8D-4BB8-AA22-DEE968B5CD07}.Debug|Win32.Build.0 = Debug|Win32
		{C0147FE1-7A8D-4BB8-AA22-DEE968B5CD07}.Debug|x64.ActiveCfg = Debug|x64
		{C0147FE1-7A8D-4BB8-AA22-DEE968B5CD07}.Debug|x64.Build.0 = Debug|x64
		{C0147FE1-7A8D-4BB8-AA22-DEE968B5CD07}.Release|Win32.ActiveCfg = Release|Win32
		{C0147FE1-7A8D-4BB8-AA22-DEE968B5CD07}.Release|Win32.Build.0 = Release|Win32
		{C0147FE1-7A8D-4BB8-AA22-DEE968B5CD07}.Release|x64.ActiveCfg = Release|x64
		{C0147FE1-7A8D-4BB8-AA22-DEE968B5CD07}.Release|x64.Build.0 = Release|x64
		{570AC1AD-A4F5-4680-839B-F0FF2C8C2796}.Debug|Win32.ActiveCfg = Debug|Win32
		{570AC1AD-A4F5-4680-839B-F0FF2C8C2796}.Debug|Win32.Build.0 = Debug|Win32
		{570AC1AD-A4F5-4680-839B-F0FF2C8C2796}.Debug|x64.ActiveCfg = Debug|x64
		{570AC1AD-A4F5-4680-839B-F0FF2C8C2796}.Debug|x64.Build.0 = Debug|x64
		{570AC1AD-A4F5-4680-839B-F0FF2C8C2796}.Release|Win32.ActiveCfg = Release|Win32
		{570AC1AD-A4F5-4680-839B-F0FF2C8C2796}.Release|Win32.Build.0 = Release|Win32
		{570AC1AD-A4F5-4680-839B-F0FF2C8C2796}.Release|x64.ActiveCfg = Release|x64
		{570AC1AD-A4F5-4680-839B-F0FF2C8C2796}.Release|x64.Build.0 = Release|x64
		{0FB3EC20-0B6E-4E66-8FE2-D99E8E386BFA}.Debug|Win32.ActiveCfg = Debug|Win32
		{0FB3EC20-0B6E-4E66-8FE2-D99E8E386BFA}.Debug|Win32.Build.0 = Debug|Win32
		{0FB3EC20-0B6E-4E66-8FE2-D99E8E386BFA}.Debug|x64.ActiveCfg = Debug|x64
		{0FB3EC20-0B6E-4E66-8FE2-D99E8E386BFA}.Debug|x64.Build.0 = Debug|x64
		{0FB3EC20-0B6E-4E66-8FE2-D99E8E386BFA}.Release|Win32.ActiveCfg = Release|Win32
		{0FB3EC20-0B6E-4E66-8FE2-D99E8E386BFA}.Release|Win32.Build.0 = Release|Win32
		{0FB3EC20-0B6E-4E66-8FE2-D99E8E386BFA}.Release|x64.ActiveCfg = Release|x64
		{0FB3EC20-0B6E-4E66-8FE2-D99E8E386BFA}.Release|x64.Build.0 = Release|x64
		{916BD2BB-80DD-40C9-B699-1F62F0A3E1AE}.Debug|Win32.ActiveCfg = Debug|Win32
		{916BD2BB-80DD-40C9-B699-1F62F0A3E1AE}.Debug|Win32.Build.0 = Debug|Win32
		{916BD2BB-80DD-40C9-B699-1F62F0A3E1AE}.Debug|x64.ActiveCfg = Debug|x64
		{916BD2BB-80DD-40C9-B699-1F62F0A3E1AE}.Debug|x64.Build.0 = Debug|x64
		{916BD2BB-80DD-40C9-B699-1F62F0A3E1AE}.Release|Win32.ActiveCfg = Release|Win32
		{916BD2BB-80DD-40C9-B699-1F62F0A3E1AE}.Release|Win32.Build.0 = Release|Win32
		{916BD2BB-80DD-40C9-B699-1F62F0A3E1AE}.Release|x64.ActiveCfg = Release|x64
		{916BD2BB-80DD-40C9-B699-1F62F0A3E1AE}.Release|x64.Build.0 = Release|x64
		{F16032C9-5B45-424E-89B7-54FD704FE13C}.Debug|Win32.ActiveCfg = Debug|Win32
		{F16032C9-5B45-424E-89B7-54FD704FE13C}.Debug|Win32.Build.0 = Debug|Win32
		{F16032C9-5B45-424E-89B7-54FD704FE13C}.Debug|x64.ActiveCfg = Debug|x64
		{F16032C9-5B45-424E-89B7-54FD704FE13C}.Debug|x64.Build.0 = Debug|x64
		{F16032C9-5B45-424E-89B7-54FD704FE13C}.Release|Win32.ActiveCfg = Release|Win32
		{F16032C9-5B45-424E-89B7-54FD704FE13C}.Release|Win32.Build.0 = Release|Win32
		{F16032C9-5B45-424E-89B7-54FD704FE13C}.Release|x64.ActiveCfg = Release|x64
		{F16032C9-5B45-424E-89B7-54FD704FE13C}.Release|x64.Build.0 = Release|x64
		{5D91E49E-11B4-4826-A5A3-8471CB89F97E}.Debug|Win32.ActiveCfg = Debug|Win32
		{5D91E49E-11B4-4826-A5A3-8471CB89F97E}.Debug|Win32.Build.0 = Debug|Win32
		{5D91E49E-11B4-4826-A5A3-8471CB89F97E}.Debug|x64.ActiveCfg = Debug|x64
		{5D91E49E-11B4-4826-A5A3-8471CB89F97E}.Debug|x64.Build.0 = Debug|x64
		{5D91E49E-11B4-4826-A5A3-8471CB89F97E}.Release|Win32.ActiveCfg = Release|Win32
		{5D91E49E-11B4-4826-A5A3-8471CB89F97E}.Release|Win32.Build.0 = Release|Win32
		{5D91E49E-11B4-4826-A5A3-8471CB89F97E}.Release|x64.ActiveCfg = Release|x64
		{5D91E49E-11B4-4826-A5A3-8471CB89F97E}.Release|x64.Build.0 = Release|x64
		{C66E2DB8-17A6-4305-A9F2-0E8B57630076}.Debug|Win32.ActiveCfg = Debug|Win32
		{C66E2DB8-17A6-4305-A9F2-0E8B57630076}.Debug|Win32.Build.0 = Debug|Win32
		{C66E2DB8-17A6-4305-A9F2-0E8B57630076}.Debug|x64.ActiveCfg = Debug|x64
		{C66E2DB8-17A6-4305-A9F2-0E8B57630076}.Debug|x64.Build.0 = Debug|x64
		{C66E2DB8-17A6-4305-A9F2-0E8B57630076}.Release|Win32.ActiveCfg = Release|Win32
		{C66E2DB8-17A6-4305-A9F2-0E8B57630076}.Release|Win32.Build.0 = Release|Win32
		{C66E2DB8-17A6-4305-A9F2-0E8B57630076}.Release|x64.ActiveCfg = Release|x64
		{C66E2DB8-17A6-4305-A9F2-0E8B57630076}.Release|x64.Build.0 = Release|x64
		{A9BF580D-EF90-4E64-94CB-CC57DF1FB223}.Debug|Win32.ActiveCfg = Debug|Win32
		{A9BF580D-EF90-4E64-94CB-CC57DF1FB223}.Debug|Win32.Build.0 = Debug|Win32
		{A9BF580D-EF90-4E64-94CB-CC57DF1FB223}.Debug|x64.ActiveCfg = Debug|x64
		{A9BF580D-EF90-4E64-94CB-CC57DF1FB223}.Debug|x64.Build.0 = Debug|x64
		{A9BF580D-EF90-4E64-94CB-CC57DF1FB223}.Release|Win32.ActiveCfg = Release|Win32
		{A9BF580D-EF90-4E64-94CB-CC57DF1FB223}.Release|Win32.Build.0 = Release|Win32
		{A9BF580D-EF90-4E64-94CB-CC57DF1FB223}.Release|x64.ActiveCfg = Release|x64
		{A9BF580D-EF90-4E64-94CB-CC57DF1FB223}.Release|x64.Build.0 = Release|x64
		{6E630C78-A05F-4CAE-9355-9DBD33A1AF5D}.Debug|Win32.ActiveCfg = Debug|Win32
		{6E630C78-A05F-4CAE-9355-9DBD33A1AF5D}.Debug|Win32.Build.0 = Debug|Win32
		{6E630C78-A05F-4CAE-9355-9DBD33A1AF5D}.Debug|x64.ActiveCfg = Debug|x64
		{6E630C78-A05F-4CAE-9355-9DBD33A1AF5D}.Debug|x64.Build.0 = Debug|x64
		{6E630C78-A05F-4CAE-9355-9DBD33A1AF5D}.Release|Win32.ActiveCfg = Release|Win32
		{6E630C78-A05F-4CAE-9355-9DBD33A1AF5D}.Release|Win32.Build.0 = Release|Win32
		{6E630C78-A05F-4CAE-9355-9DBD33A1AF5D}.Release|x64.ActiveCfg = Release|x64
		{6E630C78-A05F-4CAE-9355-9DBD33A1AF5D}.Release|x64.Build.0 = Release|x64
		{CFFA933A-67C3-47F9-AE08-1CC1AE42CA56}.Debug|Win32.ActiveCfg = Debug|Win32
		{CFFA933A-67C3-47F9-AE08-1CC1AE42CA56}.Debug|Win32.Build.0 = Debug|Win32
		{CFFA933A-67C3-47F9-AE08-1CC1AE42CA56}.Debug|x64.ActiveCfg = Debug|x64
		{CFFA933A-67C3-47F9-AE08-1CC1AE42CA56}.Debug|x64.Build.0 = Debug|x64
		{CFFA933A-67C3-47F9-AE08-1CC1AE42CA56}.Release|Win32.ActiveCfg = Release|Win32
		{CFFA933A-67C3-47F9-AE08-1CC1AE42CA56}.Release|Win32.Build.0 = Release|Win32
		{CFFA933A-67C3-47F9-AE08-1CC1AE42CA56}.Release|x64.ActiveCfg = Release|x64
		{CFFA933A-67C3-47F9-AE08-1CC1AE42CA56}.Release|x64.Build.0 = Release|x64
		{D007FCCD-9775-44D8-A11B-7AA28D747B05}.Debug|Win32.ActiveCfg = Debug|Win32
		{D007FCCD-9775-44D8-A11B-7AA28D747B05}.Debug|Win32.Build.0 = Debug|Win32
		{D007FCCD-9775-44D8-A11B-7AA28D747B05}.Debug|x64.ActiveCfg = Debug|x64
		{D007FCCD-9775-44D8-A11B-7AA28D747B05}.Debug|x64.Build.0 = Debug|x64
		{D007FCCD-9775-44D8-A11B-7AA28D747B05}.Release|Win32.ActiveCfg = Release|Win32
		{D007FCCD-9775-44D8-A11B-7AA28D747B05}.Release|Win32.Build.0 = Release|Win32
		{D007FCCD-9775-44D8-A11B-7AA28D747B05}.Release|x64.ActiveCfg = Release|x64
		{D007FCCD-9775-44D8-A11B-7AA28D747B05}.Release|x64.Build.0 = Release|x64
		{55E2B3AE-3CA1-4DB6-97F7-0A044D6F446F}.Debug|Win32.ActiveCfg = Debug|Win32
		{55E2B3AE-3CA1-4DB6-97F7-0A044D6F446F}.Debug|Win32.Build.0 = Debug|Win32
		{55E2B3AE-3CA1-4DB6-97F7-0A044D6F446F}.Debug|x64.ActiveCfg = Debug|x64
		{55E2B3AE-3CA1-4DB6-97F7-0A044D6F446F}.Debug|x64.Build.0 = Debug|x64
		{55E2B3AE-3CA1-4DB6-97F7-0A044D6F446F}.Release|Win32.ActiveCfg = Release|Win32
		{55E2B3AE-3CA1-4DB6-97F7-0A044D6F446F}.Release|Win32.Build.0 = Release|Win32
		{55E2B3AE-3CA1-4DB6-97F7-0A044D6F446F}.Release|x64.ActiveCfg = Release|x64
		{55E2B3AE-3CA1-4DB6-97F7-0A044D6F446F}.Release|x64.Build.0 = Release|x64
		{762E7F3C-FB6A-4083-BFAE-D5D06F187645}.Debug|Win32.ActiveCfg = Debug|Win32
		{762E7F3C-FB6A-4083-BFAE-D5D06F187645}.Debug|Win32.Build.0 = Debug|Win32
		{762E7F3C-FB6A-4083-BFAE-D5D06F187645}.Debug|x64.ActiveCfg = Debug|x64
		{762E7F3C-FB6A-4083-BFAE-D5D06F187645}.Debug|x64.Build.0 = Debug|x64
		{762E7F3C-FB6A-4083-BFAE-D5D06F187645}.Release|Win32.ActiveCfg = Release|Win32
		{762E7F3C-FB6A-4083-BFAE-D5D06F187645}.Release|Win32.Build.0 = Release|Win32
		{762E7F3C-FB6A-4083-BFAE-D5D06F187645}.Release|x64.ActiveCfg = Release|x64
		{762E7F3C-FB6A-4083-BFAE-D5D06F187645}.Release|x64.Build.0 = Release|x64
		{3C22D400-EBA3-4A1C-9B48-B1340D41595C}.Debug|Win32.ActiveCfg = Debug|Win32
		{3C22D400-EBA3-4A1C-9B48-B1340D41595C}.Debug|Win32.Build.0 = Debug|Win32
		{3C22D400-EBA3-4A1C-9B48-B1340D41595C}.Debug|x64.ActiveCfg = Debug|x64
		{3C22D400-EBA3-4A1C-9B48-B1340D41595C}.Debug|x64.Build.0 = Debug|x64
		{3C22D400-EBA3-4A1C-9B48-B1340D41595C}.Release|Win32.ActiveCfg = Release|Win32
		{3C22D400-EBA3-4A1C-9B48-B1340D41595C}.Release|Win32.Build.0 = Release|Win32
		{3C22D400-EBA3-4A1C-9B48-B1340D41595C}.Release|x64.ActiveCfg = Release|x64
		{3C22D400-EBA3-4A1C-9B48-B1340D41595C}.Release|x64.Build.0 = Release|x64
		{B7B0CCB9-7126-48B4-9E67-787D34BA952A}.Debug|Win32.ActiveCfg = Debug|Win32
		{B7B0CCB9-7126-48B4-9E67-787D34BA952A}.Debug|Win32.Build.0 = Debug|Win32
		{B7B0CCB9-7126-48B4-9E67-787D34BA952A}.Debug|x64.ActiveCfg = Debug|x64
		{B7B0CCB9-7126-48B4-9E67-787D34BA952A}.Debug|x64.Build.0 = Debug|x64
		{B7B0CCB9-7126-48B4-9E67-787D34BA952A}.Release|Win32.ActiveCfg = Release|Win32
		{B7B0CCB9-7126-48B4-9E67-787D34BA952A}.Release|Win32.Build.0 = Release|Win32
		{B7B0CCB9-7126-48B4-9E67-787D34BA952A}.Release|x64.ActiveCfg = Release|x64
		{B7B0CCB9-7126-48B4-9E67-787D34BA952A}.Release|x64.Build.0 = Release|x64
		{AE0B66C1-49BA-4C59-8246-853CDE14C28D}.Debug|Win32.ActiveCfg = Debug|Win32
		{AE0B66C1-49BA-4C59-8246-853CDE14C28D}.Debug|Win32.Build.0 = Debug|Win32
		{AE0B66C1-49BA-4C59-8246-853CDE14C28D}.Debug|x64.ActiveCfg = Debug|x64
		{AE0B66C1-49BA-4C59-8246-853CDE14C28D}.Debug|x64.Build.0 = Debug|x64
		{AE0B66C1-49BA-4C59-8246-853CDE14C28D}.Release|Win32.ActiveCfg = Release|Win32
		{AE0B66C1-49BA-4C59-8246-853CDE14C28D}.Release|Win32.Build.0 = Release|Win32
		{AE0B66C1-49BA-4C59-8246-853CDE14C28D}.Release|x64.ActiveCfg = Release|x64
		{AE0B66C1-49BA-4C59-8246-853CDE14C28D}.Release|x64.Build.0 = Release|x64
		{FD045D60-ABAD-4A6C-9794-9BFB085FC3E7}.Debug|Win32.ActiveCfg = Debug|Win32
		{FD045D60-ABAD-4A6C-9794-9BFB085FC3E7}.Debug|Win32.Build.0 = Debug|Win32
		{FD045D60-ABAD-4A6C-9794-9BFB085FC3E7}.Debug|x64.ActiveCfg = Debug|x64
		{FD045D60-ABAD-4A6C-9794-9BFB085FC3E7}.Debug|x64.Build.0 = Debug|x64
		{FD045D60-ABAD-4A6C-9794-9BFB085FC3E7}.Release|Win32.ActiveCfg = Release|Win32
		{FD045D60-ABAD-4A6C-9794-9BFB085FC3E7}.Release|Win32.Build.0 = Release|Win32
		{FD045D60-ABAD-4A6C-9794-9BFB085FC3E7}.Release|x64.ActiveCfg = Release|x64
		{FD045D60-ABAD-4A6C-9794-9BFB085FC3E7}.Release|x64.Build.0 = Release|x64
		{1D2663B1-C901-49E7-835E-DBBE6182FA39}.Debug|Win32.ActiveCfg = Debug|Win32
		{1D2663B1-C901-49E7-835E-DBBE6182FA39}.Debug|Win32.Build.0 = Debug|Win32
		{1D2663B1-C901-49E7-835E-DBBE6182FA39}.Debug|x64.ActiveCfg = Debug|x64
		{1D2663B1-C901-49E7-835E-DBBE6182FA39}.Debug|x64.Build.0 = Debug|x64
		{1D2663B1-C901-49E7-835E-DBBE6182FA39}.Release|Win32.ActiveCfg = Release|Win32
		{1D2663B1-C901-49E7-835E-DBBE6182FA39}.Release|Win32.Build.0 = Release|Win32
		{1D2663B1-C901-49E7-835E-DBBE6182FA39}.Release|x64.ActiveCfg = Release|x64
		{1D2663B1-C901-49E7-835E-DBBE6182FA39}.Release|x64.Build.0 = Release|x64
	EndGlobalSection
	GlobalSection(SolutionProperties) = preSolution
		HideSolutionNode = FALSE
	EndGlobalSection
	GlobalSection(NestedProjects) = preSolution
		{25B40B72-7745-44E3-81C5-69A2FE38761A} = {ADD17C28-8ECB-487F-9E75-AD694B5AA1DA}
		{86F3F1B4-9FBE-4BA0-97DC-A92D98C44939} = {ADD17C28-8ECB-487F-9E75-AD694B5AA1DA}
		{BDABFB42-D5D1-417B-85B3-0DD2B22E8C32} = {ADD17C28-8ECB-487F-9E75-AD694B5AA1DA}
		{C2ACC713-E242-45B2-B703-8D3DB3860C44} = {ADD17C28-8ECB-487F-9E75-AD694B5AA1DA}
		{74697256-54B8-4E0E-874B-4F0CA77F996C} = {ADD17C28-8ECB-487F-9E75-AD694B5AA1DA}
		{916BD2BB-80DD-40C9-B699-1F62F0A3E1AE} = {ADD17C28-8ECB-487F-9E75-AD694B5AA1DA}
		{F16032C9-5B45-424E-89B7-54FD704FE13C} = {ADD17C28-8ECB-487F-9E75-AD694B5AA1DA}
		{C66E2DB8-17A6-4305-A9F2-0E8B57630076} = {ADD17C28-8ECB-487F-9E75-AD694B5AA1DA}
		{55E2B3AE-3CA1-4DB6-97F7-0A044D6F446F} = {ADD17C28-8ECB-487F-9E75-AD694B5AA1DA}
		{762E7F3C-FB6A-4083-BFAE-D5D06F187645} = {ADD17C28-8ECB-487F-9E75-AD694B5AA1DA}
		{3C22D400-EBA3-4A1C-9B48-B1340D41595C} = {ADD17C28-8ECB-487F-9E75-AD694B5AA1DA}
		{B7B0CCB9-7126-48B4-9E67-787D34BA952A} = {ADD17C28-8ECB-487F-9E75-AD694B5AA1DA}
		{FD045D60-ABAD-4A6C-9794-9BFB085FC3E7} = {ADD17C28-8ECB-487F-9E75-AD694B5AA1DA}
		{13B69A20-2423-4D41-B1BF-7187BE9C7FD4} = {B5A4EA5B-903B-4645-8809-8CBC4975288C}
		{F9CDAAFC-CAD2-465C-AD44-F09FC5DE7B92} = {B5A4EA5B-903B-4645-8809-8CBC4975288C}
		{70306A4F-DF09-4B76-8621-6B931A2C360F} = {B5A4EA5B-903B-4645-8809-8CBC4975288C}
		{1CCFB8A0-D317-447E-BFAB-E6B42F97365F} = {B5A4EA5B-903B-4645-8809-8CBC4975288C}
		{C0147FE1-7A8D-4BB8-AA22-DEE968B5CD07} = {B5A4EA5B-903B-4645-8809-8CBC4975288C}
		{570AC1AD-A4F5-4680-839B-F0FF2C8C2796} = {B5A4EA5B-903B-4645-8809-8CBC4975288C}
		{0FB3EC20-0B6E-4E66-8FE2-D99E8E386BFA} = {B5A4EA5B-903B-4645-8809-8CBC4975288C}
		{5D91E49E-11B4-4826-A5A3-8471CB89F97E} = {B5A4EA5B-903B-4645-8809-8CBC4975288C}
		{A9BF580D-EF90-4E64-94CB-CC57DF1FB223} = {B5A4EA5B-903B-4645-8809-8CBC4975288C}
		{6E630C78-A05F-4CAE-9355-9DBD33A1AF5D} = {B5A4EA5B-903B-4645-8809-8CBC4975288C}
		{CFFA933A-67C3-47F9-AE08-1CC1AE42CA56} = {B5A4EA5B-903B-4645-8809-8CBC4975288C}
		{D007FCCD-9775-44D8-A11B-7AA28D747B05} = {B5A4EA5B-903B-4645-8809-8CBC4975288C}
		{AE0B66C1-49BA-4C59-8246-853CDE14C28D} = {B5A4EA5B-903B-4645-8809-8CBC4975288C}
		{1D2663B1-C901-49E7-835E-DBBE6182FA39} = {B5A4EA5B-903B-4645-8809-8CBC4975288C}
	EndGlobalSection
EndGlobal
