<?xml version="1.0" encoding="utf-8"?>
<Project ToolsVersion="4.0" xmlns="http://schemas.microsoft.com/developer/msbuild/2003">
  <ItemGroup>
    <Filter Include="Source Files">
      <UniqueIdentifier>{4FC737F1-C7A5-4376-A066-2A32D752A2FF}</UniqueIdentifier>
      <Extensions>cpp;c;cc;cxx;def;odl;idl;hpj;bat;asm;asmx</Extensions>
    </Filter>
  </ItemGroup>
  <ItemGroup>
    <ClCompile Include="..\..\stdafx.cc">
      <Filter>Source Files</Filter>
    </ClCompile>
    <ClCompile Include="ConnectionHandler.cc">
      <Filter>Source Files</Filter>
    </ClCompile>
    <ClCompile Include="DispatchHandlerDropTable.cc">
      <Filter>Source Files</Filter>
    </ClCompile>
    <ClCompile Include="DispatchHandlerGetStatistics.cc">
      <Filter>Source Files</Filter>
    </ClCompile>
    <ClCompile Include="DispatchHandlerUpdateSchema.cc">
      <Filter>Source Files</Filter>
    </ClCompile>
    <ClCompile Include="EventHandlerServerJoined.cc">
      <Filter>Source Files</Filter>
    </ClCompile>
    <ClCompile Include="EventHandlerServerLeft.cc">
      <Filter>Source Files</Filter>
    </ClCompile>
    <ClCompile Include="main.cc">
      <Filter>Source Files</Filter>
    </ClCompile>
    <ClCompile Include="Master.cc">
      <Filter>Source Files</Filter>
    </ClCompile>
    <ClCompile Include="MasterGc.cc">
      <Filter>Source Files</Filter>
    </ClCompile>
    <ClCompile Include="RequestHandlerAlterTable.cc">
      <Filter>Source Files</Filter>
    </ClCompile>
    <ClCompile Include="RequestHandlerClose.cc">
      <Filter>Source Files</Filter>
    </ClCompile>
    <ClCompile Include="RequestHandlerCreateNamespace.cc">
      <Filter>Source Files</Filter>
    </ClCompile>
    <ClCompile Include="RequestHandlerCreateTable.cc">
      <Filter>Source Files</Filter>
    </ClCompile>
    <ClCompile Include="RequestHandlerDoMaintenance.cc">
      <Filter>Source Files</Filter>
    </ClCompile>
    <ClCompile Include="RequestHandlerDropNamespace.cc">
      <Filter>Source Files</Filter>
    </ClCompile>
    <ClCompile Include="RequestHandlerDropTable.cc">
      <Filter>Source Files</Filter>
    </ClCompile>
    <ClCompile Include="RequestHandlerGetSchema.cc">
      <Filter>Source Files</Filter>
    </ClCompile>
    <ClCompile Include="RequestHandlerRegisterServer.cc">
      <Filter>Source Files</Filter>
    </ClCompile>
    <ClCompile Include="RequestHandlerRenameTable.cc">
      <Filter>Source Files</Filter>
    </ClCompile>
    <ClCompile Include="RequestHandlerReportSplit.cc">
      <Filter>Source Files</Filter>
    </ClCompile>
    <ClCompile Include="RequestHandlerShutdown.cc">
      <Filter>Source Files</Filter>
    </ClCompile>
    <ClCompile Include="RequestHandlerStatus.cc">
      <Filter>Source Files</Filter>
    </ClCompile>
    <ClCompile Include="ResponseCallbackGetSchema.cc">
      <Filter>Source Files</Filter>
    </ClCompile>
    <ClCompile Include="ResponseCallbackRegisterServer.cc">
      <Filter>Source Files</Filter>
    </ClCompile>
    <ClCompile Include="ServerLockFileHandler.cc">
      <Filter>Source Files</Filter>
    </ClCompile>
    <ClCompile Include="ServersDirectoryHandler.cc">
      <Filter>Source Files</Filter>
    </ClCompile>
  </ItemGroup>
  <ItemGroup>
    <ClInclude Include="ConnectionHandler.h">
      <Filter>Source Files</Filter>
    </ClInclude>
    <ClInclude Include="DispatchHandlerDropTable.h">
      <Filter>Source Files</Filter>
    </ClInclude>
    <ClInclude Include="DispatchHandlerGetStatistics.h">
      <Filter>Source Files</Filter>
    </ClInclude>
    <ClInclude Include="DispatchHandlerUpdateSchema.h">
      <Filter>Source Files</Filter>
    </ClInclude>
    <ClInclude Include="EventHandlerServerJoined.h">
      <Filter>Source Files</Filter>
    </ClInclude>
    <ClInclude Include="EventHandlerServerLeft.h">
      <Filter>Source Files</Filter>
    </ClInclude>
    <ClInclude Include="HyperspaceSessionHandler.h">
      <Filter>Source Files</Filter>
    </ClInclude>
    <ClInclude Include="Master.h">
      <Filter>Source Files</Filter>
    </ClInclude>
    <ClInclude Include="MasterGc.h">
      <Filter>Source Files</Filter>
    </ClInclude>
    <ClInclude Include="RangeServerState.h">
      <Filter>Source Files</Filter>
    </ClInclude>
    <ClInclude Include="RequestHandlerAlterTable.h">
      <Filter>Source Files</Filter>
    </ClInclude>
    <ClInclude Include="RequestHandlerClose.h">
      <Filter>Source Files</Filter>
    </ClInclude>
    <ClInclude Include="RequestHandlerCreateNamespace.h">
      <Filter>Source Files</Filter>
    </ClInclude>
    <ClInclude Include="RequestHandlerCreateTable.h">
      <Filter>Source Files</Filter>
    </ClInclude>
    <ClInclude Include="RequestHandlerDoMaintenance.h">
      <Filter>Source Files</Filter>
    </ClInclude>
    <ClInclude Include="RequestHandlerDropNamespace.h">
      <Filter>Source Files</Filter>
    </ClInclude>
    <ClInclude Include="RequestHandlerDropTable.h">
      <Filter>Source Files</Filter>
    </ClInclude>
    <ClInclude Include="RequestHandlerGetSchema.h">
      <Filter>Source Files</Filter>
    </ClInclude>
    <ClInclude Include="RequestHandlerRegisterServer.h">
      <Filter>Source Files</Filter>
    </ClInclude>
    <ClInclude Include="RequestHandlerRenameTable.h">
      <Filter>Source Files</Filter>
    </ClInclude>
    <ClInclude Include="RequestHandlerReportSplit.h">
      <Filter>Source Files</Filter>
    </ClInclude>
    <ClInclude Include="RequestHandlerShutdown.h">
      <Filter>Source Files</Filter>
    </ClInclude>
    <ClInclude Include="RequestHandlerStatus.h">
      <Filter>Source Files</Filter>
    </ClInclude>
    <ClInclude Include="ResponseCallbackGetSchema.h">
      <Filter>Source Files</Filter>
    </ClInclude>
    <ClInclude Include="ResponseCallbackRegisterServer.h">
      <Filter>Source Files</Filter>
    </ClInclude>
    <ClInclude Include="ServerLockFileHandler.h">
      <Filter>Source Files</Filter>
    </ClInclude>
    <ClInclude Include="ServersDirectoryHandler.h">
      <Filter>Source Files</Filter>
    </ClInclude>
  </ItemGroup>
  <ItemGroup>
    <ResourceCompile Include="..\..\hypertable.rc" />
  </ItemGroup>
</Project>