<?xml version="1.0" encoding="utf-8"?>
<Project ToolsVersion="4.0" xmlns="http://schemas.microsoft.com/developer/msbuild/2003">
  <ItemGroup>
    <Filter Include="Source Files">
      <UniqueIdentifier>{4FC737F1-C7A5-4376-A066-2A32D752A2FF}</UniqueIdentifier>
      <Extensions>cpp;c;cc;cxx;def;odl;idl;hpj;bat;asm;asmx</Extensions>
    </Filter>
  </ItemGroup>
  <ItemGroup>
    <ClCompile Include="..\..\stdafx.cc">
      <Filter>Source Files</Filter>
    </ClCompile>
    <ClCompile Include="ConnectionHandler.cc">
      <Filter>Source Files</Filter>
    </ClCompile>
    <ClCompile Include="Monitoring.cc">
      <Filter>Source Files</Filter>
    </ClCompile>
    <ClCompile Include="Context.cc">
      <Filter>Source Files</Filter>
    </ClCompile>
    <ClCompile Include="DispatchHandlerOperation.cc">
      <Filter>Source Files</Filter>
    </ClCompile>
    <ClCompile Include="DispatchHandlerOperationGetStatistics.cc">
      <Filter>Source Files</Filter>
    </ClCompile>
    <ClCompile Include="GcWorker.cc">
      <Filter>Source Files</Filter>
    </ClCompile>
    <ClCompile Include="MetaLogDefinitionMaster.cc">
      <Filter>Source Files</Filter>
    </ClCompile>
    <ClCompile Include="Operation.cc">
      <Filter>Source Files</Filter>
    </ClCompile>
    <ClCompile Include="OperationAlterTable.cc">
      <Filter>Source Files</Filter>
    </ClCompile>
    <ClCompile Include="OperationCollectGarbage.cc">
      <Filter>Source Files</Filter>
    </ClCompile>
    <ClCompile Include="OperationCreateNamespace.cc">
      <Filter>Source Files</Filter>
    </ClCompile>
    <ClCompile Include="OperationCreateTable.cc">
      <Filter>Source Files</Filter>
    </ClCompile>
    <ClCompile Include="OperationDropNamespace.cc">
      <Filter>Source Files</Filter>
    </ClCompile>
    <ClCompile Include="OperationDropTable.cc">
      <Filter>Source Files</Filter>
    </ClCompile>
    <ClCompile Include="OperationGatherStatistics.cc">
      <Filter>Source Files</Filter>
    </ClCompile>
    <ClCompile Include="OperationInitialize.cc">
      <Filter>Source Files</Filter>
    </ClCompile>
    <ClCompile Include="OperationMoveRange.cc">
      <Filter>Source Files</Filter>
    </ClCompile>
    <ClCompile Include="OperationProcessor.cc">
      <Filter>Source Files</Filter>
    </ClCompile>
    <ClCompile Include="OperationRegisterServer.cc">
      <Filter>Source Files</Filter>
    </ClCompile>
    <ClCompile Include="OperationRelinquishAcknowledge.cc">
      <Filter>Source Files</Filter>
    </ClCompile>
    <ClCompile Include="OperationRenameTable.cc">
      <Filter>Source Files</Filter>
    </ClCompile>
    <ClCompile Include="OperationStatus.cc">
      <Filter>Source Files</Filter>
    </ClCompile>
    <ClCompile Include="OperationSystemUpgrade.cc">
      <Filter>Source Files</Filter>
    </ClCompile>
    <ClCompile Include="OperationWaitForServers.cc">
      <Filter>Source Files</Filter>
    </ClCompile>
    <ClCompile Include="RangeServerConnection.cc">
      <Filter>Source Files</Filter>
    </ClCompile>
    <ClCompile Include="Utility.cc">
      <Filter>Source Files</Filter>
    </ClCompile>
    <ClCompile Include="ResponseManager.cc">
      <Filter>Source Files</Filter>
    </ClCompile>
    <ClCompile Include="OperationBalance.cc">
      <Filter>Source Files</Filter>
    </ClCompile>
    <ClCompile Include="LoadBalancer.cc">
      <Filter>Source Files</Filter>
    </ClCompile>
    <ClCompile Include="OperationStop.cc">
      <Filter>Source Files</Filter>
    </ClCompile>
    <ClCompile Include="BalanceAlgorithmEvenRanges.cc">
      <Filter>Source Files</Filter>
    </ClCompile>
    <ClCompile Include="BalanceAlgorithmLoad.cc">
      <Filter>Source Files</Filter>
    </ClCompile>
    <ClCompile Include="BalanceAlgorithmOffload.cc">
      <Filter>Source Files</Filter>
    </ClCompile>
    <ClCompile Include="BalancePlanAuthority.cc">
      <Filter>Source Files</Filter>
    </ClCompile>
    <ClCompile Include="OperationRecover.cc">
      <Filter>Source Files</Filter>
    </ClCompile>
    <ClCompile Include="OperationRecoverRanges.cc">
      <Filter>Source Files</Filter>
    </ClCompile>
    <ClCompile Include="OperationRecoveryBlocker.cc">
      <Filter>Source Files</Filter>
    </ClCompile>
    <ClCompile Include="OperationTimedBarrier.cc">
      <Filter>Source Files</Filter>
    </ClCompile>
    <ClCompile Include="RangeServerConnectionManager.cc">
      <Filter>Source Files</Filter>
    </ClCompile>
    <ClCompile Include="OperationCompact.cc">
      <Filter>Source Files</Filter>
    </ClCompile>
    <ClCompile Include="DispatchHandlerOperationSetState.cc">
      <Filter>Source Files</Filter>
    </ClCompile>
    <ClCompile Include="OperationSetState.cc">
      <Filter>Source Files</Filter>
    </ClCompile>
    <ClCompile Include="SystemState.cc">
      <Filter>Source Files</Filter>
    </ClCompile>
    <ClCompile Include="OperationRegisterServerBlocker.cc">
      <Filter>Source Files</Filter>
    </ClCompile>
    <ClCompile Include="OperationRecreateIndexTables.cc">
      <Filter>Source Files</Filter>
    </ClCompile>
    <ClCompile Include="OperationToggleTableMaintenance.cc">
      <Filter>Source Files</Filter>
    </ClCompile>
    <ClCompile Include="MetricsHandler.cc">
      <Filter>Source Files</Filter>
    </ClCompile>
  </ItemGroup>
  <ItemGroup>
    <ClInclude Include="ConnectionHandler.h">
      <Filter>Source Files</Filter>
    </ClInclude>
    <ClInclude Include="RangeServerState.h">
      <Filter>Source Files</Filter>
    </ClInclude>
    <ClInclude Include="Monitoring.h">
      <Filter>Source Files</Filter>
    </ClInclude>
    <ClInclude Include="RangeServerStatistics.h">
      <Filter>Source Files</Filter>
    </ClInclude>
    <ClInclude Include="Context.h">
      <Filter>Source Files</Filter>
    </ClInclude>
    <ClInclude Include="DispatchHandlerOperation.h">
      <Filter>Source Files</Filter>
    </ClInclude>
    <ClInclude Include="DispatchHandlerOperationAlterTable.h">
      <Filter>Source Files</Filter>
    </ClInclude>
    <ClInclude Include="DispatchHandlerOperationDropTable.h">
      <Filter>Source Files</Filter>
    </ClInclude>
    <ClInclude Include="DispatchHandlerOperationGetStatistics.h">
      <Filter>Source Files</Filter>
    </ClInclude>
    <ClInclude Include="GcWorker.h">
      <Filter>Source Files</Filter>
    </ClInclude>
    <ClInclude Include="MetaLogDefinitionMaster.h">
      <Filter>Source Files</Filter>
    </ClInclude>
    <ClInclude Include="Operation.h">
      <Filter>Source Files</Filter>
    </ClInclude>
    <ClInclude Include="OperationAlterTable.h">
      <Filter>Source Files</Filter>
    </ClInclude>
    <ClInclude Include="OperationCollectGarbage.h">
      <Filter>Source Files</Filter>
    </ClInclude>
    <ClInclude Include="OperationCreateNamespace.h">
      <Filter>Source Files</Filter>
    </ClInclude>
    <ClInclude Include="OperationCreateTable.h">
      <Filter>Source Files</Filter>
    </ClInclude>
    <ClInclude Include="OperationDropNamespace.h">
      <Filter>Source Files</Filter>
    </ClInclude>
    <ClInclude Include="OperationDropTable.h">
      <Filter>Source Files</Filter>
    </ClInclude>
    <ClInclude Include="OperationGatherStatistics.h">
      <Filter>Source Files</Filter>
    </ClInclude>
    <ClInclude Include="OperationInitialize.h">
      <Filter>Source Files</Filter>
    </ClInclude>
    <ClInclude Include="OperationMoveRange.h">
      <Filter>Source Files</Filter>
    </ClInclude>
    <ClInclude Include="OperationProcessor.h">
      <Filter>Source Files</Filter>
    </ClInclude>
    <ClInclude Include="OperationRegisterServer.h">
      <Filter>Source Files</Filter>
    </ClInclude>
    <ClInclude Include="OperationRelinquishAcknowledge.h">
      <Filter>Source Files</Filter>
    </ClInclude>
    <ClInclude Include="OperationRenameTable.h">
      <Filter>Source Files</Filter>
    </ClInclude>
    <ClInclude Include="OperationStatus.h">
      <Filter>Source Files</Filter>
    </ClInclude>
    <ClInclude Include="OperationSystemUpgrade.h">
      <Filter>Source Files</Filter>
    </ClInclude>
    <ClInclude Include="OperationWaitForServers.h">
      <Filter>Source Files</Filter>
    </ClInclude>
    <ClInclude Include="RangeServerConnection.h">
      <Filter>Source Files</Filter>
    </ClInclude>
    <ClInclude Include="Utility.h">
      <Filter>Source Files</Filter>
    </ClInclude>
    <ClInclude Include="ResponseManager.h">
      <Filter>Source Files</Filter>
    </ClInclude>
    <ClInclude Include="OperationBalance.h">
      <Filter>Source Files</Filter>
    </ClInclude>
    <ClInclude Include="LoadBalancer.h">
      <Filter>Source Files</Filter>
    </ClInclude>
    <ClInclude Include="OperationStop.h">
      <Filter>Source Files</Filter>
    </ClInclude>
    <ClInclude Include="ReferenceManager.h">
      <Filter>Source Files</Filter>
    </ClInclude>
    <ClInclude Include="BalanceAlgorithm.h">
      <Filter>Source Files</Filter>
    </ClInclude>
    <ClInclude Include="BalanceAlgorithmEvenRanges.h">
      <Filter>Source Files</Filter>
    </ClInclude>
    <ClInclude Include="BalanceAlgorithmLoad.h">
      <Filter>Source Files</Filter>
    </ClInclude>
    <ClInclude Include="BalanceAlgorithmOffload.h">
      <Filter>Source Files</Filter>
    </ClInclude>
    <ClInclude Include="BalancePlanAuthority.h">
      <Filter>Source Files</Filter>
    </ClInclude>
    <ClInclude Include="EntityType.h">
      <Filter>Source Files</Filter>
    </ClInclude>
    <ClInclude Include="OperationRecover.h">
      <Filter>Source Files</Filter>
    </ClInclude>
    <ClInclude Include="OperationRecoverRanges.h">
      <Filter>Source Files</Filter>
    </ClInclude>
    <ClInclude Include="OperationRecoveryBlocker.h">
      <Filter>Source Files</Filter>
    </ClInclude>
    <ClInclude Include="OperationTimedBarrier.h">
      <Filter>Source Files</Filter>
    </ClInclude>
    <ClInclude Include="RangeServerConnectionManager.h">
      <Filter>Source Files</Filter>
    </ClInclude>
    <ClInclude Include="RangeServerHyperspaceCallback.h">
      <Filter>Source Files</Filter>
    </ClInclude>
    <ClInclude Include="RecoveryReplayCounter.h">
      <Filter>Source Files</Filter>
    </ClInclude>
    <ClInclude Include="RecoveryStepFuture.h">
      <Filter>Source Files</Filter>
    </ClInclude>
    <ClInclude Include="DispatchHandlerOperationCompact.h">
      <Filter>Source Files</Filter>
    </ClInclude>
    <ClInclude Include="OperationCompact.h">
      <Filter>Source Files</Filter>
    </ClInclude>
    <ClInclude Include="DispatchHandlerOperationSetState.h">
      <Filter>Source Files</Filter>
    </ClInclude>
    <ClInclude Include="NotificationMessage.h">
      <Filter>Source Files</Filter>
    </ClInclude>
    <ClInclude Include="OperationSetState.h">
      <Filter>Source Files</Filter>
    </ClInclude>
    <ClInclude Include="SystemState.h">
      <Filter>Source Files</Filter>
    </ClInclude>
    <ClInclude Include="OperationEphemeral.h">
      <Filter>Source Files</Filter>
    </ClInclude>
    <ClInclude Include="OperationRegisterServerBlocker.h">
      <Filter>Source Files</Filter>
    </ClInclude>
    <ClInclude Include="DispatchHandlerOperationToggleTableMaintenance.h">
      <Filter>Source Files</Filter>
    </ClInclude>
    <ClInclude Include="OperationRecreateIndexTables.h">
      <Filter>Source Files</Filter>
    </ClInclude>
    <ClInclude Include="OperationToggleTableMaintenance.h">
      <Filter>Source Files</Filter>
    </ClInclude>
    <ClInclude Include="MetricsHandler.h">
      <Filter>Source Files</Filter>
    </ClInclude>
  </ItemGroup>
</Project>