<?xml version="1.0" encoding="utf-8"?>
<Project ToolsVersion="4.0" xmlns="http://schemas.microsoft.com/developer/msbuild/2003">
  <ItemGroup>
    <Filter Include="Source Files">
      <UniqueIdentifier>{4FC737F1-C7A5-4376-A066-2A32D752A2FF}</UniqueIdentifier>
      <Extensions>cpp;c;cc;cxx;def;odl;idl;hpj;bat;asm;asmx</Extensions>
    </Filter>
    <Filter Include="Source Files\Request">
      <UniqueIdentifier>{72c0b6db-af21-40bc-a5e3-961cee248983}</UniqueIdentifier>
    </Filter>
    <Filter Include="Source Files\Response">
      <UniqueIdentifier>{2419c560-9227-4dcd-9882-12ca7730a340}</UniqueIdentifier>
    </Filter>
    <Filter Include="Source Files\Request\Handler">
      <UniqueIdentifier>{fd1cfa47-1bde-4d85-ab12-25901401b0fe}</UniqueIdentifier>
    </Filter>
    <Filter Include="Source Files\Request\Parameters">
      <UniqueIdentifier>{0492895c-f974-41dc-9c7e-0b21f84c4091}</UniqueIdentifier>
    </Filter>
    <Filter Include="Source Files\Response\Callback">
      <UniqueIdentifier>{d0ac1dde-da7b-4051-91c7-5a786e735846}</UniqueIdentifier>
    </Filter>
    <Filter Include="Source Files\Response\Parameters">
      <UniqueIdentifier>{ac8278e1-9f51-427d-86cf-48177dd7ca1b}</UniqueIdentifier>
    </Filter>
  </ItemGroup>
  <ItemGroup>
    <ClCompile Include="..\..\stdafx.cc">
      <Filter>Source Files</Filter>
    </ClCompile>
    <ClCompile Include="Client.cc">
      <Filter>Source Files</Filter>
    </ClCompile>
    <ClCompile Include="ClientBufferedReaderHandler.cc">
      <Filter>Source Files</Filter>
    </ClCompile>
    <ClCompile Include="Config.cc">
      <Filter>Source Files</Filter>
    </ClCompile>
    <ClCompile Include="ConnectionHandler.cc">
      <Filter>Source Files</Filter>
    </ClCompile>
    <ClCompile Include="FileDevice.cc">
      <Filter>Source Files</Filter>
    </ClCompile>
    <ClCompile Include="EmbeddedFilesystem.cc">
      <Filter>Source Files</Filter>
    </ClCompile>
    <ClCompile Include="MetricsHandler.cc">
      <Filter>Source Files</Filter>
    </ClCompile>
    <ClCompile Include="Request\Parameters\Append.cc">
      <Filter>Source Files\Request\Parameters</Filter>
    </ClCompile>
    <ClCompile Include="Request\Parameters\Close.cc">
      <Filter>Source Files\Request\Parameters</Filter>
    </ClCompile>
    <ClCompile Include="Request\Parameters\Create.cc">
      <Filter>Source Files\Request\Parameters</Filter>
    </ClCompile>
    <ClCompile Include="Request\Parameters\Debug.cc">
      <Filter>Source Files\Request\Parameters</Filter>
    </ClCompile>
    <ClCompile Include="Request\Parameters\Exists.cc">
      <Filter>Source Files\Request\Parameters</Filter>
    </ClCompile>
    <ClCompile Include="Request\Parameters\Flush.cc">
      <Filter>Source Files\Request\Parameters</Filter>
    </ClCompile>
    <ClCompile Include="Request\Parameters\Length.cc">
      <Filter>Source Files\Request\Parameters</Filter>
    </ClCompile>
    <ClCompile Include="Request\Parameters\Mkdirs.cc">
      <Filter>Source Files\Request\Parameters</Filter>
    </ClCompile>
    <ClCompile Include="Request\Parameters\Open.cc">
      <Filter>Source Files\Request\Parameters</Filter>
    </ClCompile>
    <ClCompile Include="Request\Parameters\Pread.cc">
      <Filter>Source Files\Request\Parameters</Filter>
    </ClCompile>
    <ClCompile Include="Request\Parameters\Read.cc">
      <Filter>Source Files\Request\Parameters</Filter>
    </ClCompile>
    <ClCompile Include="Request\Parameters\Readdir.cc">
      <Filter>Source Files\Request\Parameters</Filter>
    </ClCompile>
    <ClCompile Include="Request\Parameters\Remove.cc">
      <Filter>Source Files\Request\Parameters</Filter>
    </ClCompile>
    <ClCompile Include="Request\Parameters\Rename.cc">
      <Filter>Source Files\Request\Parameters</Filter>
    </ClCompile>
    <ClCompile Include="Request\Parameters\Rmdir.cc">
      <Filter>Source Files\Request\Parameters</Filter>
    </ClCompile>
    <ClCompile Include="Request\Parameters\Seek.cc">
      <Filter>Source Files\Request\Parameters</Filter>
    </ClCompile>
    <ClCompile Include="Request\Parameters\Shutdown.cc">
      <Filter>Source Files\Request\Parameters</Filter>
    </ClCompile>
    <ClCompile Include="Request\Handler\Append.cc">
      <Filter>Source Files\Request\Handler</Filter>
    </ClCompile>
    <ClCompile Include="Request\Handler\Close.cc">
      <Filter>Source Files\Request\Handler</Filter>
    </ClCompile>
    <ClCompile Include="Request\Handler\Create.cc">
      <Filter>Source Files\Request\Handler</Filter>
    </ClCompile>
    <ClCompile Include="Request\Handler\Debug.cc">
      <Filter>Source Files\Request\Handler</Filter>
    </ClCompile>
    <ClCompile Include="Request\Handler\Exists.cc">
      <Filter>Source Files\Request\Handler</Filter>
    </ClCompile>
    <ClCompile Include="Request\Handler\Factory.cc">
      <Filter>Source Files\Request\Handler</Filter>
    </ClCompile>
    <ClCompile Include="Request\Handler\Flush.cc">
      <Filter>Source Files\Request\Handler</Filter>
    </ClCompile>
    <ClCompile Include="Request\Handler\Length.cc">
      <Filter>Source Files\Request\Handler</Filter>
    </ClCompile>
    <ClCompile Include="Request\Handler\Mkdirs.cc">
      <Filter>Source Files\Request\Handler</Filter>
    </ClCompile>
    <ClCompile Include="Request\Handler\Open.cc">
      <Filter>Source Files\Request\Handler</Filter>
    </ClCompile>
    <ClCompile Include="Request\Handler\Pread.cc">
      <Filter>Source Files\Request\Handler</Filter>
    </ClCompile>
    <ClCompile Include="Request\Handler\Read.cc">
      <Filter>Source Files\Request\Handler</Filter>
    </ClCompile>
    <ClCompile Include="Request\Handler\Readdir.cc">
      <Filter>Source Files\Request\Handler</Filter>
    </ClCompile>
    <ClCompile Include="Request\Handler\Remove.cc">
      <Filter>Source Files\Request\Handler</Filter>
    </ClCompile>
    <ClCompile Include="Request\Handler\Rename.cc">
      <Filter>Source Files\Request\Handler</Filter>
    </ClCompile>
    <ClCompile Include="Request\Handler\Rmdir.cc">
      <Filter>Source Files\Request\Handler</Filter>
    </ClCompile>
    <ClCompile Include="Request\Handler\Seek.cc">
      <Filter>Source Files\Request\Handler</Filter>
    </ClCompile>
    <ClCompile Include="Request\Handler\Status.cc">
      <Filter>Source Files\Request\Handler</Filter>
    </ClCompile>
    <ClCompile Include="Response\Callback\Append.cc">
      <Filter>Source Files\Response\Callback</Filter>
    </ClCompile>
    <ClCompile Include="Response\Callback\Exists.cc">
      <Filter>Source Files\Response\Callback</Filter>
    </ClCompile>
    <ClCompile Include="Response\Callback\Length.cc">
      <Filter>Source Files\Response\Callback</Filter>
    </ClCompile>
    <ClCompile Include="Response\Callback\Open.cc">
      <Filter>Source Files\Response\Callback</Filter>
    </ClCompile>
    <ClCompile Include="Response\Callback\Read.cc">
      <Filter>Source Files\Response\Callback</Filter>
    </ClCompile>
    <ClCompile Include="Response\Callback\Readdir.cc">
      <Filter>Source Files\Response\Callback</Filter>
    </ClCompile>
    <ClCompile Include="Response\Callback\Status.cc">
      <Filter>Source Files\Response\Callback</Filter>
    </ClCompile>
    <ClCompile Include="Response\Parameters\Append.cc">
      <Filter>Source Files\Response\Parameters</Filter>
    </ClCompile>
    <ClCompile Include="Response\Parameters\Exists.cc">
      <Filter>Source Files\Response\Parameters</Filter>
    </ClCompile>
    <ClCompile Include="Response\Parameters\Length.cc">
      <Filter>Source Files\Response\Parameters</Filter>
    </ClCompile>
    <ClCompile Include="Response\Parameters\Open.cc">
      <Filter>Source Files\Response\Parameters</Filter>
    </ClCompile>
    <ClCompile Include="Response\Parameters\Read.cc">
      <Filter>Source Files\Response\Parameters</Filter>
    </ClCompile>
    <ClCompile Include="Response\Parameters\Readdir.cc">
      <Filter>Source Files\Response\Parameters</Filter>
    </ClCompile>
    <ClCompile Include="Response\Parameters\Status.cc">
      <Filter>Source Files\Response\Parameters</Filter>
    </ClCompile>
    <ClCompile Include="StatusManager.cc">
      <Filter>Source Files</Filter>
    </ClCompile>
    <ClCompile Include="Utility.cc">
      <Filter>Source Files</Filter>
    </ClCompile>
  </ItemGroup>
  <ItemGroup>
    <ClInclude Include="Broker.h">
      <Filter>Source Files</Filter>
    </ClInclude>
    <ClInclude Include="Client.h">
      <Filter>Source Files</Filter>
    </ClInclude>
    <ClInclude Include="ClientBufferedReaderHandler.h">
      <Filter>Source Files</Filter>
    </ClInclude>
    <ClInclude Include="Config.h">
      <Filter>Source Files</Filter>
    </ClInclude>
    <ClInclude Include="ConnectionHandler.h">
      <Filter>Source Files</Filter>
    </ClInclude>
    <ClInclude Include="ConnectionHandlerFactory.h">
      <Filter>Source Files</Filter>
    </ClInclude>
    <ClInclude Include="FileDevice.h">
      <Filter>Source Files</Filter>
    </ClInclude>
    <ClInclude Include="OpenFileMap.h">
      <Filter>Source Files</Filter>
    </ClInclude>
    <ClInclude Include="EmbeddedFilesystem.h">
      <Filter>Source Files</Filter>
    </ClInclude>
    <ClInclude Include="MetricsHandler.h">
      <Filter>Source Files</Filter>
    </ClInclude>
    <ClInclude Include="Request\Parameters\Append.h">
      <Filter>Source Files\Request\Parameters</Filter>
    </ClInclude>
    <ClInclude Include="Request\Parameters\Close.h">
      <Filter>Source Files\Request\Parameters</Filter>
    </ClInclude>
    <ClInclude Include="Request\Parameters\Create.h">
      <Filter>Source Files\Request\Parameters</Filter>
    </ClInclude>
    <ClInclude Include="Request\Parameters\Debug.h">
      <Filter>Source Files\Request\Parameters</Filter>
    </ClInclude>
    <ClInclude Include="Request\Parameters\Exists.h">
      <Filter>Source Files\Request\Parameters</Filter>
    </ClInclude>
    <ClInclude Include="Request\Parameters\Flush.h">
      <Filter>Source Files\Request\Parameters</Filter>
    </ClInclude>
    <ClInclude Include="Request\Parameters\Length.h">
      <Filter>Source Files\Request\Parameters</Filter>
    </ClInclude>
    <ClInclude Include="Request\Parameters\Mkdirs.h">
      <Filter>Source Files\Request\Parameters</Filter>
    </ClInclude>
    <ClInclude Include="Request\Parameters\Open.h">
      <Filter>Source Files\Request\Parameters</Filter>
    </ClInclude>
    <ClInclude Include="Request\Parameters\Pread.h">
      <Filter>Source Files\Request\Parameters</Filter>
    </ClInclude>
    <ClInclude Include="Request\Parameters\Read.h">
      <Filter>Source Files\Request\Parameters</Filter>
    </ClInclude>
    <ClInclude Include="Request\Parameters\Readdir.h">
      <Filter>Source Files\Request\Parameters</Filter>
    </ClInclude>
    <ClInclude Include="Request\Parameters\Remove.h">
      <Filter>Source Files\Request\Parameters</Filter>
    </ClInclude>
    <ClInclude Include="Request\Parameters\Rename.h">
      <Filter>Source Files\Request\Parameters</Filter>
    </ClInclude>
    <ClInclude Include="Request\Parameters\Rmdir.h">
      <Filter>Source Files\Request\Parameters</Filter>
    </ClInclude>
    <ClInclude Include="Request\Parameters\Seek.h">
      <Filter>Source Files\Request\Parameters</Filter>
    </ClInclude>
    <ClInclude Include="Request\Parameters\Shutdown.h">
      <Filter>Source Files\Request\Parameters</Filter>
    </ClInclude>
    <ClInclude Include="Request\Handler\Append.h">
      <Filter>Source Files\Request\Handler</Filter>
    </ClInclude>
    <ClInclude Include="Request\Handler\Close.h">
      <Filter>Source Files\Request\Handler</Filter>
    </ClInclude>
    <ClInclude Include="Request\Handler\Create.h">
      <Filter>Source Files\Request\Handler</Filter>
    </ClInclude>
    <ClInclude Include="Request\Handler\Debug.h">
      <Filter>Source Files\Request\Handler</Filter>
    </ClInclude>
    <ClInclude Include="Request\Handler\Exists.h">
      <Filter>Source Files\Request\Handler</Filter>
    </ClInclude>
    <ClInclude Include="Request\Handler\Factory.h">
      <Filter>Source Files\Request\Handler</Filter>
    </ClInclude>
    <ClInclude Include="Request\Handler\Flush.h">
      <Filter>Source Files\Request\Handler</Filter>
    </ClInclude>
    <ClInclude Include="Request\Handler\Length.h">
      <Filter>Source Files\Request\Handler</Filter>
    </ClInclude>
    <ClInclude Include="Request\Handler\Mkdirs.h">
      <Filter>Source Files\Request\Handler</Filter>
    </ClInclude>
    <ClInclude Include="Request\Handler\Open.h">
      <Filter>Source Files\Request\Handler</Filter>
    </ClInclude>
    <ClInclude Include="Request\Handler\Pread.h">
      <Filter>Source Files\Request\Handler</Filter>
    </ClInclude>
    <ClInclude Include="Request\Handler\Read.h">
      <Filter>Source Files\Request\Handler</Filter>
    </ClInclude>
    <ClInclude Include="Request\Handler\Readdir.h">
      <Filter>Source Files\Request\Handler</Filter>
    </ClInclude>
    <ClInclude Include="Request\Handler\Remove.h">
      <Filter>Source Files\Request\Handler</Filter>
    </ClInclude>
    <ClInclude Include="Request\Handler\Rename.h">
      <Filter>Source Files\Request\Handler</Filter>
    </ClInclude>
    <ClInclude Include="Request\Handler\Rmdir.h">
      <Filter>Source Files\Request\Handler</Filter>
    </ClInclude>
    <ClInclude Include="Request\Handler\Seek.h">
      <Filter>Source Files\Request\Handler</Filter>
    </ClInclude>
    <ClInclude Include="Request\Handler\Status.h">
      <Filter>Source Files\Request\Handler</Filter>
    </ClInclude>
    <ClInclude Include="Response\Callback\Append.h">
      <Filter>Source Files\Response\Callback</Filter>
    </ClInclude>
    <ClInclude Include="Response\Callback\Exists.h">
      <Filter>Source Files\Response\Callback</Filter>
    </ClInclude>
    <ClInclude Include="Response\Callback\Length.h">
      <Filter>Source Files\Response\Callback</Filter>
    </ClInclude>
    <ClInclude Include="Response\Callback\Open.h">
      <Filter>Source Files\Response\Callback</Filter>
    </ClInclude>
    <ClInclude Include="Response\Callback\Read.h">
      <Filter>Source Files\Response\Callback</Filter>
    </ClInclude>
    <ClInclude Include="Response\Callback\Readdir.h">
      <Filter>Source Files\Response\Callback</Filter>
    </ClInclude>
    <ClInclude Include="Response\Callback\Status.h">
      <Filter>Source Files\Response\Callback</Filter>
    </ClInclude>
    <ClInclude Include="Response\Parameters\Append.h">
      <Filter>Source Files\Response\Parameters</Filter>
    </ClInclude>
    <ClInclude Include="Response\Parameters\Exists.h">
      <Filter>Source Files\Response\Parameters</Filter>
    </ClInclude>
    <ClInclude Include="Response\Parameters\Length.h">
      <Filter>Source Files\Response\Parameters</Filter>
    </ClInclude>
    <ClInclude Include="Response\Parameters\Open.h">
      <Filter>Source Files\Response\Parameters</Filter>
    </ClInclude>
    <ClInclude Include="Response\Parameters\Read.h">
      <Filter>Source Files\Response\Parameters</Filter>
    </ClInclude>
    <ClInclude Include="Response\Parameters\Readdir.h">
      <Filter>Source Files\Response\Parameters</Filter>
    </ClInclude>
    <ClInclude Include="Response\Parameters\Status.h">
      <Filter>Source Files\Response\Parameters</Filter>
    </ClInclude>
    <ClInclude Include="StatusManager.h">
      <Filter>Source Files</Filter>
    </ClInclude>
    <ClInclude Include="Utility.h">
      <Filter>Source Files</Filter>
    </ClInclude>
  </ItemGroup>
</Project>