<?xml version="1.0" encoding="utf-8"?>
<Project ToolsVersion="4.0" xmlns="http://schemas.microsoft.com/developer/msbuild/2003">
  <ItemGroup>
    <Filter Include="Source Files">
      <UniqueIdentifier>{4FC737F1-C7A5-4376-A066-2A32D752A2FF}</UniqueIdentifier>
      <Extensions>cpp;c;cc;cxx;def;odl;idl;hpj;bat;asm;asmx</Extensions>
    </Filter>
  </ItemGroup>
  <ItemGroup>
    <ClCompile Include="Abi.cc">
      <Filter>Source Files</Filter>
    </ClCompile>
    <ClCompile Include="Checksum.cc">
      <Filter>Source Files</Filter>
    </ClCompile>
    <ClCompile Include="Config.cc">
      <Filter>Source Files</Filter>
    </ClCompile>
    <ClCompile Include="DiscreteRandomGenerator.cc">
      <Filter>Source Files</Filter>
    </ClCompile>
    <ClCompile Include="DiscreteRandomGeneratorFactory.cc">
      <Filter>Source Files</Filter>
    </ClCompile>
    <ClCompile Include="DiscreteRandomGeneratorZipf.cc">
      <Filter>Source Files</Filter>
    </ClCompile>
    <ClCompile Include="Error.cc">
      <Filter>Source Files</Filter>
    </ClCompile>
    <ClCompile Include="FailureInducer.cc">
      <Filter>Source Files</Filter>
    </ClCompile>
    <ClCompile Include="Filesystem.cc">
      <Filter>Source Files</Filter>
    </ClCompile>
    <ClCompile Include="FileUtils.cc">
      <Filter>Source Files</Filter>
    </ClCompile>
    <ClCompile Include="InetAddr.cc">
      <Filter>Source Files</Filter>
    </ClCompile>
    <ClCompile Include="InteractiveCommand.cc">
      <Filter>Source Files</Filter>
    </ClCompile>
    <ClCompile Include="Logger.cc">
      <Filter>Source Files</Filter>
    </ClCompile>
    <ClCompile Include="Lookup3.cc">
      <Filter>Source Files</Filter>
    </ClCompile>
    <ClCompile Include="Math.cc">
      <Filter>Source Files</Filter>
    </ClCompile>
    <ClCompile Include="md5.cc">
      <Filter>Source Files</Filter>
    </ClCompile>
    <ClCompile Include="MurmurHash.cc">
      <Filter>Source Files</Filter>
    </ClCompile>
    <ClCompile Include="Properties.cc">
      <Filter>Source Files</Filter>
    </ClCompile>
    <ClCompile Include="Random.cc">
      <Filter>Source Files</Filter>
    </ClCompile>
    <ClCompile Include="String.cc">
      <Filter>Source Files</Filter>
    </ClCompile>
    <ClCompile Include="SuperFastHash.cc">
      <Filter>Source Files</Filter>
    </ClCompile>
    <ClCompile Include="System.cc">
      <Filter>Source Files</Filter>
    </ClCompile>
    <ClCompile Include="Time.cc">
      <Filter>Source Files</Filter>
    </ClCompile>
    <ClCompile Include="Usage.cc">
      <Filter>Source Files</Filter>
    </ClCompile>
    <ClCompile Include="Version.cc">
      <Filter>Source Files</Filter>
    </ClCompile>
    <ClCompile Include="..\stdafx.cc">
      <Filter>Source Files</Filter>
    </ClCompile>
    <ClCompile Include="strptime.c">
      <Filter>Source Files</Filter>
    </ClCompile>
    <ClCompile Include="winapi_strerror.cc">
      <Filter>Source Files</Filter>
    </ClCompile>
    <ClCompile Include="StatsSerializable.cc">
      <Filter>Source Files</Filter>
    </ClCompile>
    <ClCompile Include="StatsSystem.cc">
      <Filter>Source Files</Filter>
    </ClCompile>
    <ClCompile Include="ServerLaunchEvent.cc">
      <Filter>Source Files</Filter>
    </ClCompile>
    <ClCompile Include="ProcessUtils.cc">
      <Filter>Source Files</Filter>
    </ClCompile>
    <ClCompile Include="SecurityUtils.cc">
      <Filter>Source Files</Filter>
    </ClCompile>
    <ClCompile Include="StringCompressorPrefix.cc">
      <Filter>Source Files</Filter>
    </ClCompile>
    <ClCompile Include="StringDecompressorPrefix.cc">
      <Filter>Source Files</Filter>
    </ClCompile>
  </ItemGroup>
  <ItemGroup>
    <ClInclude Include="Abi.h">
      <Filter>Source Files</Filter>
    </ClInclude>
    <ClInclude Include="Allocator.h">
      <Filter>Source Files</Filter>
    </ClInclude>
    <ClInclude Include="atomic.h">
      <Filter>Source Files</Filter>
    </ClInclude>
    <ClInclude Include="Barrier.h">
      <Filter>Source Files</Filter>
    </ClInclude>
    <ClInclude Include="BlobHashSet.h">
      <Filter>Source Files</Filter>
    </ClInclude>
    <ClInclude Include="BlobHashTraits.h">
      <Filter>Source Files</Filter>
    </ClInclude>
    <ClInclude Include="BloomFilter.h">
      <Filter>Source Files</Filter>
    </ClInclude>
    <ClInclude Include="BloomFilterWithChecksum.h">
      <Filter>Source Files</Filter>
    </ClInclude>
    <ClInclude Include="ByteString.h">
      <Filter>Source Files</Filter>
    </ClInclude>
    <ClInclude Include="Checksum.h">
      <Filter>Source Files</Filter>
    </ClInclude>
    <ClInclude Include="Compat.h">
      <Filter>Source Files</Filter>
    </ClInclude>
    <ClInclude Include="compat-c.h">
      <Filter>Source Files</Filter>
    </ClInclude>
    <ClInclude Include="Config.h">
      <Filter>Source Files</Filter>
    </ClInclude>
    <ClInclude Include="CstrHashMap.h">
      <Filter>Source Files</Filter>
    </ClInclude>
    <ClInclude Include="CstrHashTraits.h">
      <Filter>Source Files</Filter>
    </ClInclude>
    <ClInclude Include="DiscreteRandomGenerator.h">
      <Filter>Source Files</Filter>
    </ClInclude>
    <ClInclude Include="DiscreteRandomGeneratorFactory.h">
      <Filter>Source Files</Filter>
    </ClInclude>
    <ClInclude Include="DiscreteRandomGeneratorUniform.h">
      <Filter>Source Files</Filter>
    </ClInclude>
    <ClInclude Include="DiscreteRandomGeneratorZipf.h">
      <Filter>Source Files</Filter>
    </ClInclude>
    <ClInclude Include="DynamicBuffer.h">
      <Filter>Source Files</Filter>
    </ClInclude>
    <ClInclude Include="endian-c.h">
      <Filter>Source Files</Filter>
    </ClInclude>
    <ClInclude Include="Error.h">
      <Filter>Source Files</Filter>
    </ClInclude>
    <ClInclude Include="FailureInducer.h">
      <Filter>Source Files</Filter>
    </ClInclude>
    <ClInclude Include="Filesystem.h">
      <Filter>Source Files</Filter>
    </ClInclude>
    <ClInclude Include="FileUtils.h">
      <Filter>Source Files</Filter>
    </ClInclude>
    <ClInclude Include="FixedStream.h">
      <Filter>Source Files</Filter>
    </ClInclude>
    <ClInclude Include="FlyweightString.h">
      <Filter>Source Files</Filter>
    </ClInclude>
    <ClInclude Include="HashMap.h">
      <Filter>Source Files</Filter>
    </ClInclude>
    <ClInclude Include="InetAddr.h">
      <Filter>Source Files</Filter>
    </ClInclude>
    <ClInclude Include="Init.h">
      <Filter>Source Files</Filter>
    </ClInclude>
    <ClInclude Include="InteractiveCommand.h">
      <Filter>Source Files</Filter>
    </ClInclude>
    <ClInclude Include="Logger.h">
      <Filter>Source Files</Filter>
    </ClInclude>
    <ClInclude Include="Lookup3.h">
      <Filter>Source Files</Filter>
    </ClInclude>
    <ClInclude Include="Math.h">
      <Filter>Source Files</Filter>
    </ClInclude>
    <ClInclude Include="md5.h">
      <Filter>Source Files</Filter>
    </ClInclude>
    <ClInclude Include="Meta.h">
      <Filter>Source Files</Filter>
    </ClInclude>
    <ClInclude Include="MurmurHash.h">
      <Filter>Source Files</Filter>
    </ClInclude>
    <ClInclude Include="Mutex.h">
      <Filter>Source Files</Filter>
    </ClInclude>
    <ClInclude Include="NumberStream.h">
      <Filter>Source Files</Filter>
    </ClInclude>
    <ClInclude Include="PageArena.h">
      <Filter>Source Files</Filter>
    </ClInclude>
    <ClInclude Include="PageArenaAllocator.h">
      <Filter>Source Files</Filter>
    </ClInclude>
    <ClInclude Include="Path.h">
      <Filter>Source Files</Filter>
    </ClInclude>
    <ClInclude Include="Properties.h">
      <Filter>Source Files</Filter>
    </ClInclude>
    <ClInclude Include="Random.h">
      <Filter>Source Files</Filter>
    </ClInclude>
    <ClInclude Include="ReferenceCount.h">
      <Filter>Source Files</Filter>
    </ClInclude>
    <ClInclude Include="Runnable.h">
      <Filter>Source Files</Filter>
    </ClInclude>
    <ClInclude Include="ScopeGuard.h">
      <Filter>Source Files</Filter>
    </ClInclude>
    <ClInclude Include="Serialization.h">
      <Filter>Source Files</Filter>
    </ClInclude>
    <ClInclude Include="serialization-c.h">
      <Filter>Source Files</Filter>
    </ClInclude>
    <ClInclude Include="ServerLauncher.h">
      <Filter>Source Files</Filter>
    </ClInclude>
    <ClInclude Include="SockAddrMap.h">
      <Filter>Source Files</Filter>
    </ClInclude>
    <ClInclude Include="StaticBuffer.h">
      <Filter>Source Files</Filter>
    </ClInclude>
    <ClInclude Include="StlHash.h">
      <Filter>Source Files</Filter>
    </ClInclude>
    <ClInclude Include="Stopwatch.h">
      <Filter>Source Files</Filter>
    </ClInclude>
    <ClInclude Include="String.h">
      <Filter>Source Files</Filter>
    </ClInclude>
    <ClInclude Include="StringExt.h">
      <Filter>Source Files</Filter>
    </ClInclude>
    <ClInclude Include="SuperFastHash.h">
      <Filter>Source Files</Filter>
    </ClInclude>
    <ClInclude Include="Sweetener.h">
      <Filter>Source Files</Filter>
    </ClInclude>
    <ClInclude Include="System.h">
      <Filter>Source Files</Filter>
    </ClInclude>
    <ClInclude Include="TclHash.h">
      <Filter>Source Files</Filter>
    </ClInclude>
    <ClInclude Include="TestHarness.h">
      <Filter>Source Files</Filter>
    </ClInclude>
    <ClInclude Include="TestUtils.h">
      <Filter>Source Files</Filter>
    </ClInclude>
    <ClInclude Include="Thread.h">
      <Filter>Source Files</Filter>
    </ClInclude>
    <ClInclude Include="Time.h">
      <Filter>Source Files</Filter>
    </ClInclude>
    <ClInclude Include="TimeInline.h">
      <Filter>Source Files</Filter>
    </ClInclude>
    <ClInclude Include="Timer.h">
      <Filter>Source Files</Filter>
    </ClInclude>
    <ClInclude Include="Usage.h">
      <Filter>Source Files</Filter>
    </ClInclude>
    <ClInclude Include="version.h">
      <Filter>Source Files</Filter>
    </ClInclude>
    <ClInclude Include="strptime.h">
      <Filter>Source Files</Filter>
    </ClInclude>
    <ClInclude Include="HRTimer.h">
      <Filter>Source Files</Filter>
    </ClInclude>
    <ClInclude Include="StatsSerializable.h">
      <Filter>Source Files</Filter>
    </ClInclude>
    <ClInclude Include="StatsSystem.h">
      <Filter>Source Files</Filter>
    </ClInclude>
    <ClInclude Include="ServerLaunchEvent.h">
      <Filter>Source Files</Filter>
    </ClInclude>
    <ClInclude Include="ProcessUtils.h">
      <Filter>Source Files</Filter>
    </ClInclude>
    <ClInclude Include="SecurityUtils.h">
      <Filter>Source Files</Filter>
    </ClInclude>
    <ClInclude Include="StringCompressorPrefix.h">
      <Filter>Source Files</Filter>
    </ClInclude>
    <ClInclude Include="StringDecompressorPrefix.h">
      <Filter>Source Files</Filter>
    </ClInclude>
    <ClInclude Include="SpiritParser.h">
      <Filter>Source Files</Filter>
    </ClInclude>
  </ItemGroup>
</Project>