<?xml version="1.0" encoding="utf-8"?>
<Project ToolsVersion="4.0" xmlns="http://schemas.microsoft.com/developer/msbuild/2003">
  <ItemGroup>
    <Filter Include="Source Files">
      <UniqueIdentifier>{4FC737F1-C7A5-4376-A066-2A32D752A2FF}</UniqueIdentifier>
      <Extensions>cpp;c;cc;cxx;def;odl;idl;hpj;bat;asm;asmx</Extensions>
    </Filter>
    <Filter Include="Source Files\bmz">
      <UniqueIdentifier>{33d04587-9501-4061-a611-6185f15d2c10}</UniqueIdentifier>
    </Filter>
    <Filter Include="Source Files\lzo">
      <UniqueIdentifier>{4824467c-cf4d-4c9b-bc17-7d288135bb1b}</UniqueIdentifier>
    </Filter>
    <Filter Include="Source Files\quicklz">
      <UniqueIdentifier>{1de94caa-4d06-474d-a70e-9f1fa98b4658}</UniqueIdentifier>
    </Filter>
  </ItemGroup>
  <ItemGroup>
    <ClCompile Include="BlockCompressionCodec.cc">
      <Filter>Source Files</Filter>
    </ClCompile>
    <ClCompile Include="BlockCompressionCodecBmz.cc">
      <Filter>Source Files</Filter>
    </ClCompile>
    <ClCompile Include="BlockCompressionCodecLzo.cc">
      <Filter>Source Files</Filter>
    </ClCompile>
    <ClCompile Include="BlockCompressionCodecNone.cc">
      <Filter>Source Files</Filter>
    </ClCompile>
    <ClCompile Include="BlockCompressionCodecQuicklz.cc">
      <Filter>Source Files</Filter>
    </ClCompile>
    <ClCompile Include="BlockCompressionCodecZlib.cc">
      <Filter>Source Files</Filter>
    </ClCompile>
    <ClCompile Include="BlockCompressionHeader.cc">
      <Filter>Source Files</Filter>
    </ClCompile>
    <ClCompile Include="BlockCompressionHeaderCommitLog.cc">
      <Filter>Source Files</Filter>
    </ClCompile>
    <ClCompile Include="CompressorFactory.cc">
      <Filter>Source Files</Filter>
    </ClCompile>
    <ClCompile Include="bmz\bmz.c">
      <Filter>Source Files\bmz</Filter>
    </ClCompile>
    <ClCompile Include="..\..\stdafx.cc">
      <Filter>Source Files</Filter>
    </ClCompile>
    <ClCompile Include="BlockCompressionCodecSnappy.cc">
      <Filter>Source Files</Filter>
    </ClCompile>
    <ClCompile Include="..\..\ThirdParty\lzo\minilzo.c">
      <Filter>Source Files\lzo</Filter>
    </ClCompile>
    <ClCompile Include="..\..\ThirdParty\quicklz\quicklz.cc">
      <Filter>Source Files\quicklz</Filter>
    </ClCompile>
  </ItemGroup>
  <ItemGroup>
    <ClInclude Include="BlockCompressionCodec.h">
      <Filter>Source Files</Filter>
    </ClInclude>
    <ClInclude Include="BlockCompressionCodecBmz.h">
      <Filter>Source Files</Filter>
    </ClInclude>
    <ClInclude Include="BlockCompressionCodecLzo.h">
      <Filter>Source Files</Filter>
    </ClInclude>
    <ClInclude Include="BlockCompressionCodecNone.h">
      <Filter>Source Files</Filter>
    </ClInclude>
    <ClInclude Include="BlockCompressionCodecQuicklz.h">
      <Filter>Source Files</Filter>
    </ClInclude>
    <ClInclude Include="BlockCompressionCodecZlib.h">
      <Filter>Source Files</Filter>
    </ClInclude>
    <ClInclude Include="BlockCompressionHeader.h">
      <Filter>Source Files</Filter>
    </ClInclude>
    <ClInclude Include="BlockCompressionHeaderCommitLog.h">
      <Filter>Source Files</Filter>
    </ClInclude>
    <ClInclude Include="CompressorFactory.h">
      <Filter>Source Files</Filter>
    </ClInclude>
    <ClInclude Include="bmz\bmz.h">
      <Filter>Source Files\bmz</Filter>
    </ClInclude>
    <ClInclude Include="bmz\bmz-internal.h">
      <Filter>Source Files\bmz</Filter>
    </ClInclude>
    <ClInclude Include="BlockCompressionCodecSnappy.h">
      <Filter>Source Files</Filter>
    </ClInclude>
    <ClInclude Include="..\..\ThirdParty\lzo\lzoconf.h">
      <Filter>Source Files\lzo</Filter>
    </ClInclude>
    <ClInclude Include="..\..\ThirdParty\lzo\lzodefs.h">
      <Filter>Source Files\lzo</Filter>
    </ClInclude>
    <ClInclude Include="..\..\ThirdParty\lzo\minilzo.h">
      <Filter>Source Files\lzo</Filter>
    </ClInclude>
    <ClInclude Include="..\..\ThirdParty\quicklz\quicklz.h">
      <Filter>Source Files\quicklz</Filter>
    </ClInclude>
  </ItemGroup>
</Project>