<?xml version="1.0" encoding="utf-8"?>
<Project ToolsVersion="4.0" xmlns="http://schemas.microsoft.com/developer/msbuild/2003">
  <ItemGroup>
    <Filter Include="Source Files">
      <UniqueIdentifier>{4FC737F1-C7A5-4376-A066-2A32D752A2FF}</UniqueIdentifier>
      <Extensions>cpp;c;cc;cxx;def;odl;idl;hpj;bat;asm;asmx</Extensions>
    </Filter>
    <Filter Include="Source Files\old">
      <UniqueIdentifier>{825cb0d7-5125-45eb-addf-8c2f898c2112}</UniqueIdentifier>
    </Filter>
  </ItemGroup>
  <ItemGroup>
    <ClCompile Include="ApacheLogParser.cc">
      <Filter>Source Files</Filter>
    </ClCompile>
    <ClCompile Include="Cell.cc">
      <Filter>Source Files</Filter>
    </ClCompile>
    <ClCompile Include="Client.cc">
      <Filter>Source Files</Filter>
    </ClCompile>
    <ClCompile Include="CommitLog.cc">
      <Filter>Source Files</Filter>
    </ClCompile>
    <ClCompile Include="CommitLogBlockStream.cc">
      <Filter>Source Files</Filter>
    </ClCompile>
    <ClCompile Include="CommitLogReader.cc">
      <Filter>Source Files</Filter>
    </ClCompile>
    <ClCompile Include="Config.cc">
      <Filter>Source Files</Filter>
    </ClCompile>
    <ClCompile Include="DataGenerator.cc">
      <Filter>Source Files</Filter>
    </ClCompile>
    <ClCompile Include="EventHandlerMasterChange.cc">
      <Filter>Source Files</Filter>
    </ClCompile>
    <ClCompile Include="FixedRandomStringGenerator.cc">
      <Filter>Source Files</Filter>
    </ClCompile>
    <ClCompile Include="HqlCommandInterpreter.cc">
      <Filter>Source Files</Filter>
    </ClCompile>
    <ClCompile Include="HqlHelpText.cc">
      <Filter>Source Files</Filter>
    </ClCompile>
    <ClCompile Include="HqlInterpreter.cc">
      <Filter>Source Files</Filter>
    </ClCompile>
    <ClCompile Include="IntervalScanner.cc">
      <Filter>Source Files</Filter>
    </ClCompile>
    <ClCompile Include="Key.cc">
      <Filter>Source Files</Filter>
    </ClCompile>
    <ClCompile Include="KeySpec.cc">
      <Filter>Source Files</Filter>
    </ClCompile>
    <ClCompile Include="LoadDataEscape.cc">
      <Filter>Source Files</Filter>
    </ClCompile>
    <ClCompile Include="LoadDataSource.cc">
      <Filter>Source Files</Filter>
    </ClCompile>
    <ClCompile Include="LoadDataSourceFactory.cc">
      <Filter>Source Files</Filter>
    </ClCompile>
    <ClCompile Include="LoadDataSourceFileDfs.cc">
      <Filter>Source Files</Filter>
    </ClCompile>
    <ClCompile Include="LoadDataSourceFileLocal.cc">
      <Filter>Source Files</Filter>
    </ClCompile>
    <ClCompile Include="LoadDataSourceStdin.cc">
      <Filter>Source Files</Filter>
    </ClCompile>
    <ClCompile Include="LocationCache.cc">
      <Filter>Source Files</Filter>
    </ClCompile>
    <ClCompile Include="MasterClient.cc">
      <Filter>Source Files</Filter>
    </ClCompile>
    <ClCompile Include="MasterFileHandler.cc">
      <Filter>Source Files</Filter>
    </ClCompile>
    <ClCompile Include="MasterProtocol.cc">
      <Filter>Source Files</Filter>
    </ClCompile>
    <ClCompile Include="MetaLog.cc">
      <Filter>Source Files</Filter>
    </ClCompile>
    <ClCompile Include="MetaLogReader.cc">
      <Filter>Source Files</Filter>
    </ClCompile>
    <ClCompile Include="NameIdMapper.cc">
      <Filter>Source Files</Filter>
    </ClCompile>
    <ClCompile Include="Namespace.cc">
      <Filter>Source Files</Filter>
    </ClCompile>
    <ClCompile Include="NamespaceCache.cc">
      <Filter>Source Files</Filter>
    </ClCompile>
    <ClCompile Include="RangeLocator.cc">
      <Filter>Source Files</Filter>
    </ClCompile>
    <ClCompile Include="RangeServerClient.cc">
      <Filter>Source Files</Filter>
    </ClCompile>
    <ClCompile Include="RangeServerProtocol.cc">
      <Filter>Source Files</Filter>
    </ClCompile>
    <ClCompile Include="RangeState.cc">
      <Filter>Source Files</Filter>
    </ClCompile>
    <ClCompile Include="RootFileHandler.cc">
      <Filter>Source Files</Filter>
    </ClCompile>
    <ClCompile Include="ScanBlock.cc">
      <Filter>Source Files</Filter>
    </ClCompile>
    <ClCompile Include="ScanSpec.cc">
      <Filter>Source Files</Filter>
    </ClCompile>
    <ClCompile Include="Schema.cc">
      <Filter>Source Files</Filter>
    </ClCompile>
    <ClCompile Include="Table.cc">
      <Filter>Source Files</Filter>
    </ClCompile>
    <ClCompile Include="TableCache.cc">
      <Filter>Source Files</Filter>
    </ClCompile>
    <ClCompile Include="TableDumper.cc">
      <Filter>Source Files</Filter>
    </ClCompile>
    <ClCompile Include="TableMutator.cc">
      <Filter>Source Files</Filter>
    </ClCompile>
    <ClCompile Include="TableMutatorDispatchHandler.cc">
      <Filter>Source Files</Filter>
    </ClCompile>
    <ClCompile Include="TableMutatorFlushHandler.cc">
      <Filter>Source Files</Filter>
    </ClCompile>
    <ClCompile Include="TableMutatorIntervalHandler.cc">
      <Filter>Source Files</Filter>
    </ClCompile>
    <ClCompile Include="TableMutatorScatterBuffer.cc">
      <Filter>Source Files</Filter>
    </ClCompile>
    <ClCompile Include="TableMutatorShared.cc">
      <Filter>Source Files</Filter>
    </ClCompile>
    <ClCompile Include="TableMutatorSyncDispatchHandler.cc">
      <Filter>Source Files</Filter>
    </ClCompile>
    <ClCompile Include="TableScanner.cc">
      <Filter>Source Files</Filter>
    </ClCompile>
    <ClCompile Include="TableSplit.cc">
      <Filter>Source Files</Filter>
    </ClCompile>
    <ClCompile Include="Types.cc">
      <Filter>Source Files</Filter>
    </ClCompile>
    <ClCompile Include="..\..\stdafx.cc">
      <Filter>Source Files</Filter>
    </ClCompile>
    <ClCompile Include="MetaLogEntity.cc">
      <Filter>Source Files</Filter>
    </ClCompile>
    <ClCompile Include="MetaLogEntityHeader.cc">
      <Filter>Source Files</Filter>
    </ClCompile>
    <ClCompile Include="MetaLogWriter.cc">
      <Filter>Source Files</Filter>
    </ClCompile>
    <ClCompile Include="old\MasterMetaLog.cc">
      <Filter>Source Files\old</Filter>
    </ClCompile>
    <ClCompile Include="old\MasterMetaLogEntries.cc">
      <Filter>Source Files\old</Filter>
    </ClCompile>
    <ClCompile Include="old\MasterMetaLogEntryFactory.cc">
      <Filter>Source Files\old</Filter>
    </ClCompile>
    <ClCompile Include="old\MasterMetaLogReader.cc">
      <Filter>Source Files\old</Filter>
    </ClCompile>
    <ClCompile Include="old\MetaLog.cc">
      <Filter>Source Files\old</Filter>
    </ClCompile>
    <ClCompile Include="old\MetaLogDfsBase.cc">
      <Filter>Source Files\old</Filter>
    </ClCompile>
    <ClCompile Include="old\MetaLogEntryBase.cc">
      <Filter>Source Files\old</Filter>
    </ClCompile>
    <ClCompile Include="old\MetaLogReader.cc">
      <Filter>Source Files\old</Filter>
    </ClCompile>
    <ClCompile Include="old\MetaLogReaderDfsBase.cc">
      <Filter>Source Files\old</Filter>
    </ClCompile>
    <ClCompile Include="old\MetaLogVersion.cc">
      <Filter>Source Files\old</Filter>
    </ClCompile>
    <ClCompile Include="old\RangeServerMetaLog.cc">
      <Filter>Source Files\old</Filter>
    </ClCompile>
    <ClCompile Include="old\RangeServerMetaLogEntries.cc">
      <Filter>Source Files\old</Filter>
    </ClCompile>
    <ClCompile Include="old\RangeServerMetaLogEntryFactory.cc">
      <Filter>Source Files\old</Filter>
    </ClCompile>
    <ClCompile Include="old\RangeServerMetaLogReader.cc">
      <Filter>Source Files\old</Filter>
    </ClCompile>
    <ClCompile Include="StatsRangeServer.cc">
      <Filter>Source Files</Filter>
    </ClCompile>
    <ClCompile Include="StatsTable.cc">
      <Filter>Source Files</Filter>
    </ClCompile>
  </ItemGroup>
  <ItemGroup>
    <ClInclude Include="ApacheLogParser.h">
      <Filter>Source Files</Filter>
    </ClInclude>
    <ClInclude Include="Cell.h">
      <Filter>Source Files</Filter>
    </ClInclude>
    <ClInclude Include="Cells.h">
      <Filter>Source Files</Filter>
    </ClInclude>
    <ClInclude Include="Client.h">
      <Filter>Source Files</Filter>
    </ClInclude>
    <ClInclude Include="CommitLog.h">
      <Filter>Source Files</Filter>
    </ClInclude>
    <ClInclude Include="CommitLogBase.h">
      <Filter>Source Files</Filter>
    </ClInclude>
    <ClInclude Include="CommitLogBlockStream.h">
      <Filter>Source Files</Filter>
    </ClInclude>
    <ClInclude Include="CommitLogReader.h">
      <Filter>Source Files</Filter>
    </ClInclude>
    <ClInclude Include="Config.h">
      <Filter>Source Files</Filter>
    </ClInclude>
    <ClInclude Include="DataGenerator.h">
      <Filter>Source Files</Filter>
    </ClInclude>
    <ClInclude Include="DataGeneratorColumn.h">
      <Filter>Source Files</Filter>
    </ClInclude>
    <ClInclude Include="DataGeneratorQualifier.h">
      <Filter>Source Files</Filter>
    </ClInclude>
    <ClInclude Include="DataGeneratorRowComponent.h">
      <Filter>Source Files</Filter>
    </ClInclude>
    <ClInclude Include="DataSource.h">
      <Filter>Source Files</Filter>
    </ClInclude>
    <ClInclude Include="EventHandlerMasterChange.h">
      <Filter>Source Files</Filter>
    </ClInclude>
    <ClInclude Include="FixedRandomStringGenerator.h">
      <Filter>Source Files</Filter>
    </ClInclude>
    <ClInclude Include="HqlCommandInterpreter.h">
      <Filter>Source Files</Filter>
    </ClInclude>
    <ClInclude Include="HqlHelpText.h">
      <Filter>Source Files</Filter>
    </ClInclude>
    <ClInclude Include="HqlInterpreter.h">
      <Filter>Source Files</Filter>
    </ClInclude>
    <ClInclude Include="HqlParser.h">
      <Filter>Source Files</Filter>
    </ClInclude>
    <ClInclude Include="IntervalScanner.h">
      <Filter>Source Files</Filter>
    </ClInclude>
    <ClInclude Include="Key.h">
      <Filter>Source Files</Filter>
    </ClInclude>
    <ClInclude Include="KeySpec.h">
      <Filter>Source Files</Filter>
    </ClInclude>
    <ClInclude Include="LoadDataEscape.h">
      <Filter>Source Files</Filter>
    </ClInclude>
    <ClInclude Include="LoadDataFlags.h">
      <Filter>Source Files</Filter>
    </ClInclude>
    <ClInclude Include="LoadDataSource.h">
      <Filter>Source Files</Filter>
    </ClInclude>
    <ClInclude Include="LoadDataSourceFactory.h">
      <Filter>Source Files</Filter>
    </ClInclude>
    <ClInclude Include="LoadDataSourceFileDfs.h">
      <Filter>Source Files</Filter>
    </ClInclude>
    <ClInclude Include="LoadDataSourceFileLocal.h">
      <Filter>Source Files</Filter>
    </ClInclude>
    <ClInclude Include="LoadDataSourceStdin.h">
      <Filter>Source Files</Filter>
    </ClInclude>
    <ClInclude Include="LocationCache.h">
      <Filter>Source Files</Filter>
    </ClInclude>
    <ClInclude Include="MasterClient.h">
      <Filter>Source Files</Filter>
    </ClInclude>
    <ClInclude Include="MasterFileHandler.h">
      <Filter>Source Files</Filter>
    </ClInclude>
    <ClInclude Include="MasterProtocol.h">
      <Filter>Source Files</Filter>
    </ClInclude>
    <ClInclude Include="MetaLog.h">
      <Filter>Source Files</Filter>
    </ClInclude>
    <ClInclude Include="MetaLogReader.h">
      <Filter>Source Files</Filter>
    </ClInclude>
    <ClInclude Include="NameIdMapper.h">
      <Filter>Source Files</Filter>
    </ClInclude>
    <ClInclude Include="Namespace.h">
      <Filter>Source Files</Filter>
    </ClInclude>
    <ClInclude Include="NamespaceCache.h">
      <Filter>Source Files</Filter>
    </ClInclude>
    <ClInclude Include="NamespaceListing.h">
      <Filter>Source Files</Filter>
    </ClInclude>
    <ClInclude Include="RangeLocationInfo.h">
      <Filter>Source Files</Filter>
    </ClInclude>
    <ClInclude Include="RangeLocator.h">
      <Filter>Source Files</Filter>
    </ClInclude>
    <ClInclude Include="RangeServerClient.h">
      <Filter>Source Files</Filter>
    </ClInclude>
    <ClInclude Include="RangeServerProtocol.h">
      <Filter>Source Files</Filter>
    </ClInclude>
    <ClInclude Include="RangeState.h">
      <Filter>Source Files</Filter>
    </ClInclude>
    <ClInclude Include="RootFileHandler.h">
      <Filter>Source Files</Filter>
    </ClInclude>
    <ClInclude Include="ScanBlock.h">
      <Filter>Source Files</Filter>
    </ClInclude>
    <ClInclude Include="ScanSpec.h">
      <Filter>Source Files</Filter>
    </ClInclude>
    <ClInclude Include="Schema.h">
      <Filter>Source Files</Filter>
    </ClInclude>
    <ClInclude Include="SerializedKey.h">
      <Filter>Source Files</Filter>
    </ClInclude>
    <ClInclude Include="Table.h">
      <Filter>Source Files</Filter>
    </ClInclude>
    <ClInclude Include="TableCache.h">
      <Filter>Source Files</Filter>
    </ClInclude>
    <ClInclude Include="TableDumper.h">
      <Filter>Source Files</Filter>
    </ClInclude>
    <ClInclude Include="TableMutator.h">
      <Filter>Source Files</Filter>
    </ClInclude>
    <ClInclude Include="TableMutatorCompletionCounter.h">
      <Filter>Source Files</Filter>
    </ClInclude>
    <ClInclude Include="TableMutatorDispatchHandler.h">
      <Filter>Source Files</Filter>
    </ClInclude>
    <ClInclude Include="TableMutatorFlushHandler.h">
      <Filter>Source Files</Filter>
    </ClInclude>
    <ClInclude Include="TableMutatorIntervalHandler.h">
      <Filter>Source Files</Filter>
    </ClInclude>
    <ClInclude Include="TableMutatorScatterBuffer.h">
      <Filter>Source Files</Filter>
    </ClInclude>
    <ClInclude Include="TableMutatorSendBuffer.h">
      <Filter>Source Files</Filter>
    </ClInclude>
    <ClInclude Include="TableMutatorShared.h">
      <Filter>Source Files</Filter>
    </ClInclude>
    <ClInclude Include="TableMutatorSyncDispatchHandler.h">
      <Filter>Source Files</Filter>
    </ClInclude>
    <ClInclude Include="TableScanner.h">
      <Filter>Source Files</Filter>
    </ClInclude>
    <ClInclude Include="TableSplit.h">
      <Filter>Source Files</Filter>
    </ClInclude>
    <ClInclude Include="Timestamp.h">
      <Filter>Source Files</Filter>
    </ClInclude>
    <ClInclude Include="Types.h">
      <Filter>Source Files</Filter>
    </ClInclude>
    <ClInclude Include="MetaLogDefinition.h">
      <Filter>Source Files</Filter>
    </ClInclude>
    <ClInclude Include="MetaLogEntity.h">
      <Filter>Source Files</Filter>
    </ClInclude>
    <ClInclude Include="MetaLogEntityHeader.h">
      <Filter>Source Files</Filter>
    </ClInclude>
    <ClInclude Include="MetaLogWriter.h">
      <Filter>Source Files</Filter>
    </ClInclude>
    <ClInclude Include="old\MasterMetaLog.h">
      <Filter>Source Files\old</Filter>
    </ClInclude>
    <ClInclude Include="old\MasterMetaLogEntries.h">
      <Filter>Source Files\old</Filter>
    </ClInclude>
    <ClInclude Include="old\MasterMetaLogEntryFactory.h">
      <Filter>Source Files\old</Filter>
    </ClInclude>
    <ClInclude Include="old\MasterMetaLogReader.h">
      <Filter>Source Files\old</Filter>
    </ClInclude>
    <ClInclude Include="old\MetaLog.h">
      <Filter>Source Files\old</Filter>
    </ClInclude>
    <ClInclude Include="old\MetaLogDfsBase.h">
      <Filter>Source Files\old</Filter>
    </ClInclude>
    <ClInclude Include="old\MetaLogEntryBase.h">
      <Filter>Source Files\old</Filter>
    </ClInclude>
    <ClInclude Include="old\MetaLogReader.h">
      <Filter>Source Files\old</Filter>
    </ClInclude>
    <ClInclude Include="old\MetaLogReaderDfsBase.h">
      <Filter>Source Files\old</Filter>
    </ClInclude>
    <ClInclude Include="old\MetaLogVersion.h">
      <Filter>Source Files\old</Filter>
    </ClInclude>
    <ClInclude Include="old\RangeServerMetaLog.h">
      <Filter>Source Files\old</Filter>
    </ClInclude>
    <ClInclude Include="old\RangeServerMetaLogEntries.h">
      <Filter>Source Files\old</Filter>
    </ClInclude>
    <ClInclude Include="old\RangeServerMetaLogEntryFactory.h">
      <Filter>Source Files\old</Filter>
    </ClInclude>
    <ClInclude Include="StatsRangeServer.h">
      <Filter>Source Files</Filter>
    </ClInclude>
    <ClInclude Include="StatsTable.h">
      <Filter>Source Files</Filter>
    </ClInclude>
    <ClInclude Include="old\RangeServerMetaLogReader.h">
      <Filter>Source Files\old</Filter>
    </ClInclude>
  </ItemGroup>
</Project>