<?xml version="1.0" encoding="utf-8"?>
<Project ToolsVersion="4.0" xmlns="http://schemas.microsoft.com/developer/msbuild/2003">
  <ItemGroup>
    <Filter Include="Source Files">
      <UniqueIdentifier>{4FC737F1-C7A5-4376-A066-2A32D752A2FF}</UniqueIdentifier>
      <Extensions>cpp;c;cc;cxx;def;odl;idl;hpj;bat;asm;asmx</Extensions>
    </Filter>
    <Filter Include="Source Files\Request">
      <UniqueIdentifier>{9dccb518-fecb-4de0-9745-7250c18bd028}</UniqueIdentifier>
    </Filter>
    <Filter Include="Source Files\Response">
      <UniqueIdentifier>{c6ad4c48-6607-479e-ac1f-2e209cd7b03f}</UniqueIdentifier>
    </Filter>
    <Filter Include="Source Files\Request\Handler">
      <UniqueIdentifier>{95229eab-9266-4ddc-9a29-c08cff0d4a6d}</UniqueIdentifier>
    </Filter>
    <Filter Include="Source Files\Response\Callback">
      <UniqueIdentifier>{712793f9-7543-446a-a61a-54a98ec492f1}</UniqueIdentifier>
    </Filter>
  </ItemGroup>
  <ItemGroup>
    <ClCompile Include="..\..\stdafx.cc">
      <Filter>Source Files</Filter>
    </ClCompile>
    <ClCompile Include="AccessGroup.cc">
      <Filter>Source Files</Filter>
    </ClCompile>
    <ClCompile Include="AccessGroupGarbageTracker.cc">
      <Filter>Source Files</Filter>
    </ClCompile>
    <ClCompile Include="CellCache.cc">
      <Filter>Source Files</Filter>
    </ClCompile>
    <ClCompile Include="CellCacheAllocator.cc">
      <Filter>Source Files</Filter>
    </ClCompile>
    <ClCompile Include="CellCacheScanner.cc">
      <Filter>Source Files</Filter>
    </ClCompile>
    <ClCompile Include="CellStore.cc">
      <Filter>Source Files</Filter>
    </ClCompile>
    <ClCompile Include="CellStoreFactory.cc">
      <Filter>Source Files</Filter>
    </ClCompile>
    <ClCompile Include="CellStoreReleaseCallback.cc">
      <Filter>Source Files</Filter>
    </ClCompile>
    <ClCompile Include="CellStoreScanner.cc">
      <Filter>Source Files</Filter>
    </ClCompile>
    <ClCompile Include="CellStoreScannerIntervalBlockIndex.cc">
      <Filter>Source Files</Filter>
    </ClCompile>
    <ClCompile Include="CellStoreScannerIntervalReadahead.cc">
      <Filter>Source Files</Filter>
    </ClCompile>
    <ClCompile Include="CellStoreTrailerV0.cc">
      <Filter>Source Files</Filter>
    </ClCompile>
    <ClCompile Include="CellStoreTrailerV1.cc">
      <Filter>Source Files</Filter>
    </ClCompile>
    <ClCompile Include="CellStoreTrailerV2.cc">
      <Filter>Source Files</Filter>
    </ClCompile>
    <ClCompile Include="CellStoreTrailerV3.cc">
      <Filter>Source Files</Filter>
    </ClCompile>
    <ClCompile Include="CellStoreTrailerV4.cc">
      <Filter>Source Files</Filter>
    </ClCompile>
    <ClCompile Include="CellStoreV0.cc">
      <Filter>Source Files</Filter>
    </ClCompile>
    <ClCompile Include="CellStoreV1.cc">
      <Filter>Source Files</Filter>
    </ClCompile>
    <ClCompile Include="CellStoreV2.cc">
      <Filter>Source Files</Filter>
    </ClCompile>
    <ClCompile Include="CellStoreV3.cc">
      <Filter>Source Files</Filter>
    </ClCompile>
    <ClCompile Include="CellStoreV4.cc">
      <Filter>Source Files</Filter>
    </ClCompile>
    <ClCompile Include="Config.cc">
      <Filter>Source Files</Filter>
    </ClCompile>
    <ClCompile Include="ConnectionHandler.cc">
      <Filter>Source Files</Filter>
    </ClCompile>
    <ClCompile Include="FileBlockCache.cc">
      <Filter>Source Files</Filter>
    </ClCompile>
    <ClCompile Include="FillScanBlock.cc">
      <Filter>Source Files</Filter>
    </ClCompile>
    <ClCompile Include="Global.cc">
      <Filter>Source Files</Filter>
    </ClCompile>
    <ClCompile Include="HyperspaceSessionHandler.cc">
      <Filter>Source Files</Filter>
    </ClCompile>
    <ClCompile Include="KeyCompressorNone.cc">
      <Filter>Source Files</Filter>
    </ClCompile>
    <ClCompile Include="KeyCompressorPrefix.cc">
      <Filter>Source Files</Filter>
    </ClCompile>
    <ClCompile Include="KeyDecompressorNone.cc">
      <Filter>Source Files</Filter>
    </ClCompile>
    <ClCompile Include="KeyDecompressorPrefix.cc">
      <Filter>Source Files</Filter>
    </ClCompile>
    <ClCompile Include="LiveFileTracker.cc">
      <Filter>Source Files</Filter>
    </ClCompile>
    <ClCompile Include="MaintenancePrioritizer.cc">
      <Filter>Source Files</Filter>
    </ClCompile>
    <ClCompile Include="MaintenancePrioritizerLogCleanup.cc">
      <Filter>Source Files</Filter>
    </ClCompile>
    <ClCompile Include="MaintenancePrioritizerLowMemory.cc">
      <Filter>Source Files</Filter>
    </ClCompile>
    <ClCompile Include="MaintenanceQueue.cc">
      <Filter>Source Files</Filter>
    </ClCompile>
    <ClCompile Include="MaintenanceScheduler.cc">
      <Filter>Source Files</Filter>
    </ClCompile>
    <ClCompile Include="MaintenanceTaskCompaction.cc">
      <Filter>Source Files</Filter>
    </ClCompile>
    <ClCompile Include="MaintenanceTaskMemoryPurge.cc">
      <Filter>Source Files</Filter>
    </ClCompile>
    <ClCompile Include="MaintenanceTaskSplit.cc">
      <Filter>Source Files</Filter>
    </ClCompile>
    <ClCompile Include="MetadataNormal.cc">
      <Filter>Source Files</Filter>
    </ClCompile>
    <ClCompile Include="MetadataRoot.cc">
      <Filter>Source Files</Filter>
    </ClCompile>
    <ClCompile Include="QueryCache.cc">
      <Filter>Source Files</Filter>
    </ClCompile>
    <ClCompile Include="Range.cc">
      <Filter>Source Files</Filter>
    </ClCompile>
    <ClCompile Include="RangeServer.cc">
      <Filter>Source Files</Filter>
    </ClCompile>
    <ClCompile Include="ScanContext.cc">
      <Filter>Source Files</Filter>
    </ClCompile>
    <ClCompile Include="ScannerMap.cc">
      <Filter>Source Files</Filter>
    </ClCompile>
    <ClCompile Include="TableInfo.cc">
      <Filter>Source Files</Filter>
    </ClCompile>
    <ClCompile Include="TableInfoMap.cc">
      <Filter>Source Files</Filter>
    </ClCompile>
    <ClCompile Include="TimerHandler.cc">
      <Filter>Source Files</Filter>
    </ClCompile>
    <ClCompile Include="GroupCommit.cc">
      <Filter>Source Files</Filter>
    </ClCompile>
    <ClCompile Include="GroupCommitTimerHandler.cc">
      <Filter>Source Files</Filter>
    </ClCompile>
    <ClCompile Include="LoadMetricsRange.cc">
      <Filter>Source Files</Filter>
    </ClCompile>
    <ClCompile Include="MaintenanceTaskRelinquish.cc">
      <Filter>Source Files</Filter>
    </ClCompile>
    <ClCompile Include="MetaLogDefinitionRangeServer.cc">
      <Filter>Source Files</Filter>
    </ClCompile>
    <ClCompile Include="MetaLogEntityRange.cc">
      <Filter>Source Files</Filter>
    </ClCompile>
    <ClCompile Include="CellStoreTrailerV5.cc">
      <Filter>Source Files</Filter>
    </ClCompile>
    <ClCompile Include="CellStoreV5.cc">
      <Filter>Source Files</Filter>
    </ClCompile>
    <ClCompile Include="LocationInitializer.cc">
      <Filter>Source Files</Filter>
    </ClCompile>
    <ClCompile Include="MergeScannerAccessGroup.cc">
      <Filter>Source Files</Filter>
    </ClCompile>
    <ClCompile Include="MergeScannerRange.cc">
      <Filter>Source Files</Filter>
    </ClCompile>
    <ClCompile Include="CellCacheManager.cc">
      <Filter>Source Files</Filter>
    </ClCompile>
    <ClCompile Include="CellStoreTrailerV6.cc">
      <Filter>Source Files</Filter>
    </ClCompile>
    <ClCompile Include="CellStoreV6.cc">
      <Filter>Source Files</Filter>
    </ClCompile>
    <ClCompile Include="IndexUpdater.cc">
      <Filter>Source Files</Filter>
    </ClCompile>
    <ClCompile Include="MetaLogEntityTaskAcknowledgeRelinquish.cc">
      <Filter>Source Files</Filter>
    </ClCompile>
    <ClCompile Include="MaintenanceTaskWorkQueue.cc">
      <Filter>Source Files</Filter>
    </ClCompile>
    <ClCompile Include="CellListScannerBuffer.cc">
      <Filter>Source Files</Filter>
    </ClCompile>
    <ClCompile Include="FragmentData.cc">
      <Filter>Source Files</Filter>
    </ClCompile>
    <ClCompile Include="PhantomRange.cc">
      <Filter>Source Files</Filter>
    </ClCompile>
    <ClCompile Include="PhantomRangeMap.cc">
      <Filter>Source Files</Filter>
    </ClCompile>
    <ClCompile Include="ReplayBuffer.cc">
      <Filter>Source Files</Filter>
    </ClCompile>
    <ClCompile Include="ReplayDispatchHandler.cc">
      <Filter>Source Files</Filter>
    </ClCompile>
    <ClCompile Include="RangeReplayBuffer.cc">
      <Filter>Source Files</Filter>
    </ClCompile>
    <ClCompile Include="MaintenanceTaskDeferredInitialization.cc">
      <Filter>Source Files</Filter>
    </ClCompile>
    <ClCompile Include="AccessGroupHintsFile.cc">
      <Filter>Source Files</Filter>
    </ClCompile>
    <ClCompile Include="MetaLogEntityRemoveOkLogs.cc">
      <Filter>Source Files</Filter>
    </ClCompile>
    <ClCompile Include="ServerState.cc">
      <Filter>Source Files</Filter>
    </ClCompile>
    <ClCompile Include="CellStoreTrailerV7.cc">
      <Filter>Source Files</Filter>
    </ClCompile>
    <ClCompile Include="CellStoreV7.cc">
      <Filter>Source Files</Filter>
    </ClCompile>
    <ClCompile Include="HyperspaceTableCache.cc">
      <Filter>Source Files</Filter>
    </ClCompile>
    <ClCompile Include="LogReplayBarrier.cc">
      <Filter>Source Files</Filter>
    </ClCompile>
    <ClCompile Include="UpdatePipeline.cc">
      <Filter>Source Files</Filter>
    </ClCompile>
    <ClCompile Include="Request\Handler\AcknowledgeLoad.cc">
      <Filter>Source Files\Request\Handler</Filter>
    </ClCompile>
    <ClCompile Include="Request\Handler\CommitLogSync.cc">
      <Filter>Source Files\Request\Handler</Filter>
    </ClCompile>
    <ClCompile Include="Request\Handler\Compact.cc">
      <Filter>Source Files\Request\Handler</Filter>
    </ClCompile>
    <ClCompile Include="Request\Handler\CreateScanner.cc">
      <Filter>Source Files\Request\Handler</Filter>
    </ClCompile>
    <ClCompile Include="Request\Handler\DestroyScanner.cc">
      <Filter>Source Files\Request\Handler</Filter>
    </ClCompile>
    <ClCompile Include="Request\Handler\DoMaintenance.cc">
      <Filter>Source Files\Request\Handler</Filter>
    </ClCompile>
    <ClCompile Include="Request\Handler\DropRange.cc">
      <Filter>Source Files\Request\Handler</Filter>
    </ClCompile>
    <ClCompile Include="Request\Handler\DropTable.cc">
      <Filter>Source Files\Request\Handler</Filter>
    </ClCompile>
    <ClCompile Include="Request\Handler\Dump.cc">
      <Filter>Source Files\Request\Handler</Filter>
    </ClCompile>
    <ClCompile Include="Request\Handler\DumpPseudoTable.cc">
      <Filter>Source Files\Request\Handler</Filter>
    </ClCompile>
    <ClCompile Include="Request\Handler\FetchScanblock.cc">
      <Filter>Source Files\Request\Handler</Filter>
    </ClCompile>
    <ClCompile Include="Request\Handler\GetStatistics.cc">
      <Filter>Source Files\Request\Handler</Filter>
    </ClCompile>
    <ClCompile Include="Request\Handler\GroupCommit.cc">
      <Filter>Source Files\Request\Handler</Filter>
    </ClCompile>
    <ClCompile Include="Request\Handler\Heapcheck.cc">
      <Filter>Source Files\Request\Handler</Filter>
    </ClCompile>
    <ClCompile Include="Request\Handler\LoadRange.cc">
      <Filter>Source Files\Request\Handler</Filter>
    </ClCompile>
    <ClCompile Include="Request\Handler\MetadataSync.cc">
      <Filter>Source Files\Request\Handler</Filter>
    </ClCompile>
    <ClCompile Include="Request\Handler\PhantomCommitRanges.cc">
      <Filter>Source Files\Request\Handler</Filter>
    </ClCompile>
    <ClCompile Include="Request\Handler\PhantomLoad.cc">
      <Filter>Source Files\Request\Handler</Filter>
    </ClCompile>
    <ClCompile Include="Request\Handler\PhantomPrepareRanges.cc">
      <Filter>Source Files\Request\Handler</Filter>
    </ClCompile>
    <ClCompile Include="Request\Handler\PhantomUpdate.cc">
      <Filter>Source Files\Request\Handler</Filter>
    </ClCompile>
    <ClCompile Include="Request\Handler\RelinquishRange.cc">
      <Filter>Source Files\Request\Handler</Filter>
    </ClCompile>
    <ClCompile Include="Request\Handler\ReplayFragments.cc">
      <Filter>Source Files\Request\Handler</Filter>
    </ClCompile>
    <ClCompile Include="Request\Handler\SetState.cc">
      <Filter>Source Files\Request\Handler</Filter>
    </ClCompile>
    <ClCompile Include="Request\Handler\Shutdown.cc">
      <Filter>Source Files\Request\Handler</Filter>
    </ClCompile>
    <ClCompile Include="Request\Handler\Status.cc">
      <Filter>Source Files\Request\Handler</Filter>
    </ClCompile>
    <ClCompile Include="Request\Handler\TableMaintenanceDisable.cc">
      <Filter>Source Files\Request\Handler</Filter>
    </ClCompile>
    <ClCompile Include="Request\Handler\TableMaintenanceEnable.cc">
      <Filter>Source Files\Request\Handler</Filter>
    </ClCompile>
    <ClCompile Include="Request\Handler\Update.cc">
      <Filter>Source Files\Request\Handler</Filter>
    </ClCompile>
    <ClCompile Include="Request\Handler\UpdateSchema.cc">
      <Filter>Source Files\Request\Handler</Filter>
    </ClCompile>
    <ClCompile Include="Request\Handler\WaitForMaintenance.cc">
      <Filter>Source Files\Request\Handler</Filter>
    </ClCompile>
    <ClCompile Include="Response\Callback\AcknowledgeLoad.cc">
      <Filter>Source Files\Response\Callback</Filter>
    </ClCompile>
    <ClCompile Include="Response\Callback\CreateScanner.cc">
      <Filter>Source Files\Response\Callback</Filter>
    </ClCompile>
    <ClCompile Include="Response\Callback\GetStatistics.cc">
      <Filter>Source Files\Response\Callback</Filter>
    </ClCompile>
    <ClCompile Include="Response\Callback\PhantomUpdate.cc">
      <Filter>Source Files\Response\Callback</Filter>
    </ClCompile>
    <ClCompile Include="Response\Callback\Status.cc">
      <Filter>Source Files\Response\Callback</Filter>
    </ClCompile>
    <ClCompile Include="Response\Callback\Update.cc">
      <Filter>Source Files\Response\Callback</Filter>
    </ClCompile>
  </ItemGroup>
  <ItemGroup>
    <ClInclude Include="AccessGroup.h">
      <Filter>Source Files</Filter>
    </ClInclude>
    <ClInclude Include="AccessGroupGarbageTracker.h">
      <Filter>Source Files</Filter>
    </ClInclude>
    <ClInclude Include="CellCache.h">
      <Filter>Source Files</Filter>
    </ClInclude>
    <ClInclude Include="CellCacheAllocator.h">
      <Filter>Source Files</Filter>
    </ClInclude>
    <ClInclude Include="CellCacheScanner.h">
      <Filter>Source Files</Filter>
    </ClInclude>
    <ClInclude Include="CellList.h">
      <Filter>Source Files</Filter>
    </ClInclude>
    <ClInclude Include="CellListScanner.h">
      <Filter>Source Files</Filter>
    </ClInclude>
    <ClInclude Include="CellStore.h">
      <Filter>Source Files</Filter>
    </ClInclude>
    <ClInclude Include="CellStoreFactory.h">
      <Filter>Source Files</Filter>
    </ClInclude>
    <ClInclude Include="CellStoreReleaseCallback.h">
      <Filter>Source Files</Filter>
    </ClInclude>
    <ClInclude Include="CellStoreScanner.h">
      <Filter>Source Files</Filter>
    </ClInclude>
    <ClInclude Include="CellStoreScannerInterval.h">
      <Filter>Source Files</Filter>
    </ClInclude>
    <ClInclude Include="CellStoreScannerIntervalBlockIndex.h">
      <Filter>Source Files</Filter>
    </ClInclude>
    <ClInclude Include="CellStoreScannerIntervalReadahead.h">
      <Filter>Source Files</Filter>
    </ClInclude>
    <ClInclude Include="CellStoreTrailer.h">
      <Filter>Source Files</Filter>
    </ClInclude>
    <ClInclude Include="CellStoreTrailerV0.h">
      <Filter>Source Files</Filter>
    </ClInclude>
    <ClInclude Include="CellStoreTrailerV1.h">
      <Filter>Source Files</Filter>
    </ClInclude>
    <ClInclude Include="CellStoreTrailerV2.h">
      <Filter>Source Files</Filter>
    </ClInclude>
    <ClInclude Include="CellStoreTrailerV3.h">
      <Filter>Source Files</Filter>
    </ClInclude>
    <ClInclude Include="CellStoreTrailerV4.h">
      <Filter>Source Files</Filter>
    </ClInclude>
    <ClInclude Include="CellStoreV0.h">
      <Filter>Source Files</Filter>
    </ClInclude>
    <ClInclude Include="CellStoreV1.h">
      <Filter>Source Files</Filter>
    </ClInclude>
    <ClInclude Include="CellStoreV2.h">
      <Filter>Source Files</Filter>
    </ClInclude>
    <ClInclude Include="CellStoreV3.h">
      <Filter>Source Files</Filter>
    </ClInclude>
    <ClInclude Include="CellStoreV4.h">
      <Filter>Source Files</Filter>
    </ClInclude>
    <ClInclude Include="Config.h">
      <Filter>Source Files</Filter>
    </ClInclude>
    <ClInclude Include="ConnectionHandler.h">
      <Filter>Source Files</Filter>
    </ClInclude>
    <ClInclude Include="FileBlockCache.h">
      <Filter>Source Files</Filter>
    </ClInclude>
    <ClInclude Include="FillScanBlock.h">
      <Filter>Source Files</Filter>
    </ClInclude>
    <ClInclude Include="Global.h">
      <Filter>Source Files</Filter>
    </ClInclude>
    <ClInclude Include="HandlerFactory.h">
      <Filter>Source Files</Filter>
    </ClInclude>
    <ClInclude Include="HyperspaceSessionHandler.h">
      <Filter>Source Files</Filter>
    </ClInclude>
    <ClInclude Include="KeyCompressor.h">
      <Filter>Source Files</Filter>
    </ClInclude>
    <ClInclude Include="KeyCompressorNone.h">
      <Filter>Source Files</Filter>
    </ClInclude>
    <ClInclude Include="KeyCompressorPrefix.h">
      <Filter>Source Files</Filter>
    </ClInclude>
    <ClInclude Include="KeyDecompressor.h">
      <Filter>Source Files</Filter>
    </ClInclude>
    <ClInclude Include="KeyDecompressorNone.h">
      <Filter>Source Files</Filter>
    </ClInclude>
    <ClInclude Include="KeyDecompressorPrefix.h">
      <Filter>Source Files</Filter>
    </ClInclude>
    <ClInclude Include="LiveFileTracker.h">
      <Filter>Source Files</Filter>
    </ClInclude>
    <ClInclude Include="MaintenanceFlag.h">
      <Filter>Source Files</Filter>
    </ClInclude>
    <ClInclude Include="MaintenancePrioritizer.h">
      <Filter>Source Files</Filter>
    </ClInclude>
    <ClInclude Include="MaintenancePrioritizerLogCleanup.h">
      <Filter>Source Files</Filter>
    </ClInclude>
    <ClInclude Include="MaintenancePrioritizerLowMemory.h">
      <Filter>Source Files</Filter>
    </ClInclude>
    <ClInclude Include="MaintenanceQueue.h">
      <Filter>Source Files</Filter>
    </ClInclude>
    <ClInclude Include="MaintenanceScheduler.h">
      <Filter>Source Files</Filter>
    </ClInclude>
    <ClInclude Include="MaintenanceTask.h">
      <Filter>Source Files</Filter>
    </ClInclude>
    <ClInclude Include="MaintenanceTaskCompaction.h">
      <Filter>Source Files</Filter>
    </ClInclude>
    <ClInclude Include="MaintenanceTaskMemoryPurge.h">
      <Filter>Source Files</Filter>
    </ClInclude>
    <ClInclude Include="MaintenanceTaskSplit.h">
      <Filter>Source Files</Filter>
    </ClInclude>
    <ClInclude Include="MemoryTracker.h">
      <Filter>Source Files</Filter>
    </ClInclude>
    <ClInclude Include="Metadata.h">
      <Filter>Source Files</Filter>
    </ClInclude>
    <ClInclude Include="MetadataNormal.h">
      <Filter>Source Files</Filter>
    </ClInclude>
    <ClInclude Include="MetadataRoot.h">
      <Filter>Source Files</Filter>
    </ClInclude>
    <ClInclude Include="QueryCache.h">
      <Filter>Source Files</Filter>
    </ClInclude>
    <ClInclude Include="Range.h">
      <Filter>Source Files</Filter>
    </ClInclude>
    <ClInclude Include="RangeMaintenanceGuard.h">
      <Filter>Source Files</Filter>
    </ClInclude>
    <ClInclude Include="RangeServer.h">
      <Filter>Source Files</Filter>
    </ClInclude>
    <ClInclude Include="RangeSet.h">
      <Filter>Source Files</Filter>
    </ClInclude>
    <ClInclude Include="RSStats.h">
      <Filter>Source Files</Filter>
    </ClInclude>
    <ClInclude Include="ScanContext.h">
      <Filter>Source Files</Filter>
    </ClInclude>
    <ClInclude Include="ScannerMap.h">
      <Filter>Source Files</Filter>
    </ClInclude>
    <ClInclude Include="TableInfo.h">
      <Filter>Source Files</Filter>
    </ClInclude>
    <ClInclude Include="TableInfoMap.h">
      <Filter>Source Files</Filter>
    </ClInclude>
    <ClInclude Include="TimerHandler.h">
      <Filter>Source Files</Filter>
    </ClInclude>
    <ClInclude Include="GroupCommit.h">
      <Filter>Source Files</Filter>
    </ClInclude>
    <ClInclude Include="GroupCommitInterface.h">
      <Filter>Source Files</Filter>
    </ClInclude>
    <ClInclude Include="GroupCommitTimerHandler.h">
      <Filter>Source Files</Filter>
    </ClInclude>
    <ClInclude Include="LoadMetricsRange.h">
      <Filter>Source Files</Filter>
    </ClInclude>
    <ClInclude Include="MaintenanceTaskRelinquish.h">
      <Filter>Source Files</Filter>
    </ClInclude>
    <ClInclude Include="MetaLogDefinitionRangeServer.h">
      <Filter>Source Files</Filter>
    </ClInclude>
    <ClInclude Include="MetaLogEntityRange.h">
      <Filter>Source Files</Filter>
    </ClInclude>
    <ClInclude Include="RangeTransferInfo.h">
      <Filter>Source Files</Filter>
    </ClInclude>
    <ClInclude Include="CellStoreTrailerV5.h">
      <Filter>Source Files</Filter>
    </ClInclude>
    <ClInclude Include="CellStoreV5.h">
      <Filter>Source Files</Filter>
    </ClInclude>
    <ClInclude Include="LocationInitializer.h">
      <Filter>Source Files</Filter>
    </ClInclude>
    <ClInclude Include="LoadFactors.h">
      <Filter>Source Files</Filter>
    </ClInclude>
    <ClInclude Include="CellStoreInfo.h">
      <Filter>Source Files</Filter>
    </ClInclude>
    <ClInclude Include="CellStoreBlockIndexArray.h">
      <Filter>Source Files</Filter>
    </ClInclude>
    <ClInclude Include="MergeScannerAccessGroup.h">
      <Filter>Source Files</Filter>
    </ClInclude>
    <ClInclude Include="MergeScannerRange.h">
      <Filter>Source Files</Filter>
    </ClInclude>
    <ClInclude Include="CellCacheManager.h">
      <Filter>Source Files</Filter>
    </ClInclude>
    <ClInclude Include="CellStoreTrailerV6.h">
      <Filter>Source Files</Filter>
    </ClInclude>
    <ClInclude Include="CellStoreV6.h">
      <Filter>Source Files</Filter>
    </ClInclude>
    <ClInclude Include="IndexUpdater.h">
      <Filter>Source Files</Filter>
    </ClInclude>
    <ClInclude Include="MetaLogEntityTaskAcknowledgeRelinquish.h">
      <Filter>Source Files</Filter>
    </ClInclude>
    <ClInclude Include="MaintenanceTaskWorkQueue.h">
      <Filter>Source Files</Filter>
    </ClInclude>
    <ClInclude Include="CellListScannerBuffer.h">
      <Filter>Source Files</Filter>
    </ClInclude>
    <ClInclude Include="FragmentData.h">
      <Filter>Source Files</Filter>
    </ClInclude>
    <ClInclude Include="PhantomRange.h">
      <Filter>Source Files</Filter>
    </ClInclude>
    <ClInclude Include="PhantomRangeMap.h">
      <Filter>Source Files</Filter>
    </ClInclude>
    <ClInclude Include="ReplayBuffer.h">
      <Filter>Source Files</Filter>
    </ClInclude>
    <ClInclude Include="ReplayDispatchHandler.h">
      <Filter>Source Files</Filter>
    </ClInclude>
    <ClInclude Include="MetaLogEntityTask.h">
      <Filter>Source Files</Filter>
    </ClInclude>
    <ClInclude Include="RangeReplayBuffer.h">
      <Filter>Source Files</Filter>
    </ClInclude>
    <ClInclude Include="MaintenanceTaskDeferredInitialization.h">
      <Filter>Source Files</Filter>
    </ClInclude>
    <ClInclude Include="AccessGroupHintsFile.h">
      <Filter>Source Files</Filter>
    </ClInclude>
    <ClInclude Include="MetaLogEntityRemoveOkLogs.h">
      <Filter>Source Files</Filter>
    </ClInclude>
    <ClInclude Include="LoadStatistics.h">
      <Filter>Source Files</Filter>
    </ClInclude>
    <ClInclude Include="ServerState.h">
      <Filter>Source Files</Filter>
    </ClInclude>
    <ClInclude Include="CellStoreTrailerV7.h">
      <Filter>Source Files</Filter>
    </ClInclude>
    <ClInclude Include="CellStoreV7.h">
      <Filter>Source Files</Filter>
    </ClInclude>
    <ClInclude Include="Context.h">
      <Filter>Source Files</Filter>
    </ClInclude>
    <ClInclude Include="HyperspaceTableCache.h">
      <Filter>Source Files</Filter>
    </ClInclude>
    <ClInclude Include="LogReplayBarrier.h">
      <Filter>Source Files</Filter>
    </ClInclude>
    <ClInclude Include="UpdateContext.h">
      <Filter>Source Files</Filter>
    </ClInclude>
    <ClInclude Include="UpdatePipeline.h">
      <Filter>Source Files</Filter>
    </ClInclude>
    <ClInclude Include="UpdateRecRange.h">
      <Filter>Source Files</Filter>
    </ClInclude>
    <ClInclude Include="UpdateRecTable.h">
      <Filter>Source Files</Filter>
    </ClInclude>
    <ClInclude Include="UpdateRequest.h">
      <Filter>Source Files</Filter>
    </ClInclude>
    <ClInclude Include="Request\Handler\AcknowledgeLoad.h">
      <Filter>Source Files\Request\Handler</Filter>
    </ClInclude>
    <ClInclude Include="Request\Handler\CommitLogSync.h">
      <Filter>Source Files\Request\Handler</Filter>
    </ClInclude>
    <ClInclude Include="Request\Handler\Compact.h">
      <Filter>Source Files\Request\Handler</Filter>
    </ClInclude>
    <ClInclude Include="Request\Handler\CreateScanner.h">
      <Filter>Source Files\Request\Handler</Filter>
    </ClInclude>
    <ClInclude Include="Request\Handler\DestroyScanner.h">
      <Filter>Source Files\Request\Handler</Filter>
    </ClInclude>
    <ClInclude Include="Request\Handler\DoMaintenance.h">
      <Filter>Source Files\Request\Handler</Filter>
    </ClInclude>
    <ClInclude Include="Request\Handler\DropRange.h">
      <Filter>Source Files\Request\Handler</Filter>
    </ClInclude>
    <ClInclude Include="Request\Handler\DropTable.h">
      <Filter>Source Files\Request\Handler</Filter>
    </ClInclude>
    <ClInclude Include="Request\Handler\Dump.h">
      <Filter>Source Files\Request\Handler</Filter>
    </ClInclude>
    <ClInclude Include="Request\Handler\DumpPseudoTable.h">
      <Filter>Source Files\Request\Handler</Filter>
    </ClInclude>
    <ClInclude Include="Request\Handler\FetchScanblock.h">
      <Filter>Source Files\Request\Handler</Filter>
    </ClInclude>
    <ClInclude Include="Request\Handler\GetStatistics.h">
      <Filter>Source Files\Request\Handler</Filter>
    </ClInclude>
    <ClInclude Include="Request\Handler\GroupCommit.h">
      <Filter>Source Files\Request\Handler</Filter>
    </ClInclude>
    <ClInclude Include="Request\Handler\Heapcheck.h">
      <Filter>Source Files\Request\Handler</Filter>
    </ClInclude>
    <ClInclude Include="Request\Handler\LoadRange.h">
      <Filter>Source Files\Request\Handler</Filter>
    </ClInclude>
    <ClInclude Include="Request\Handler\MetadataSync.h">
      <Filter>Source Files\Request\Handler</Filter>
    </ClInclude>
    <ClInclude Include="Request\Handler\PhantomCommitRanges.h">
      <Filter>Source Files\Request\Handler</Filter>
    </ClInclude>
    <ClInclude Include="Request\Handler\PhantomLoad.h">
      <Filter>Source Files\Request\Handler</Filter>
    </ClInclude>
    <ClInclude Include="Request\Handler\PhantomPrepareRanges.h">
      <Filter>Source Files\Request\Handler</Filter>
    </ClInclude>
    <ClInclude Include="Request\Handler\PhantomUpdate.h">
      <Filter>Source Files\Request\Handler</Filter>
    </ClInclude>
    <ClInclude Include="Request\Handler\RelinquishRange.h">
      <Filter>Source Files\Request\Handler</Filter>
    </ClInclude>
    <ClInclude Include="Request\Handler\ReplayFragments.h">
      <Filter>Source Files\Request\Handler</Filter>
    </ClInclude>
    <ClInclude Include="Request\Handler\SetState.h">
      <Filter>Source Files\Request\Handler</Filter>
    </ClInclude>
    <ClInclude Include="Request\Handler\Shutdown.h">
      <Filter>Source Files\Request\Handler</Filter>
    </ClInclude>
    <ClInclude Include="Request\Handler\Status.h">
      <Filter>Source Files\Request\Handler</Filter>
    </ClInclude>
    <ClInclude Include="Request\Handler\TableMaintenanceDisable.h">
      <Filter>Source Files\Request\Handler</Filter>
    </ClInclude>
    <ClInclude Include="Request\Handler\TableMaintenanceEnable.h">
      <Filter>Source Files\Request\Handler</Filter>
    </ClInclude>
    <ClInclude Include="Request\Handler\Update.h">
      <Filter>Source Files\Request\Handler</Filter>
    </ClInclude>
    <ClInclude Include="Request\Handler\UpdateSchema.h">
      <Filter>Source Files\Request\Handler</Filter>
    </ClInclude>
    <ClInclude Include="Request\Handler\WaitForMaintenance.h">
      <Filter>Source Files\Request\Handler</Filter>
    </ClInclude>
    <ClInclude Include="Response\Callback\AcknowledgeLoad.h">
      <Filter>Source Files\Response\Callback</Filter>
    </ClInclude>
    <ClInclude Include="Response\Callback\CreateScanner.h">
      <Filter>Source Files\Response\Callback</Filter>
    </ClInclude>
    <ClInclude Include="Response\Callback\GetStatistics.h">
      <Filter>Source Files\Response\Callback</Filter>
    </ClInclude>
    <ClInclude Include="Response\Callback\PhantomUpdate.h">
      <Filter>Source Files\Response\Callback</Filter>
    </ClInclude>
    <ClInclude Include="Response\Callback\Status.h">
      <Filter>Source Files\Response\Callback</Filter>
    </ClInclude>
    <ClInclude Include="Response\Callback\Update.h">
      <Filter>Source Files\Response\Callback</Filter>
    </ClInclude>
    <ClInclude Include="TransferLog.h">
      <Filter>Source Files</Filter>
    </ClInclude>
  </ItemGroup>
</Project>