<?xml version="1.0" encoding="utf-8"?>
<Project ToolsVersion="4.0" xmlns="http://schemas.microsoft.com/developer/msbuild/2003">
  <ItemGroup>
    <Filter Include="Source Files">
      <UniqueIdentifier>{4FC737F1-C7A5-4376-A066-2A32D752A2FF}</UniqueIdentifier>
      <Extensions>cpp;c;cc;cxx;def;odl;idl;hpj;bat;asm;asmx</Extensions>
    </Filter>
  </ItemGroup>
  <ItemGroup>
    <ClCompile Include="..\..\stdafx.cc">
      <Filter>Source Files</Filter>
    </ClCompile>
    <ClCompile Include="AccessGroup.cc">
      <Filter>Source Files</Filter>
    </ClCompile>
    <ClCompile Include="AccessGroupGarbageTracker.cc">
      <Filter>Source Files</Filter>
    </ClCompile>
    <ClCompile Include="CellCache.cc">
      <Filter>Source Files</Filter>
    </ClCompile>
    <ClCompile Include="CellCacheAllocator.cc">
      <Filter>Source Files</Filter>
    </ClCompile>
    <ClCompile Include="CellCacheScanner.cc">
      <Filter>Source Files</Filter>
    </ClCompile>
    <ClCompile Include="CellStore.cc">
      <Filter>Source Files</Filter>
    </ClCompile>
    <ClCompile Include="CellStoreFactory.cc">
      <Filter>Source Files</Filter>
    </ClCompile>
    <ClCompile Include="CellStoreReleaseCallback.cc">
      <Filter>Source Files</Filter>
    </ClCompile>
    <ClCompile Include="CellStoreScanner.cc">
      <Filter>Source Files</Filter>
    </ClCompile>
    <ClCompile Include="CellStoreScannerIntervalBlockIndex.cc">
      <Filter>Source Files</Filter>
    </ClCompile>
    <ClCompile Include="CellStoreScannerIntervalReadahead.cc">
      <Filter>Source Files</Filter>
    </ClCompile>
    <ClCompile Include="CellStoreTrailerV0.cc">
      <Filter>Source Files</Filter>
    </ClCompile>
    <ClCompile Include="CellStoreTrailerV1.cc">
      <Filter>Source Files</Filter>
    </ClCompile>
    <ClCompile Include="CellStoreTrailerV2.cc">
      <Filter>Source Files</Filter>
    </ClCompile>
    <ClCompile Include="CellStoreTrailerV3.cc">
      <Filter>Source Files</Filter>
    </ClCompile>
    <ClCompile Include="CellStoreTrailerV4.cc">
      <Filter>Source Files</Filter>
    </ClCompile>
    <ClCompile Include="CellStoreV0.cc">
      <Filter>Source Files</Filter>
    </ClCompile>
    <ClCompile Include="CellStoreV1.cc">
      <Filter>Source Files</Filter>
    </ClCompile>
    <ClCompile Include="CellStoreV2.cc">
      <Filter>Source Files</Filter>
    </ClCompile>
    <ClCompile Include="CellStoreV3.cc">
      <Filter>Source Files</Filter>
    </ClCompile>
    <ClCompile Include="CellStoreV4.cc">
      <Filter>Source Files</Filter>
    </ClCompile>
    <ClCompile Include="Config.cc">
      <Filter>Source Files</Filter>
    </ClCompile>
    <ClCompile Include="ConnectionHandler.cc">
      <Filter>Source Files</Filter>
    </ClCompile>
    <ClCompile Include="EventHandlerMasterConnection.cc">
      <Filter>Source Files</Filter>
    </ClCompile>
    <ClCompile Include="FileBlockCache.cc">
      <Filter>Source Files</Filter>
    </ClCompile>
    <ClCompile Include="FillScanBlock.cc">
      <Filter>Source Files</Filter>
    </ClCompile>
    <ClCompile Include="Global.cc">
      <Filter>Source Files</Filter>
    </ClCompile>
    <ClCompile Include="HyperspaceSessionHandler.cc">
      <Filter>Source Files</Filter>
    </ClCompile>
    <ClCompile Include="KeyCompressorNone.cc">
      <Filter>Source Files</Filter>
    </ClCompile>
    <ClCompile Include="KeyCompressorPrefix.cc">
      <Filter>Source Files</Filter>
    </ClCompile>
    <ClCompile Include="KeyDecompressorNone.cc">
      <Filter>Source Files</Filter>
    </ClCompile>
    <ClCompile Include="KeyDecompressorPrefix.cc">
      <Filter>Source Files</Filter>
    </ClCompile>
    <ClCompile Include="LiveFileTracker.cc">
      <Filter>Source Files</Filter>
    </ClCompile>
    <ClCompile Include="Location.cc">
      <Filter>Source Files</Filter>
    </ClCompile>
    <ClCompile Include="MaintenancePrioritizer.cc">
      <Filter>Source Files</Filter>
    </ClCompile>
    <ClCompile Include="MaintenancePrioritizerLogCleanup.cc">
      <Filter>Source Files</Filter>
    </ClCompile>
    <ClCompile Include="MaintenancePrioritizerLowMemory.cc">
      <Filter>Source Files</Filter>
    </ClCompile>
    <ClCompile Include="MaintenanceQueue.cc">
      <Filter>Source Files</Filter>
    </ClCompile>
    <ClCompile Include="MaintenanceScheduler.cc">
      <Filter>Source Files</Filter>
    </ClCompile>
    <ClCompile Include="MaintenanceTaskCompaction.cc">
      <Filter>Source Files</Filter>
    </ClCompile>
    <ClCompile Include="MaintenanceTaskMemoryPurge.cc">
      <Filter>Source Files</Filter>
    </ClCompile>
    <ClCompile Include="MaintenanceTaskSplit.cc">
      <Filter>Source Files</Filter>
    </ClCompile>
    <ClCompile Include="MergeScanner.cc">
      <Filter>Source Files</Filter>
    </ClCompile>
    <ClCompile Include="MetadataNormal.cc">
      <Filter>Source Files</Filter>
    </ClCompile>
    <ClCompile Include="MetadataRoot.cc">
      <Filter>Source Files</Filter>
    </ClCompile>
    <ClCompile Include="QueryCache.cc">
      <Filter>Source Files</Filter>
    </ClCompile>
    <ClCompile Include="Range.cc">
      <Filter>Source Files</Filter>
    </ClCompile>
    <ClCompile Include="RangeServer.cc">
      <Filter>Source Files</Filter>
    </ClCompile>
    <ClCompile Include="RangeStatsGatherer.cc">
      <Filter>Source Files</Filter>
    </ClCompile>
    <ClCompile Include="RequestHandlerClose.cc">
      <Filter>Source Files</Filter>
    </ClCompile>
    <ClCompile Include="RequestHandlerCommitLogSync.cc">
      <Filter>Source Files</Filter>
    </ClCompile>
    <ClCompile Include="RequestHandlerCompact.cc">
      <Filter>Source Files</Filter>
    </ClCompile>
    <ClCompile Include="RequestHandlerCreateScanner.cc">
      <Filter>Source Files</Filter>
    </ClCompile>
    <ClCompile Include="RequestHandlerDestroyScanner.cc">
      <Filter>Source Files</Filter>
    </ClCompile>
    <ClCompile Include="RequestHandlerDoMaintenance.cc">
      <Filter>Source Files</Filter>
    </ClCompile>
    <ClCompile Include="RequestHandlerDropRange.cc">
      <Filter>Source Files</Filter>
    </ClCompile>
    <ClCompile Include="RequestHandlerDropTable.cc">
      <Filter>Source Files</Filter>
    </ClCompile>
    <ClCompile Include="RequestHandlerDump.cc">
      <Filter>Source Files</Filter>
    </ClCompile>
    <ClCompile Include="RequestHandlerFetchScanblock.cc">
      <Filter>Source Files</Filter>
    </ClCompile>
    <ClCompile Include="RequestHandlerGetStatistics.cc">
      <Filter>Source Files</Filter>
    </ClCompile>
    <ClCompile Include="RequestHandlerLoadRange.cc">
      <Filter>Source Files</Filter>
    </ClCompile>
    <ClCompile Include="RequestHandlerReplayBegin.cc">
      <Filter>Source Files</Filter>
    </ClCompile>
    <ClCompile Include="RequestHandlerReplayCommit.cc">
      <Filter>Source Files</Filter>
    </ClCompile>
    <ClCompile Include="RequestHandlerReplayLoadRange.cc">
      <Filter>Source Files</Filter>
    </ClCompile>
    <ClCompile Include="RequestHandlerReplayUpdate.cc">
      <Filter>Source Files</Filter>
    </ClCompile>
    <ClCompile Include="RequestHandlerStatus.cc">
      <Filter>Source Files</Filter>
    </ClCompile>
    <ClCompile Include="RequestHandlerUpdate.cc">
      <Filter>Source Files</Filter>
    </ClCompile>
    <ClCompile Include="RequestHandlerUpdateSchema.cc">
      <Filter>Source Files</Filter>
    </ClCompile>
    <ClCompile Include="ResponseCallbackCreateScanner.cc">
      <Filter>Source Files</Filter>
    </ClCompile>
    <ClCompile Include="ResponseCallbackFetchScanblock.cc">
      <Filter>Source Files</Filter>
    </ClCompile>
    <ClCompile Include="ResponseCallbackGetStatistics.cc">
      <Filter>Source Files</Filter>
    </ClCompile>
    <ClCompile Include="ResponseCallbackUpdate.cc">
      <Filter>Source Files</Filter>
    </ClCompile>
    <ClCompile Include="ScanContext.cc">
      <Filter>Source Files</Filter>
    </ClCompile>
    <ClCompile Include="ScannerMap.cc">
      <Filter>Source Files</Filter>
    </ClCompile>
    <ClCompile Include="TableIdCache.cc">
      <Filter>Source Files</Filter>
    </ClCompile>
    <ClCompile Include="TableInfo.cc">
      <Filter>Source Files</Filter>
    </ClCompile>
    <ClCompile Include="TableInfoMap.cc">
      <Filter>Source Files</Filter>
    </ClCompile>
    <ClCompile Include="TimerHandler.cc">
      <Filter>Source Files</Filter>
    </ClCompile>
    <ClCompile Include="GroupCommit.cc">
      <Filter>Source Files</Filter>
    </ClCompile>
    <ClCompile Include="GroupCommitTimerHandler.cc">
      <Filter>Source Files</Filter>
    </ClCompile>
    <ClCompile Include="RequestHandlerGroupCommit.cc">
      <Filter>Source Files</Filter>
    </ClCompile>
    <ClCompile Include="LoadMetricsRange.cc">
      <Filter>Source Files</Filter>
    </ClCompile>
    <ClCompile Include="RequestHandlerRelinquishRange.cc">
      <Filter>Source Files</Filter>
    </ClCompile>
    <ClCompile Include="MaintenanceTaskRelinquish.cc">
      <Filter>Source Files</Filter>
    </ClCompile>
    <ClCompile Include="MetaLogDefinitionRangeServer.cc">
      <Filter>Source Files</Filter>
    </ClCompile>
    <ClCompile Include="MetaLogEntityRange.cc">
      <Filter>Source Files</Filter>
    </ClCompile>
    <ClCompile Include="RequestHandlerWaitForMaintenance.cc">
      <Filter>Source Files</Filter>
    </ClCompile>
    <ClCompile Include="..\Lib\CommitLog.cc">
      <Filter>Source Files</Filter>
    </ClCompile>
    <ClCompile Include="..\Lib\CommitLogBlockStream.cc">
      <Filter>Source Files</Filter>
    </ClCompile>
    <ClCompile Include="..\Lib\CommitLogReader.cc">
      <Filter>Source Files</Filter>
    </ClCompile>
    <ClCompile Include="CellStoreTrailerV5.cc">
      <Filter>Source Files</Filter>
    </ClCompile>
    <ClCompile Include="CellStoreV5.cc">
      <Filter>Source Files</Filter>
    </ClCompile>
  </ItemGroup>
  <ItemGroup>
    <ClInclude Include="AccessGroup.h">
      <Filter>Source Files</Filter>
    </ClInclude>
    <ClInclude Include="AccessGroupGarbageTracker.h">
      <Filter>Source Files</Filter>
    </ClInclude>
    <ClInclude Include="CellCache.h">
      <Filter>Source Files</Filter>
    </ClInclude>
    <ClInclude Include="CellCacheAllocator.h">
      <Filter>Source Files</Filter>
    </ClInclude>
    <ClInclude Include="CellCacheScanner.h">
      <Filter>Source Files</Filter>
    </ClInclude>
    <ClInclude Include="CellList.h">
      <Filter>Source Files</Filter>
    </ClInclude>
    <ClInclude Include="CellListScanner.h">
      <Filter>Source Files</Filter>
    </ClInclude>
    <ClInclude Include="CellStore.h">
      <Filter>Source Files</Filter>
    </ClInclude>
    <ClInclude Include="CellStoreBlockIndexMap.h">
      <Filter>Source Files</Filter>
    </ClInclude>
    <ClInclude Include="CellStoreFactory.h">
      <Filter>Source Files</Filter>
    </ClInclude>
    <ClInclude Include="CellStoreReleaseCallback.h">
      <Filter>Source Files</Filter>
    </ClInclude>
    <ClInclude Include="CellStoreScanner.h">
      <Filter>Source Files</Filter>
    </ClInclude>
    <ClInclude Include="CellStoreScannerInterval.h">
      <Filter>Source Files</Filter>
    </ClInclude>
    <ClInclude Include="CellStoreScannerIntervalBlockIndex.h">
      <Filter>Source Files</Filter>
    </ClInclude>
    <ClInclude Include="CellStoreScannerIntervalReadahead.h">
      <Filter>Source Files</Filter>
    </ClInclude>
    <ClInclude Include="CellStoreTrailer.h">
      <Filter>Source Files</Filter>
    </ClInclude>
    <ClInclude Include="CellStoreTrailerV0.h">
      <Filter>Source Files</Filter>
    </ClInclude>
    <ClInclude Include="CellStoreTrailerV1.h">
      <Filter>Source Files</Filter>
    </ClInclude>
    <ClInclude Include="CellStoreTrailerV2.h">
      <Filter>Source Files</Filter>
    </ClInclude>
    <ClInclude Include="CellStoreTrailerV3.h">
      <Filter>Source Files</Filter>
    </ClInclude>
    <ClInclude Include="CellStoreTrailerV4.h">
      <Filter>Source Files</Filter>
    </ClInclude>
    <ClInclude Include="CellStoreV0.h">
      <Filter>Source Files</Filter>
    </ClInclude>
    <ClInclude Include="CellStoreV1.h">
      <Filter>Source Files</Filter>
    </ClInclude>
    <ClInclude Include="CellStoreV2.h">
      <Filter>Source Files</Filter>
    </ClInclude>
    <ClInclude Include="CellStoreV3.h">
      <Filter>Source Files</Filter>
    </ClInclude>
    <ClInclude Include="CellStoreV4.h">
      <Filter>Source Files</Filter>
    </ClInclude>
    <ClInclude Include="Config.h">
      <Filter>Source Files</Filter>
    </ClInclude>
    <ClInclude Include="ConnectionHandler.h">
      <Filter>Source Files</Filter>
    </ClInclude>
    <ClInclude Include="EventHandlerMasterConnection.h">
      <Filter>Source Files</Filter>
    </ClInclude>
    <ClInclude Include="FileBlockCache.h">
      <Filter>Source Files</Filter>
    </ClInclude>
    <ClInclude Include="FillScanBlock.h">
      <Filter>Source Files</Filter>
    </ClInclude>
    <ClInclude Include="Global.h">
      <Filter>Source Files</Filter>
    </ClInclude>
    <ClInclude Include="HandlerFactory.h">
      <Filter>Source Files</Filter>
    </ClInclude>
    <ClInclude Include="HyperspaceSessionHandler.h">
      <Filter>Source Files</Filter>
    </ClInclude>
    <ClInclude Include="KeyCompressor.h">
      <Filter>Source Files</Filter>
    </ClInclude>
    <ClInclude Include="KeyCompressorNone.h">
      <Filter>Source Files</Filter>
    </ClInclude>
    <ClInclude Include="KeyCompressorPrefix.h">
      <Filter>Source Files</Filter>
    </ClInclude>
    <ClInclude Include="KeyDecompressor.h">
      <Filter>Source Files</Filter>
    </ClInclude>
    <ClInclude Include="KeyDecompressorNone.h">
      <Filter>Source Files</Filter>
    </ClInclude>
    <ClInclude Include="KeyDecompressorPrefix.h">
      <Filter>Source Files</Filter>
    </ClInclude>
    <ClInclude Include="LiveFileTracker.h">
      <Filter>Source Files</Filter>
    </ClInclude>
    <ClInclude Include="Location.h">
      <Filter>Source Files</Filter>
    </ClInclude>
    <ClInclude Include="MaintenanceFlag.h">
      <Filter>Source Files</Filter>
    </ClInclude>
    <ClInclude Include="MaintenancePrioritizer.h">
      <Filter>Source Files</Filter>
    </ClInclude>
    <ClInclude Include="MaintenancePrioritizerLogCleanup.h">
      <Filter>Source Files</Filter>
    </ClInclude>
    <ClInclude Include="MaintenancePrioritizerLowMemory.h">
      <Filter>Source Files</Filter>
    </ClInclude>
    <ClInclude Include="MaintenanceQueue.h">
      <Filter>Source Files</Filter>
    </ClInclude>
    <ClInclude Include="MaintenanceScheduler.h">
      <Filter>Source Files</Filter>
    </ClInclude>
    <ClInclude Include="MaintenanceTask.h">
      <Filter>Source Files</Filter>
    </ClInclude>
    <ClInclude Include="MaintenanceTaskCompaction.h">
      <Filter>Source Files</Filter>
    </ClInclude>
    <ClInclude Include="MaintenanceTaskMemoryPurge.h">
      <Filter>Source Files</Filter>
    </ClInclude>
    <ClInclude Include="MaintenanceTaskSplit.h">
      <Filter>Source Files</Filter>
    </ClInclude>
    <ClInclude Include="MemoryTracker.h">
      <Filter>Source Files</Filter>
    </ClInclude>
    <ClInclude Include="MergeScanner.h">
      <Filter>Source Files</Filter>
    </ClInclude>
    <ClInclude Include="Metadata.h">
      <Filter>Source Files</Filter>
    </ClInclude>
    <ClInclude Include="MetadataNormal.h">
      <Filter>Source Files</Filter>
    </ClInclude>
    <ClInclude Include="MetadataRoot.h">
      <Filter>Source Files</Filter>
    </ClInclude>
    <ClInclude Include="QueryCache.h">
      <Filter>Source Files</Filter>
    </ClInclude>
    <ClInclude Include="Range.h">
      <Filter>Source Files</Filter>
    </ClInclude>
    <ClInclude Include="RangeMaintenanceGuard.h">
      <Filter>Source Files</Filter>
    </ClInclude>
    <ClInclude Include="RangeServer.h">
      <Filter>Source Files</Filter>
    </ClInclude>
    <ClInclude Include="RangeSet.h">
      <Filter>Source Files</Filter>
    </ClInclude>
    <ClInclude Include="RangeStatsGatherer.h">
      <Filter>Source Files</Filter>
    </ClInclude>
    <ClInclude Include="RequestHandlerClose.h">
      <Filter>Source Files</Filter>
    </ClInclude>
    <ClInclude Include="RequestHandlerCommitLogSync.h">
      <Filter>Source Files</Filter>
    </ClInclude>
    <ClInclude Include="RequestHandlerCompact.h">
      <Filter>Source Files</Filter>
    </ClInclude>
    <ClInclude Include="RequestHandlerCreateScanner.h">
      <Filter>Source Files</Filter>
    </ClInclude>
    <ClInclude Include="RequestHandlerDestroyScanner.h">
      <Filter>Source Files</Filter>
    </ClInclude>
    <ClInclude Include="RequestHandlerDoMaintenance.h">
      <Filter>Source Files</Filter>
    </ClInclude>
    <ClInclude Include="RequestHandlerDropRange.h">
      <Filter>Source Files</Filter>
    </ClInclude>
    <ClInclude Include="RequestHandlerDropTable.h">
      <Filter>Source Files</Filter>
    </ClInclude>
    <ClInclude Include="RequestHandlerDump.h">
      <Filter>Source Files</Filter>
    </ClInclude>
    <ClInclude Include="RequestHandlerFetchScanblock.h">
      <Filter>Source Files</Filter>
    </ClInclude>
    <ClInclude Include="RequestHandlerGetStatistics.h">
      <Filter>Source Files</Filter>
    </ClInclude>
    <ClInclude Include="RequestHandlerLoadRange.h">
      <Filter>Source Files</Filter>
    </ClInclude>
    <ClInclude Include="RequestHandlerReplayBegin.h">
      <Filter>Source Files</Filter>
    </ClInclude>
    <ClInclude Include="RequestHandlerReplayCommit.h">
      <Filter>Source Files</Filter>
    </ClInclude>
    <ClInclude Include="RequestHandlerReplayLoadRange.h">
      <Filter>Source Files</Filter>
    </ClInclude>
    <ClInclude Include="RequestHandlerReplayUpdate.h">
      <Filter>Source Files</Filter>
    </ClInclude>
    <ClInclude Include="RequestHandlerStatus.h">
      <Filter>Source Files</Filter>
    </ClInclude>
    <ClInclude Include="RequestHandlerUpdate.h">
      <Filter>Source Files</Filter>
    </ClInclude>
    <ClInclude Include="RequestHandlerUpdateSchema.h">
      <Filter>Source Files</Filter>
    </ClInclude>
    <ClInclude Include="ResponseCallbackCreateScanner.h">
      <Filter>Source Files</Filter>
    </ClInclude>
    <ClInclude Include="ResponseCallbackFetchScanblock.h">
      <Filter>Source Files</Filter>
    </ClInclude>
    <ClInclude Include="ResponseCallbackGetStatistics.h">
      <Filter>Source Files</Filter>
    </ClInclude>
    <ClInclude Include="ResponseCallbackUpdate.h">
      <Filter>Source Files</Filter>
    </ClInclude>
    <ClInclude Include="RSStats.h">
      <Filter>Source Files</Filter>
    </ClInclude>
    <ClInclude Include="ScanContext.h">
      <Filter>Source Files</Filter>
    </ClInclude>
    <ClInclude Include="ScannerMap.h">
      <Filter>Source Files</Filter>
    </ClInclude>
    <ClInclude Include="TableIdCache.h">
      <Filter>Source Files</Filter>
    </ClInclude>
    <ClInclude Include="TableInfo.h">
      <Filter>Source Files</Filter>
    </ClInclude>
    <ClInclude Include="TableInfoMap.h">
      <Filter>Source Files</Filter>
    </ClInclude>
    <ClInclude Include="TimerHandler.h">
      <Filter>Source Files</Filter>
    </ClInclude>
    <ClInclude Include="TimerInterface.h">
      <Filter>Source Files</Filter>
    </ClInclude>
    <ClInclude Include="GroupCommit.h">
      <Filter>Source Files</Filter>
    </ClInclude>
    <ClInclude Include="GroupCommitInterface.h">
      <Filter>Source Files</Filter>
    </ClInclude>
    <ClInclude Include="GroupCommitTimerHandler.h">
      <Filter>Source Files</Filter>
    </ClInclude>
    <ClInclude Include="RequestHandlerGroupCommit.h">
      <Filter>Source Files</Filter>
    </ClInclude>
    <ClInclude Include="LoadMetricsRange.h">
      <Filter>Source Files</Filter>
    </ClInclude>
    <ClInclude Include="RequestHandlerRelinquishRange.h">
      <Filter>Source Files</Filter>
    </ClInclude>
    <ClInclude Include="MaintenanceTaskRelinquish.h">
      <Filter>Source Files</Filter>
    </ClInclude>
    <ClInclude Include="MetaLogDefinitionRangeServer.h">
      <Filter>Source Files</Filter>
    </ClInclude>
    <ClInclude Include="MetaLogEntityRange.h">
      <Filter>Source Files</Filter>
    </ClInclude>
    <ClInclude Include="RangeTransferInfo.h">
      <Filter>Source Files</Filter>
    </ClInclude>
    <ClInclude Include="RequestHandlerWaitForMaintenance.h">
      <Filter>Source Files</Filter>
    </ClInclude>
    <ClInclude Include="..\Lib\CommitLog.h">
      <Filter>Source Files</Filter>
    </ClInclude>
    <ClInclude Include="..\Lib\CommitLogBase.h">
      <Filter>Source Files</Filter>
    </ClInclude>
    <ClInclude Include="..\Lib\CommitLogBlockStream.h">
      <Filter>Source Files</Filter>
    </ClInclude>
    <ClInclude Include="..\Lib\CommitLogReader.h">
      <Filter>Source Files</Filter>
    </ClInclude>
    <ClInclude Include="CellStoreTrailerV5.h">
      <Filter>Source Files</Filter>
    </ClInclude>
    <ClInclude Include="CellStoreV5.h">
      <Filter>Source Files</Filter>
    </ClInclude>
  </ItemGroup>
</Project>