<?xml version="1.0" encoding="utf-8"?>
<Project ToolsVersion="4.0" xmlns="http://schemas.microsoft.com/developer/msbuild/2003">
  <ItemGroup>
    <Filter Include="Source Files">
      <UniqueIdentifier>{46322EA3-C5B9-4b15-A2F1-D8AEE2755A03}</UniqueIdentifier>
      <Extensions>cpp;c;cc;cxx;def;odl;idl;hpj;bat;asm;asmx</Extensions>
    </Filter>
  </ItemGroup>
  <ItemGroup>
    <ClCompile Include="..\..\stdafx.cc">
      <Filter>Source Files</Filter>
    </ClCompile>
    <ClCompile Include="unique_test.cc">
      <Filter>Source Files</Filter>
    </ClCompile>
  </ItemGroup>
</Project>