<?xml version="1.0" encoding="utf-8"?>
<Project ToolsVersion="4.0" xmlns="http://schemas.microsoft.com/developer/msbuild/2003">
  <ItemGroup>
    <Filter Include="Source Files">
      <UniqueIdentifier>{4FC737F1-C7A5-4376-A066-2A32D752A2FF}</UniqueIdentifier>
      <Extensions>cpp;c;cc;cxx;def;odl;idl;hpj;bat;asm;asmx</Extensions>
    </Filter>
  </ItemGroup>
  <ItemGroup>
    <ClCompile Include="..\stdafx.cc">
      <Filter>Source Files</Filter>
    </ClCompile>
    <ClCompile Include="Comm.cc">
      <Filter>Source Files</Filter>
    </ClCompile>
    <ClCompile Include="CommAddress.cc">
      <Filter>Source Files</Filter>
    </ClCompile>
    <ClCompile Include="CommHeader.cc">
      <Filter>Source Files</Filter>
    </ClCompile>
    <ClCompile Include="Config.cc">
      <Filter>Source Files</Filter>
    </ClCompile>
    <ClCompile Include="ConnectionManager.cc">
      <Filter>Source Files</Filter>
    </ClCompile>
    <ClCompile Include="DispatchHandlerSynchronizer.cc">
      <Filter>Source Files</Filter>
    </ClCompile>
    <ClCompile Include="Event.cc">
      <Filter>Source Files</Filter>
    </ClCompile>
    <ClCompile Include="IOHandler.cc">
      <Filter>Source Files</Filter>
    </ClCompile>
    <ClCompile Include="IOHandlerAccept.cc">
      <Filter>Source Files</Filter>
    </ClCompile>
    <ClCompile Include="IOHandlerData.cc">
      <Filter>Source Files</Filter>
    </ClCompile>
    <ClCompile Include="IOHandlerDatagram.cc">
      <Filter>Source Files</Filter>
    </ClCompile>
    <ClCompile Include="Protocol.cc">
      <Filter>Source Files</Filter>
    </ClCompile>
    <ClCompile Include="ProxyMap.cc">
      <Filter>Source Files</Filter>
    </ClCompile>
    <ClCompile Include="Reactor.cc">
      <Filter>Source Files</Filter>
    </ClCompile>
    <ClCompile Include="ReactorFactory.cc">
      <Filter>Source Files</Filter>
    </ClCompile>
    <ClCompile Include="ReactorRunner.cc">
      <Filter>Source Files</Filter>
    </ClCompile>
    <ClCompile Include="RequestCache.cc">
      <Filter>Source Files</Filter>
    </ClCompile>
    <ClCompile Include="ResponseCallback.cc">
      <Filter>Source Files</Filter>
    </ClCompile>
    <ClCompile Include="HandlerMap.cc">
      <Filter>Source Files</Filter>
    </ClCompile>
    <ClCompile Include="IOOP.cc">
      <Filter>Source Files</Filter>
    </ClCompile>
    <ClCompile Include="IOHandlerRaw.cc">
      <Filter>Source Files</Filter>
    </ClCompile>
    <ClCompile Include="PollEvent.cc">
      <Filter>Source Files</Filter>
    </ClCompile>
    <ClCompile Include="ApplicationQueue.cc">
      <Filter>Source Files</Filter>
    </ClCompile>
  </ItemGroup>
  <ItemGroup>
    <ClInclude Include="ApplicationHandler.h">
      <Filter>Source Files</Filter>
    </ClInclude>
    <ClInclude Include="ApplicationQueue.h">
      <Filter>Source Files</Filter>
    </ClInclude>
    <ClInclude Include="Comm.h">
      <Filter>Source Files</Filter>
    </ClInclude>
    <ClInclude Include="CommAddress.h">
      <Filter>Source Files</Filter>
    </ClInclude>
    <ClInclude Include="CommBuf.h">
      <Filter>Source Files</Filter>
    </ClInclude>
    <ClInclude Include="CommHeader.h">
      <Filter>Source Files</Filter>
    </ClInclude>
    <ClInclude Include="Config.h">
      <Filter>Source Files</Filter>
    </ClInclude>
    <ClInclude Include="ConnectionHandlerFactory.h">
      <Filter>Source Files</Filter>
    </ClInclude>
    <ClInclude Include="ConnectionManager.h">
      <Filter>Source Files</Filter>
    </ClInclude>
    <ClInclude Include="DispatchHandler.h">
      <Filter>Source Files</Filter>
    </ClInclude>
    <ClInclude Include="DispatchHandlerSynchronizer.h">
      <Filter>Source Files</Filter>
    </ClInclude>
    <ClInclude Include="Event.h">
      <Filter>Source Files</Filter>
    </ClInclude>
    <ClInclude Include="ExpireTimer.h">
      <Filter>Source Files</Filter>
    </ClInclude>
    <ClInclude Include="HandlerMap.h">
      <Filter>Source Files</Filter>
    </ClInclude>
    <ClInclude Include="IOHandler.h">
      <Filter>Source Files</Filter>
    </ClInclude>
    <ClInclude Include="IOHandlerAccept.h">
      <Filter>Source Files</Filter>
    </ClInclude>
    <ClInclude Include="IOHandlerData.h">
      <Filter>Source Files</Filter>
    </ClInclude>
    <ClInclude Include="IOHandlerDatagram.h">
      <Filter>Source Files</Filter>
    </ClInclude>
    <ClInclude Include="PollTimeout.h">
      <Filter>Source Files</Filter>
    </ClInclude>
    <ClInclude Include="Protocol.h">
      <Filter>Source Files</Filter>
    </ClInclude>
    <ClInclude Include="ProxyMap.h">
      <Filter>Source Files</Filter>
    </ClInclude>
    <ClInclude Include="Reactor.h">
      <Filter>Source Files</Filter>
    </ClInclude>
    <ClInclude Include="ReactorFactory.h">
      <Filter>Source Files</Filter>
    </ClInclude>
    <ClInclude Include="ReactorRunner.h">
      <Filter>Source Files</Filter>
    </ClInclude>
    <ClInclude Include="RequestCache.h">
      <Filter>Source Files</Filter>
    </ClInclude>
    <ClInclude Include="ResponseCallback.h">
      <Filter>Source Files</Filter>
    </ClInclude>
    <ClInclude Include="ConnectionInitializer.h">
      <Filter>Source Files</Filter>
    </ClInclude>
    <ClInclude Include="ApplicationQueueInterface.h">
      <Filter>Source Files</Filter>
    </ClInclude>
    <ClInclude Include="IOOP.h">
      <Filter>Source Files</Filter>
    </ClInclude>
    <ClInclude Include="IOHandlerRaw.h">
      <Filter>Source Files</Filter>
    </ClInclude>
    <ClInclude Include="PollEvent.h">
      <Filter>Source Files</Filter>
    </ClInclude>
    <ClInclude Include="RawSocketHandler.h">
      <Filter>Source Files</Filter>
    </ClInclude>
  </ItemGroup>
</Project>