<?xml version="1.0" encoding="utf-8"?>
<Project ToolsVersion="4.0" xmlns="http://schemas.microsoft.com/developer/msbuild/2003">
  <ItemGroup>
    <Filter Include="Source Files">
      <UniqueIdentifier>{A197E58A-CA6A-4840-B6F4-D14C0A5512E8}</UniqueIdentifier>
      <Extensions>cpp;c;cc;cxx;def;odl;idl;hpj;bat;asm;asmx</Extensions>
    </Filter>
  </ItemGroup>
  <ItemGroup>
    <ClCompile Include="Unique.cc">
      <Filter>Source Files</Filter>
    </ClCompile>
    <ClCompile Include="..\stdafx.cc">
      <Filter>Source Files</Filter>
    </ClCompile>
  </ItemGroup>
  <ItemGroup>
    <ClInclude Include="Unique.h">
      <Filter>Source Files</Filter>
    </ClInclude>
  </ItemGroup>
</Project>