<?xml version="1.0" encoding="utf-8"?>
<Project ToolsVersion="4.0" xmlns="http://schemas.microsoft.com/developer/msbuild/2003">
  <ItemGroup>
    <Filter Include="Source Files">
      <UniqueIdentifier>{4FC737F1-C7A5-4376-A066-2A32D752A2FF}</UniqueIdentifier>
      <Extensions>cpp;c;cc;cxx;def;odl;idl;hpj;bat;asm;asmx</Extensions>
    </Filter>
    <Filter Include="Source Files\requests">
      <UniqueIdentifier>{ae488fd7-b800-4a78-862b-282d294f910c}</UniqueIdentifier>
    </Filter>
    <Filter Include="Source Files\responses">
      <UniqueIdentifier>{a054c12d-9fc8-4d62-afbe-2c36b0aa2c04}</UniqueIdentifier>
    </Filter>
  </ItemGroup>
  <ItemGroup>
    <ClCompile Include="..\stdafx.cc">
      <Filter>Source Files</Filter>
    </ClCompile>
    <ClCompile Include="main.cc">
      <Filter>Source Files</Filter>
    </ClCompile>
    <ClCompile Include="BerkeleyDbFilesystem.cc">
      <Filter>Source Files</Filter>
    </ClCompile>
    <ClCompile Include="Event.cc">
      <Filter>Source Files</Filter>
    </ClCompile>
    <ClCompile Include="Master.cc">
      <Filter>Source Files</Filter>
    </ClCompile>
    <ClCompile Include="ServerConnectionHandler.cc">
      <Filter>Source Files</Filter>
    </ClCompile>
    <ClCompile Include="ServerKeepaliveHandler.cc">
      <Filter>Source Files</Filter>
    </ClCompile>
    <ClCompile Include="StateDbKeys.cc">
      <Filter>Source Files</Filter>
    </ClCompile>
    <ClCompile Include="response\ResponseCallbackAttrExists.cc">
      <Filter>Source Files\responses</Filter>
    </ClCompile>
    <ClCompile Include="response\ResponseCallbackAttrGet.cc">
      <Filter>Source Files\responses</Filter>
    </ClCompile>
    <ClCompile Include="response\ResponseCallbackAttrIncr.cc">
      <Filter>Source Files\responses</Filter>
    </ClCompile>
    <ClCompile Include="response\ResponseCallbackAttrList.cc">
      <Filter>Source Files\responses</Filter>
    </ClCompile>
    <ClCompile Include="response\ResponseCallbackExists.cc">
      <Filter>Source Files\responses</Filter>
    </ClCompile>
    <ClCompile Include="response\ResponseCallbackLock.cc">
      <Filter>Source Files\responses</Filter>
    </ClCompile>
    <ClCompile Include="response\ResponseCallbackOpen.cc">
      <Filter>Source Files\responses</Filter>
    </ClCompile>
    <ClCompile Include="response\ResponseCallbackReaddir.cc">
      <Filter>Source Files\responses</Filter>
    </ClCompile>
    <ClCompile Include="response\ResponseCallbackReaddirAttr.cc">
      <Filter>Source Files\responses</Filter>
    </ClCompile>
    <ClCompile Include="response\ResponseCallbackReadpathAttr.cc">
      <Filter>Source Files\responses</Filter>
    </ClCompile>
    <ClCompile Include="request\RequestHandlerAttrDel.cc">
      <Filter>Source Files\requests</Filter>
    </ClCompile>
    <ClCompile Include="request\RequestHandlerAttrExists.cc">
      <Filter>Source Files\requests</Filter>
    </ClCompile>
    <ClCompile Include="request\RequestHandlerAttrGet.cc">
      <Filter>Source Files\requests</Filter>
    </ClCompile>
    <ClCompile Include="request\RequestHandlerAttrIncr.cc">
      <Filter>Source Files\requests</Filter>
    </ClCompile>
    <ClCompile Include="request\RequestHandlerAttrList.cc">
      <Filter>Source Files\requests</Filter>
    </ClCompile>
    <ClCompile Include="request\RequestHandlerAttrSet.cc">
      <Filter>Source Files\requests</Filter>
    </ClCompile>
    <ClCompile Include="request\RequestHandlerClose.cc">
      <Filter>Source Files\requests</Filter>
    </ClCompile>
    <ClCompile Include="request\RequestHandlerDelete.cc">
      <Filter>Source Files\requests</Filter>
    </ClCompile>
    <ClCompile Include="request\RequestHandlerDestroySession.cc">
      <Filter>Source Files\requests</Filter>
    </ClCompile>
    <ClCompile Include="request\RequestHandlerDoMaintenance.cc">
      <Filter>Source Files\requests</Filter>
    </ClCompile>
    <ClCompile Include="request\RequestHandlerExists.cc">
      <Filter>Source Files\requests</Filter>
    </ClCompile>
    <ClCompile Include="request\RequestHandlerExpireSessions.cc">
      <Filter>Source Files\requests</Filter>
    </ClCompile>
    <ClCompile Include="request\RequestHandlerHandshake.cc">
      <Filter>Source Files\requests</Filter>
    </ClCompile>
    <ClCompile Include="request\RequestHandlerLock.cc">
      <Filter>Source Files\requests</Filter>
    </ClCompile>
    <ClCompile Include="request\RequestHandlerMkdir.cc">
      <Filter>Source Files\requests</Filter>
    </ClCompile>
    <ClCompile Include="request\RequestHandlerOpen.cc">
      <Filter>Source Files\requests</Filter>
    </ClCompile>
    <ClCompile Include="request\RequestHandlerReaddir.cc">
      <Filter>Source Files\requests</Filter>
    </ClCompile>
    <ClCompile Include="request\RequestHandlerReaddirAttr.cc">
      <Filter>Source Files\requests</Filter>
    </ClCompile>
    <ClCompile Include="request\RequestHandlerReadpathAttr.cc">
      <Filter>Source Files\requests</Filter>
    </ClCompile>
    <ClCompile Include="request\RequestHandlerRelease.cc">
      <Filter>Source Files\requests</Filter>
    </ClCompile>
    <ClCompile Include="request\RequestHandlerRenewSession.cc">
      <Filter>Source Files\requests</Filter>
    </ClCompile>
    <ClCompile Include="request\RequestHandlerShutdown.cc">
      <Filter>Source Files\requests</Filter>
    </ClCompile>
    <ClCompile Include="request\RequestHandlerStatus.cc">
      <Filter>Source Files\requests</Filter>
    </ClCompile>
  </ItemGroup>
  <ItemGroup>
    <ClInclude Include="BerkeleyDbFilesystem.h">
      <Filter>Source Files</Filter>
    </ClInclude>
    <ClInclude Include="Event.h">
      <Filter>Source Files</Filter>
    </ClInclude>
    <ClInclude Include="Master.h">
      <Filter>Source Files</Filter>
    </ClInclude>
    <ClInclude Include="ServerConnectionHandler.h">
      <Filter>Source Files</Filter>
    </ClInclude>
    <ClInclude Include="ServerKeepaliveHandler.h">
      <Filter>Source Files</Filter>
    </ClInclude>
    <ClInclude Include="StateDbKeys.h">
      <Filter>Source Files</Filter>
    </ClInclude>
    <ClInclude Include="Config.h">
      <Filter>Source Files</Filter>
    </ClInclude>
    <ClInclude Include="DbtManaged.h">
      <Filter>Source Files</Filter>
    </ClInclude>
    <ClInclude Include="DirEntry.h">
      <Filter>Source Files</Filter>
    </ClInclude>
    <ClInclude Include="DirEntryAttr.h">
      <Filter>Source Files</Filter>
    </ClInclude>
    <ClInclude Include="FileHandleCallback.h">
      <Filter>Source Files</Filter>
    </ClInclude>
    <ClInclude Include="HandleCallback.h">
      <Filter>Source Files</Filter>
    </ClInclude>
    <ClInclude Include="HsClientState.h">
      <Filter>Source Files</Filter>
    </ClInclude>
    <ClInclude Include="HsCommandInterpreter.h">
      <Filter>Source Files</Filter>
    </ClInclude>
    <ClInclude Include="HsHelpText.h">
      <Filter>Source Files</Filter>
    </ClInclude>
    <ClInclude Include="HsParser.h">
      <Filter>Source Files</Filter>
    </ClInclude>
    <ClInclude Include="LockSequencer.h">
      <Filter>Source Files</Filter>
    </ClInclude>
    <ClInclude Include="Notification.h">
      <Filter>Source Files</Filter>
    </ClInclude>
    <ClInclude Include="Protocol.h">
      <Filter>Source Files</Filter>
    </ClInclude>
    <ClInclude Include="Session.h">
      <Filter>Source Files</Filter>
    </ClInclude>
    <ClInclude Include="SessionData.h">
      <Filter>Source Files</Filter>
    </ClInclude>
    <ClInclude Include="response\ResponseCallbackAttrExists.h">
      <Filter>Source Files\responses</Filter>
    </ClInclude>
    <ClInclude Include="response\ResponseCallbackAttrGet.h">
      <Filter>Source Files\responses</Filter>
    </ClInclude>
    <ClInclude Include="response\ResponseCallbackAttrIncr.h">
      <Filter>Source Files\responses</Filter>
    </ClInclude>
    <ClInclude Include="response\ResponseCallbackAttrList.h">
      <Filter>Source Files\responses</Filter>
    </ClInclude>
    <ClInclude Include="response\ResponseCallbackExists.h">
      <Filter>Source Files\responses</Filter>
    </ClInclude>
    <ClInclude Include="response\ResponseCallbackLock.h">
      <Filter>Source Files\responses</Filter>
    </ClInclude>
    <ClInclude Include="response\ResponseCallbackOpen.h">
      <Filter>Source Files\responses</Filter>
    </ClInclude>
    <ClInclude Include="response\ResponseCallbackReaddir.h">
      <Filter>Source Files\responses</Filter>
    </ClInclude>
    <ClInclude Include="response\ResponseCallbackReaddirAttr.h">
      <Filter>Source Files\responses</Filter>
    </ClInclude>
    <ClInclude Include="response\ResponseCallbackReadpathAttr.h">
      <Filter>Source Files\responses</Filter>
    </ClInclude>
    <ClInclude Include="request\RequestHandlerAttrDel.h">
      <Filter>Source Files\requests</Filter>
    </ClInclude>
    <ClInclude Include="request\RequestHandlerAttrExists.h">
      <Filter>Source Files\requests</Filter>
    </ClInclude>
    <ClInclude Include="request\RequestHandlerAttrGet.h">
      <Filter>Source Files\requests</Filter>
    </ClInclude>
    <ClInclude Include="request\RequestHandlerAttrIncr.h">
      <Filter>Source Files\requests</Filter>
    </ClInclude>
    <ClInclude Include="request\RequestHandlerAttrList.h">
      <Filter>Source Files\requests</Filter>
    </ClInclude>
    <ClInclude Include="request\RequestHandlerAttrSet.h">
      <Filter>Source Files\requests</Filter>
    </ClInclude>
    <ClInclude Include="request\RequestHandlerClose.h">
      <Filter>Source Files\requests</Filter>
    </ClInclude>
    <ClInclude Include="request\RequestHandlerDelete.h">
      <Filter>Source Files\requests</Filter>
    </ClInclude>
    <ClInclude Include="request\RequestHandlerDestroySession.h">
      <Filter>Source Files\requests</Filter>
    </ClInclude>
    <ClInclude Include="request\RequestHandlerDoMaintenance.h">
      <Filter>Source Files\requests</Filter>
    </ClInclude>
    <ClInclude Include="request\RequestHandlerExists.h">
      <Filter>Source Files\requests</Filter>
    </ClInclude>
    <ClInclude Include="request\RequestHandlerExpireSessions.h">
      <Filter>Source Files\requests</Filter>
    </ClInclude>
    <ClInclude Include="request\RequestHandlerHandshake.h">
      <Filter>Source Files\requests</Filter>
    </ClInclude>
    <ClInclude Include="request\RequestHandlerLock.h">
      <Filter>Source Files\requests</Filter>
    </ClInclude>
    <ClInclude Include="request\RequestHandlerMkdir.h">
      <Filter>Source Files\requests</Filter>
    </ClInclude>
    <ClInclude Include="request\RequestHandlerOpen.h">
      <Filter>Source Files\requests</Filter>
    </ClInclude>
    <ClInclude Include="request\RequestHandlerReaddir.h">
      <Filter>Source Files\requests</Filter>
    </ClInclude>
    <ClInclude Include="request\RequestHandlerReaddirAttr.h">
      <Filter>Source Files\requests</Filter>
    </ClInclude>
    <ClInclude Include="request\RequestHandlerReadpathAttr.h">
      <Filter>Source Files\requests</Filter>
    </ClInclude>
    <ClInclude Include="request\RequestHandlerRelease.h">
      <Filter>Source Files\requests</Filter>
    </ClInclude>
    <ClInclude Include="request\RequestHandlerRenewSession.h">
      <Filter>Source Files\requests</Filter>
    </ClInclude>
    <ClInclude Include="request\RequestHandlerShutdown.h">
      <Filter>Source Files\requests</Filter>
    </ClInclude>
    <ClInclude Include="request\RequestHandlerStatus.h">
      <Filter>Source Files\requests</Filter>
    </ClInclude>
  </ItemGroup>
  <ItemGroup>
    <ResourceCompile Include="..\hypertable.rc" />
  </ItemGroup>
</Project>